// !$*UTF8*$!
{
	archiveVersion = 1;
	classes = {
	};
	objectVersion = 46;
	objects = {

/* Begin PBXBuildFile section */
		1D409C661CC5EE58002E6B02 /* WaitBlock.swift in Sources */ = {isa = PBXBuildFile; fileRef = 1D409C651CC5EE58002E6B02 /* WaitBlock.swift */; };
		1D409C681CC5EE89002E6B02 /* JumpBlock.swift in Sources */ = {isa = PBXBuildFile; fileRef = 1D409C671CC5EE89002E6B02 /* JumpBlock.swift */; };
		1D409C6A1CC5EEA6002E6B02 /* PressRedBlock.swift in Sources */ = {isa = PBXBuildFile; fileRef = 1D409C691CC5EEA6002E6B02 /* PressRedBlock.swift */; };
		1D409C6C1CC5EEE6002E6B02 /* PressBlueBlock.swift in Sources */ = {isa = PBXBuildFile; fileRef = 1D409C6B1CC5EEE6002E6B02 /* PressBlueBlock.swift */; };
		1D409C6E1CC5F45E002E6B02 /* NotSafeBlock.swift in Sources */ = {isa = PBXBuildFile; fileRef = 1D409C6D1CC5F45E002E6B02 /* NotSafeBlock.swift */; };
		1D409C701CC6042A002E6B02 /* LeftDoorBlock.swift in Sources */ = {isa = PBXBuildFile; fileRef = 1D409C6F1CC6042A002E6B02 /* LeftDoorBlock.swift */; };
		1D409C721CC60464002E6B02 /* RightDoorBlock.swift in Sources */ = {isa = PBXBuildFile; fileRef = 1D409C711CC60464002E6B02 /* RightDoorBlock.swift */; };
		1D69B6C61CB2998B00C1FA04 /* ContainerBlockProtocol.swift in Sources */ = {isa = PBXBuildFile; fileRef = 1D69B6C51CB2998B00C1FA04 /* ContainerBlockProtocol.swift */; };
		1D69B6C81CB29E4500C1FA04 /* TrashContainer.swift in Sources */ = {isa = PBXBuildFile; fileRef = 1D69B6C71CB29E4500C1FA04 /* TrashContainer.swift */; };
		1D69B6CA1CB2AA9200C1FA04 /* NestingZone.swift in Sources */ = {isa = PBXBuildFile; fileRef = 1D69B6C91CB2AA9200C1FA04 /* NestingZone.swift */; };
		1D69B6D01CB3AF0600C1FA04 /* BoolOpBlock.swift in Sources */ = {isa = PBXBuildFile; fileRef = 1D69B6CF1CB3AF0600C1FA04 /* BoolOpBlock.swift */; };
		1D69B6D21CB3B24000C1FA04 /* SeeBlock.swift in Sources */ = {isa = PBXBuildFile; fileRef = 1D69B6D11CB3B24000C1FA04 /* SeeBlock.swift */; };
		1D69B6D81CB5583600C1FA04 /* ObjectBlock.swift in Sources */ = {isa = PBXBuildFile; fileRef = 1D69B6D71CB5583600C1FA04 /* ObjectBlock.swift */; };
		1D69B6DA1CB5592600C1FA04 /* ToiletBlock.swift in Sources */ = {isa = PBXBuildFile; fileRef = 1D69B6D91CB5592600C1FA04 /* ToiletBlock.swift */; };
		1D69B6DC1CB6A0BE00C1FA04 /* WallBlock.swift in Sources */ = {isa = PBXBuildFile; fileRef = 1D69B6DB1CB6A0BE00C1FA04 /* WallBlock.swift */; };
		1D69B6DE1CB6A15C00C1FA04 /* HoleBlock.swift in Sources */ = {isa = PBXBuildFile; fileRef = 1D69B6DD1CB6A15C00C1FA04 /* HoleBlock.swift */; };
		1D69B6E01CB6A1D900C1FA04 /* WoodBlock.swift in Sources */ = {isa = PBXBuildFile; fileRef = 1D69B6DF1CB6A1D900C1FA04 /* WoodBlock.swift */; };
		1D69B6E21CB6B37E00C1FA04 /* IfBlock.swift in Sources */ = {isa = PBXBuildFile; fileRef = 1D69B6E11CB6B37E00C1FA04 /* IfBlock.swift */; };
		1D69B6E41CB9FF3900C1FA04 /* MovableBlockProtocol.swift in Sources */ = {isa = PBXBuildFile; fileRef = 1D69B6E31CB9FF3900C1FA04 /* MovableBlockProtocol.swift */; };
		1D69B6E61CBB896200C1FA04 /* NotBlock.swift in Sources */ = {isa = PBXBuildFile; fileRef = 1D69B6E51CBB896200C1FA04 /* NotBlock.swift */; };
		1D7E23D71C9984F6003E7B75 /* TrashZone.swift in Sources */ = {isa = PBXBuildFile; fileRef = 1D7E23D61C9984F6003E7B75 /* TrashZone.swift */; };
		1D7E23D91C9FC01D003E7B75 /* TurnRightBlock.swift in Sources */ = {isa = PBXBuildFile; fileRef = 1D7E23D81C9FC01D003E7B75 /* TurnRightBlock.swift */; };
		1D8067381CC32E27003657EE /* HighlightableBlockProtocol.swift in Sources */ = {isa = PBXBuildFile; fileRef = 1D8067371CC32E27003657EE /* HighlightableBlockProtocol.swift */; };
		1D934FE71CAD6AC0009F1FBA /* WhileBlock.swift in Sources */ = {isa = PBXBuildFile; fileRef = 1D934FE61CAD6AC0009F1FBA /* WhileBlock.swift */; };
		1DB4B0811C9516610010F727 /* Syntax.swift in Sources */ = {isa = PBXBuildFile; fileRef = 1DB4B0801C9516610010F727 /* Syntax.swift */; };
		1DB4B0831C951D1F0010F727 /* Interpreter.swift in Sources */ = {isa = PBXBuildFile; fileRef = 1DB4B0821C951D1F0010F727 /* Interpreter.swift */; };
		1DB4B0851C951E250010F727 /* AgentProtocol.swift in Sources */ = {isa = PBXBuildFile; fileRef = 1DB4B0841C951E250010F727 /* AgentProtocol.swift */; };
		1DB4B0871C95527D0010F727 /* InterpreterTests.swift in Sources */ = {isa = PBXBuildFile; fileRef = 1DB4B0861C95527D0010F727 /* InterpreterTests.swift */; };
		1DB4B0891C97FC840010F727 /* CodeBlocksViewController.swift in Sources */ = {isa = PBXBuildFile; fileRef = 1DB4B0881C97FC840010F727 /* CodeBlocksViewController.swift */; };
		1DB4B08B1C97FD940010F727 /* CodeBlocksScene.swift in Sources */ = {isa = PBXBuildFile; fileRef = 1DB4B08A1C97FD940010F727 /* CodeBlocksScene.swift */; };
		1DB4B08D1C99073F0010F727 /* DropZone.swift in Sources */ = {isa = PBXBuildFile; fileRef = 1DB4B08C1C99073F0010F727 /* DropZone.swift */; };
		1DB4B08F1C9913C00010F727 /* BlockButton.swift in Sources */ = {isa = PBXBuildFile; fileRef = 1DB4B08E1C9913C00010F727 /* BlockButton.swift */; };
		1DB4B0911C991F260010F727 /* ProgramBlocks.swift in Sources */ = {isa = PBXBuildFile; fileRef = 1DB4B0901C991F260010F727 /* ProgramBlocks.swift */; };
		1DB4B0931C991FC30010F727 /* CodeBlock.swift in Sources */ = {isa = PBXBuildFile; fileRef = 1DB4B0921C991FC30010F727 /* CodeBlock.swift */; };
		1DB4B0951C9920480010F727 /* MainBlock.swift in Sources */ = {isa = PBXBuildFile; fileRef = 1DB4B0941C9920480010F727 /* MainBlock.swift */; };
		1DB4B0971C9927170010F727 /* InsertionPosition.swift in Sources */ = {isa = PBXBuildFile; fileRef = 1DB4B0961C9927170010F727 /* InsertionPosition.swift */; };
		1DB4B0991C9935FE0010F727 /* ForwardBlock.swift in Sources */ = {isa = PBXBuildFile; fileRef = 1DB4B0981C9935FE0010F727 /* ForwardBlock.swift */; };
		1DB4B09B1C9938650010F727 /* TurnLeftBlock.swift in Sources */ = {isa = PBXBuildFile; fileRef = 1DB4B09A1C9938650010F727 /* TurnLeftBlock.swift */; };
		3D1592671CBACA46009E8559 /* ProgramBlocksSupplier.swift in Sources */ = {isa = PBXBuildFile; fileRef = 3D1592661CBACA46009E8559 /* ProgramBlocksSupplier.swift */; };
		3D15926A1CBACD2C009E8559 /* FinishedEditingProgramDelegate.swift in Sources */ = {isa = PBXBuildFile; fileRef = 3D1592691CBACD2C009E8559 /* FinishedEditingProgramDelegate.swift */; };
		3D15926D1CC32ACB009E8559 /* PackageSelectorViewController.swift in Sources */ = {isa = PBXBuildFile; fileRef = 3D15926C1CC32ACB009E8559 /* PackageSelectorViewController.swift */; };
		3D15926F1CC32F72009E8559 /* PackageCell.swift in Sources */ = {isa = PBXBuildFile; fileRef = 3D15926E1CC32F72009E8559 /* PackageCell.swift */; };
		3D21216B1C9A55F000E6564B /* PannableScene.swift in Sources */ = {isa = PBXBuildFile; fileRef = 3D21216A1C9A55F000E6564B /* PannableScene.swift */; };
		3D42AABF1CC63EEB00C7FDF2 /* CodeBlocksScaleSupplier.swift in Sources */ = {isa = PBXBuildFile; fileRef = 3D42AABE1CC63EEB00C7FDF2 /* CodeBlocksScaleSupplier.swift */; };
		3DF230A21C8F0617003420C0 /* AppDelegate.swift in Sources */ = {isa = PBXBuildFile; fileRef = 3DF230A11C8F0617003420C0 /* AppDelegate.swift */; };
		3DF230A41C8F0617003420C0 /* PlayingMapViewController.swift in Sources */ = {isa = PBXBuildFile; fileRef = 3DF230A31C8F0617003420C0 /* PlayingMapViewController.swift */; };
		3DF230A71C8F0617003420C0 /* Main.storyboard in Resources */ = {isa = PBXBuildFile; fileRef = 3DF230A51C8F0617003420C0 /* Main.storyboard */; };
		3DF230A91C8F0617003420C0 /* Assets.xcassets in Resources */ = {isa = PBXBuildFile; fileRef = 3DF230A81C8F0617003420C0 /* Assets.xcassets */; };
		3DF230AC1C8F0617003420C0 /* LaunchScreen.storyboard in Resources */ = {isa = PBXBuildFile; fileRef = 3DF230AA1C8F0617003420C0 /* LaunchScreen.storyboard */; };
		3DF230B71C8F0617003420C0 /* FinalProjectTests.swift in Sources */ = {isa = PBXBuildFile; fileRef = 3DF230B61C8F0617003420C0 /* FinalProjectTests.swift */; };
		3DF230C21C8F0617003420C0 /* FinalProjectUITests.swift in Sources */ = {isa = PBXBuildFile; fileRef = 3DF230C11C8F0617003420C0 /* FinalProjectUITests.swift */; };
		3DF6D0D41CC5D3EA00305CDE /* PackageSelectorOuterViewController.swift in Sources */ = {isa = PBXBuildFile; fileRef = 3DF6D0D31CC5D3EA00305CDE /* PackageSelectorOuterViewController.swift */; };
		B01BF8CB1CA12C6800D02FCA /* LevelDesigningMapScene.swift in Sources */ = {isa = PBXBuildFile; fileRef = B01BF8CA1CA12C6800D02FCA /* LevelDesigningMapScene.swift */; };
		B01BF8CD1CA12C6E00D02FCA /* LevelDesigningViewController.swift in Sources */ = {isa = PBXBuildFile; fileRef = B01BF8CC1CA12C6E00D02FCA /* LevelDesigningViewController.swift */; };
		B01BF8CF1CA12C7400D02FCA /* FilesArchive.swift in Sources */ = {isa = PBXBuildFile; fileRef = B01BF8CE1CA12C7400D02FCA /* FilesArchive.swift */; };
		B01BF8D41CA1B31100D02FCA /* LevelSelectorViewController.swift in Sources */ = {isa = PBXBuildFile; fileRef = B01BF8D31CA1B31100D02FCA /* LevelSelectorViewController.swift */; };
		B01BF9001CA2E14900D02FCA /* LevelSelectorPageViewController.swift in Sources */ = {isa = PBXBuildFile; fileRef = B01BF8FF1CA2E14900D02FCA /* LevelSelectorPageViewController.swift */; };
		B04E40521CC6064400C73E86 /* DesigningMapConstants.swift in Sources */ = {isa = PBXBuildFile; fileRef = B04E40511CC6064400C73E86 /* DesigningMapConstants.swift */; };
		BF145B8B1CBAA3EC00BF39D6 /* PresetMap.swift in Sources */ = {isa = PBXBuildFile; fileRef = BF145B8A1CBAA3EC00BF39D6 /* PresetMap.swift */; };
		BF156EDB1CC6272500B4EB2A /* edit-code-icon.png in Resources */ = {isa = PBXBuildFile; fileRef = BF156EDA1CC6272500B4EB2A /* edit-code-icon.png */; };
		BF36F2341C93F24B006D88C3 /* PlayingMapScene.swift in Sources */ = {isa = PBXBuildFile; fileRef = BF36F2331C93F24B006D88C3 /* PlayingMapScene.swift */; };
		BF49FA511CA61ACF00546F43 /* GlobalConstants.swift in Sources */ = {isa = PBXBuildFile; fileRef = BF49FA501CA61ACF00546F43 /* GlobalConstants.swift */; };
		BF4C52F21C910CD100C56DD2 /* Map.swift in Sources */ = {isa = PBXBuildFile; fileRef = BF4C52F11C910CD100C56DD2 /* Map.swift */; };
		BF4C52F41C910D5E00C56DD2 /* MapUnitType.swift in Sources */ = {isa = PBXBuildFile; fileRef = BF4C52F31C910D5E00C56DD2 /* MapUnitType.swift */; };
		BF4C52F61C9110A000C56DD2 /* Action.swift in Sources */ = {isa = PBXBuildFile; fileRef = BF4C52F51C9110A000C56DD2 /* Action.swift */; };
		BF5339C51C941134007F56F0 /* LanguageDelegate.swift in Sources */ = {isa = PBXBuildFile; fileRef = BF5339C41C941134007F56F0 /* LanguageDelegate.swift */; };
		BF5339C71C941155007F56F0 /* AgentNode.swift in Sources */ = {isa = PBXBuildFile; fileRef = BF5339C61C941155007F56F0 /* AgentNode.swift */; };
		BF5339C91C941459007F56F0 /* MapBlock.swift in Sources */ = {isa = PBXBuildFile; fileRef = BF5339C81C941459007F56F0 /* MapBlock.swift */; };
		BF695B8B1CC37F8B00532797 /* MonsterNode.swift in Sources */ = {isa = PBXBuildFile; fileRef = BF695B8A1CC37F8B00532797 /* MonsterNode.swift */; };
		BF695B8D1CC3809B00532797 /* DoorNode.swift in Sources */ = {isa = PBXBuildFile; fileRef = BF695B8C1CC3809B00532797 /* DoorNode.swift */; };
		BF695B8F1CC4C46200532797 /* AgentNode+AgentProtocol.swift in Sources */ = {isa = PBXBuildFile; fileRef = BF695B8E1CC4C46200532797 /* AgentNode+AgentProtocol.swift */; };
		BF7F3C9D1CBBA2BF004530F5 /* Yoshi-win.png in Resources */ = {isa = PBXBuildFile; fileRef = BF7F3C9C1CBBA2BF004530F5 /* Yoshi-win.png */; };
		BF7F3C9F1CBDD702004530F5 /* Scorer.swift in Sources */ = {isa = PBXBuildFile; fileRef = BF7F3C9E1CBDD702004530F5 /* Scorer.swift */; };
		BF7F3CA11CBDD86F004530F5 /* ScoreCriterion.swift in Sources */ = {isa = PBXBuildFile; fileRef = BF7F3CA01CBDD86F004530F5 /* ScoreCriterion.swift */; };
		BF7F3CA31CBDDAB6004530F5 /* DefaultGameScorer.swift in Sources */ = {isa = PBXBuildFile; fileRef = BF7F3CA21CBDDAB6004530F5 /* DefaultGameScorer.swift */; };
		BF7F3CAA1CBE34A2004530F5 /* GameRatingsTests.swift in Sources */ = {isa = PBXBuildFile; fileRef = BF7F3CA91CBE34A2004530F5 /* GameRatingsTests.swift */; };
		BF8E12A91C99AA9200B210C3 /* TitleViewController.swift in Sources */ = {isa = PBXBuildFile; fileRef = BF8E12A81C99AA9200B210C3 /* TitleViewController.swift */; };
		BF8E12AC1C99ADE900B210C3 /* PlayingViewController.swift in Sources */ = {isa = PBXBuildFile; fileRef = BF8E12AB1C99ADE900B210C3 /* PlayingViewController.swift */; };
		BF8E76E41CC54BB5000AE8CC /* Spark.sks in Resources */ = {isa = PBXBuildFile; fileRef = BF8E76E21CC54BB5000AE8CC /* Spark.sks */; };
		BF8E76E51CC54BB5000AE8CC /* spark.png in Resources */ = {isa = PBXBuildFile; fileRef = BF8E76E31CC54BB5000AE8CC /* spark.png */; };
		BF8FA5AD1C947C5100DAE175 /* Direction.swift in Sources */ = {isa = PBXBuildFile; fileRef = BF8FA5AC1C947C5100DAE175 /* Direction.swift */; };
		BF8FA5B31C948C9A00DAE175 /* WallNode.swift in Sources */ = {isa = PBXBuildFile; fileRef = BF8FA5B21C948C9A00DAE175 /* WallNode.swift */; };
		BF8FA5B71C948CB500DAE175 /* GoalNode.swift in Sources */ = {isa = PBXBuildFile; fileRef = BF8FA5B61C948CB500DAE175 /* GoalNode.swift */; };
		BF8FA5B91C952E6300DAE175 /* Observation.swift in Sources */ = {isa = PBXBuildFile; fileRef = BF8FA5B81C952E6300DAE175 /* Observation.swift */; };
		BF8FA5BB1C9544ED00DAE175 /* TextureManager.swift in Sources */ = {isa = PBXBuildFile; fileRef = BF8FA5BA1C9544ED00DAE175 /* TextureManager.swift */; };
		BF8FA5C11C9572BD00DAE175 /* Interpreter+LanguageDelegate.swift in Sources */ = {isa = PBXBuildFile; fileRef = BF8FA5C01C9572BD00DAE175 /* Interpreter+LanguageDelegate.swift */; };
		BFA80FB11C95BFAD00F1BC15 /* SKButton.swift in Sources */ = {isa = PBXBuildFile; fileRef = BFA80FB01C95BFAD00F1BC15 /* SKButton.swift */; };
		BFB045CA1CB43485009F21EF /* HoleNode.swift in Sources */ = {isa = PBXBuildFile; fileRef = BFB045C91CB43485009F21EF /* HoleNode.swift */; };
		BFB045CC1CB4349D009F21EF /* WoodenBlockNode.swift in Sources */ = {isa = PBXBuildFile; fileRef = BFB045CB1CB4349D009F21EF /* WoodenBlockNode.swift */; };
		BFB045CE1CB4C418009F21EF /* MapUnitNode.swift in Sources */ = {isa = PBXBuildFile; fileRef = BFB045CD1CB4C418009F21EF /* MapUnitNode.swift */; };
		BFD365D71CA25BAD00956CE1 /* ProgramSupplier.swift in Sources */ = {isa = PBXBuildFile; fileRef = BFD365D61CA25BAD00956CE1 /* ProgramSupplier.swift */; };
		BFFB1A3A1CABB3F300C746CD /* ProgrammingViewController.swift in Sources */ = {isa = PBXBuildFile; fileRef = BFFB1A391CABB3F300C746CD /* ProgrammingViewController.swift */; };
		BFFB1A3C1CABB56900C746CD /* ThumbnailPlayingMapViewController.swift in Sources */ = {isa = PBXBuildFile; fileRef = BFFB1A3B1CABB56900C746CD /* ThumbnailPlayingMapViewController.swift */; };
		BFFB1A3E1CABB78F00C746CD /* MapNode.swift in Sources */ = {isa = PBXBuildFile; fileRef = BFFB1A3D1CABB78F00C746CD /* MapNode.swift */; };
		BFFB1A401CAC03AE00C746CD /* StaticMapScene.swift in Sources */ = {isa = PBXBuildFile; fileRef = BFFB1A3F1CAC03AE00C746CD /* StaticMapScene.swift */; };
/* End PBXBuildFile section */

/* Begin PBXContainerItemProxy section */
		3DF230B31C8F0617003420C0 /* PBXContainerItemProxy */ = {
			isa = PBXContainerItemProxy;
			containerPortal = 3DF230961C8F0617003420C0 /* Project object */;
			proxyType = 1;
			remoteGlobalIDString = 3DF2309D1C8F0617003420C0;
			remoteInfo = FinalProject;
		};
		3DF230BE1C8F0617003420C0 /* PBXContainerItemProxy */ = {
			isa = PBXContainerItemProxy;
			containerPortal = 3DF230961C8F0617003420C0 /* Project object */;
			proxyType = 1;
			remoteGlobalIDString = 3DF2309D1C8F0617003420C0;
			remoteInfo = FinalProject;
		};
/* End PBXContainerItemProxy section */

/* Begin PBXFileReference section */
		1D409C651CC5EE58002E6B02 /* WaitBlock.swift */ = {isa = PBXFileReference; fileEncoding = 4; lastKnownFileType = sourcecode.swift; path = WaitBlock.swift; sourceTree = "<group>"; };
		1D409C671CC5EE89002E6B02 /* JumpBlock.swift */ = {isa = PBXFileReference; fileEncoding = 4; lastKnownFileType = sourcecode.swift; path = JumpBlock.swift; sourceTree = "<group>"; };
		1D409C691CC5EEA6002E6B02 /* PressRedBlock.swift */ = {isa = PBXFileReference; fileEncoding = 4; lastKnownFileType = sourcecode.swift; path = PressRedBlock.swift; sourceTree = "<group>"; };
		1D409C6B1CC5EEE6002E6B02 /* PressBlueBlock.swift */ = {isa = PBXFileReference; fileEncoding = 4; lastKnownFileType = sourcecode.swift; path = PressBlueBlock.swift; sourceTree = "<group>"; };
		1D409C6D1CC5F45E002E6B02 /* NotSafeBlock.swift */ = {isa = PBXFileReference; fileEncoding = 4; lastKnownFileType = sourcecode.swift; path = NotSafeBlock.swift; sourceTree = "<group>"; };
		1D409C6F1CC6042A002E6B02 /* LeftDoorBlock.swift */ = {isa = PBXFileReference; fileEncoding = 4; lastKnownFileType = sourcecode.swift; path = LeftDoorBlock.swift; sourceTree = "<group>"; };
		1D409C711CC60464002E6B02 /* RightDoorBlock.swift */ = {isa = PBXFileReference; fileEncoding = 4; lastKnownFileType = sourcecode.swift; path = RightDoorBlock.swift; sourceTree = "<group>"; };
		1D69B6C51CB2998B00C1FA04 /* ContainerBlockProtocol.swift */ = {isa = PBXFileReference; fileEncoding = 4; lastKnownFileType = sourcecode.swift; path = ContainerBlockProtocol.swift; sourceTree = "<group>"; };
		1D69B6C71CB29E4500C1FA04 /* TrashContainer.swift */ = {isa = PBXFileReference; fileEncoding = 4; lastKnownFileType = sourcecode.swift; path = TrashContainer.swift; sourceTree = "<group>"; };
		1D69B6C91CB2AA9200C1FA04 /* NestingZone.swift */ = {isa = PBXFileReference; fileEncoding = 4; lastKnownFileType = sourcecode.swift; path = NestingZone.swift; sourceTree = "<group>"; };
		1D69B6CF1CB3AF0600C1FA04 /* BoolOpBlock.swift */ = {isa = PBXFileReference; fileEncoding = 4; lastKnownFileType = sourcecode.swift; path = BoolOpBlock.swift; sourceTree = "<group>"; };
		1D69B6D11CB3B24000C1FA04 /* SeeBlock.swift */ = {isa = PBXFileReference; fileEncoding = 4; lastKnownFileType = sourcecode.swift; path = SeeBlock.swift; sourceTree = "<group>"; };
		1D69B6D71CB5583600C1FA04 /* ObjectBlock.swift */ = {isa = PBXFileReference; fileEncoding = 4; lastKnownFileType = sourcecode.swift; path = ObjectBlock.swift; sourceTree = "<group>"; };
		1D69B6D91CB5592600C1FA04 /* ToiletBlock.swift */ = {isa = PBXFileReference; fileEncoding = 4; lastKnownFileType = sourcecode.swift; path = ToiletBlock.swift; sourceTree = "<group>"; };
		1D69B6DB1CB6A0BE00C1FA04 /* WallBlock.swift */ = {isa = PBXFileReference; fileEncoding = 4; lastKnownFileType = sourcecode.swift; path = WallBlock.swift; sourceTree = "<group>"; };
		1D69B6DD1CB6A15C00C1FA04 /* HoleBlock.swift */ = {isa = PBXFileReference; fileEncoding = 4; lastKnownFileType = sourcecode.swift; path = HoleBlock.swift; sourceTree = "<group>"; };
		1D69B6DF1CB6A1D900C1FA04 /* WoodBlock.swift */ = {isa = PBXFileReference; fileEncoding = 4; lastKnownFileType = sourcecode.swift; path = WoodBlock.swift; sourceTree = "<group>"; };
		1D69B6E11CB6B37E00C1FA04 /* IfBlock.swift */ = {isa = PBXFileReference; fileEncoding = 4; lastKnownFileType = sourcecode.swift; path = IfBlock.swift; sourceTree = "<group>"; };
		1D69B6E31CB9FF3900C1FA04 /* MovableBlockProtocol.swift */ = {isa = PBXFileReference; fileEncoding = 4; lastKnownFileType = sourcecode.swift; path = MovableBlockProtocol.swift; sourceTree = "<group>"; };
		1D69B6E51CBB896200C1FA04 /* NotBlock.swift */ = {isa = PBXFileReference; fileEncoding = 4; lastKnownFileType = sourcecode.swift; path = NotBlock.swift; sourceTree = "<group>"; };
		1D7E23D61C9984F6003E7B75 /* TrashZone.swift */ = {isa = PBXFileReference; fileEncoding = 4; lastKnownFileType = sourcecode.swift; lineEnding = 0; path = TrashZone.swift; sourceTree = "<group>"; xcLanguageSpecificationIdentifier = xcode.lang.swift; };
		1D7E23D81C9FC01D003E7B75 /* TurnRightBlock.swift */ = {isa = PBXFileReference; fileEncoding = 4; lastKnownFileType = sourcecode.swift; path = TurnRightBlock.swift; sourceTree = "<group>"; };
		1D8067371CC32E27003657EE /* HighlightableBlockProtocol.swift */ = {isa = PBXFileReference; fileEncoding = 4; lastKnownFileType = sourcecode.swift; path = HighlightableBlockProtocol.swift; sourceTree = "<group>"; };
		1D934FE61CAD6AC0009F1FBA /* WhileBlock.swift */ = {isa = PBXFileReference; fileEncoding = 4; lastKnownFileType = sourcecode.swift; path = WhileBlock.swift; sourceTree = "<group>"; };
		1DB4B0801C9516610010F727 /* Syntax.swift */ = {isa = PBXFileReference; fileEncoding = 4; lastKnownFileType = sourcecode.swift; path = Syntax.swift; sourceTree = "<group>"; };
		1DB4B0821C951D1F0010F727 /* Interpreter.swift */ = {isa = PBXFileReference; fileEncoding = 4; lastKnownFileType = sourcecode.swift; path = Interpreter.swift; sourceTree = "<group>"; };
		1DB4B0841C951E250010F727 /* AgentProtocol.swift */ = {isa = PBXFileReference; fileEncoding = 4; lastKnownFileType = sourcecode.swift; name = AgentProtocol.swift; path = FinalProject/AgentProtocol.swift; sourceTree = "<group>"; };
		1DB4B0861C95527D0010F727 /* InterpreterTests.swift */ = {isa = PBXFileReference; fileEncoding = 4; lastKnownFileType = sourcecode.swift; path = InterpreterTests.swift; sourceTree = "<group>"; };
		1DB4B0881C97FC840010F727 /* CodeBlocksViewController.swift */ = {isa = PBXFileReference; fileEncoding = 4; lastKnownFileType = sourcecode.swift; path = CodeBlocksViewController.swift; sourceTree = "<group>"; };
		1DB4B08A1C97FD940010F727 /* CodeBlocksScene.swift */ = {isa = PBXFileReference; fileEncoding = 4; lastKnownFileType = sourcecode.swift; lineEnding = 0; path = CodeBlocksScene.swift; sourceTree = "<group>"; xcLanguageSpecificationIdentifier = xcode.lang.swift; };
		1DB4B08C1C99073F0010F727 /* DropZone.swift */ = {isa = PBXFileReference; fileEncoding = 4; lastKnownFileType = sourcecode.swift; lineEnding = 0; path = DropZone.swift; sourceTree = "<group>"; xcLanguageSpecificationIdentifier = xcode.lang.swift; };
		1DB4B08E1C9913C00010F727 /* BlockButton.swift */ = {isa = PBXFileReference; fileEncoding = 4; lastKnownFileType = sourcecode.swift; path = BlockButton.swift; sourceTree = "<group>"; };
		1DB4B0901C991F260010F727 /* ProgramBlocks.swift */ = {isa = PBXFileReference; fileEncoding = 4; lastKnownFileType = sourcecode.swift; lineEnding = 0; path = ProgramBlocks.swift; sourceTree = "<group>"; xcLanguageSpecificationIdentifier = xcode.lang.swift; };
		1DB4B0921C991FC30010F727 /* CodeBlock.swift */ = {isa = PBXFileReference; fileEncoding = 4; lastKnownFileType = sourcecode.swift; lineEnding = 0; path = CodeBlock.swift; sourceTree = "<group>"; xcLanguageSpecificationIdentifier = xcode.lang.swift; };
		1DB4B0941C9920480010F727 /* MainBlock.swift */ = {isa = PBXFileReference; fileEncoding = 4; lastKnownFileType = sourcecode.swift; lineEnding = 0; path = MainBlock.swift; sourceTree = "<group>"; xcLanguageSpecificationIdentifier = xcode.lang.swift; };
		1DB4B0961C9927170010F727 /* InsertionPosition.swift */ = {isa = PBXFileReference; fileEncoding = 4; lastKnownFileType = sourcecode.swift; path = InsertionPosition.swift; sourceTree = "<group>"; };
		1DB4B0981C9935FE0010F727 /* ForwardBlock.swift */ = {isa = PBXFileReference; fileEncoding = 4; lastKnownFileType = sourcecode.swift; lineEnding = 0; path = ForwardBlock.swift; sourceTree = "<group>"; xcLanguageSpecificationIdentifier = xcode.lang.swift; };
		1DB4B09A1C9938650010F727 /* TurnLeftBlock.swift */ = {isa = PBXFileReference; fileEncoding = 4; lastKnownFileType = sourcecode.swift; lineEnding = 0; path = TurnLeftBlock.swift; sourceTree = "<group>"; xcLanguageSpecificationIdentifier = xcode.lang.swift; };
		3D1592661CBACA46009E8559 /* ProgramBlocksSupplier.swift */ = {isa = PBXFileReference; fileEncoding = 4; lastKnownFileType = sourcecode.swift; path = ProgramBlocksSupplier.swift; sourceTree = "<group>"; };
		3D1592691CBACD2C009E8559 /* FinishedEditingProgramDelegate.swift */ = {isa = PBXFileReference; fileEncoding = 4; lastKnownFileType = sourcecode.swift; path = FinishedEditingProgramDelegate.swift; sourceTree = "<group>"; };
		3D15926C1CC32ACB009E8559 /* PackageSelectorViewController.swift */ = {isa = PBXFileReference; fileEncoding = 4; lastKnownFileType = sourcecode.swift; path = PackageSelectorViewController.swift; sourceTree = "<group>"; };
		3D15926E1CC32F72009E8559 /* PackageCell.swift */ = {isa = PBXFileReference; fileEncoding = 4; lastKnownFileType = sourcecode.swift; path = PackageCell.swift; sourceTree = "<group>"; };
		3D21216A1C9A55F000E6564B /* PannableScene.swift */ = {isa = PBXFileReference; fileEncoding = 4; lastKnownFileType = sourcecode.swift; name = PannableScene.swift; path = FinalProject/PannableScene.swift; sourceTree = "<group>"; };
		3D42AABE1CC63EEB00C7FDF2 /* CodeBlocksScaleSupplier.swift */ = {isa = PBXFileReference; fileEncoding = 4; lastKnownFileType = sourcecode.swift; path = CodeBlocksScaleSupplier.swift; sourceTree = "<group>"; };
		3DF2309E1C8F0617003420C0 /* BloatyRex.app */ = {isa = PBXFileReference; explicitFileType = wrapper.application; includeInIndex = 0; path = BloatyRex.app; sourceTree = BUILT_PRODUCTS_DIR; };
		3DF230A11C8F0617003420C0 /* AppDelegate.swift */ = {isa = PBXFileReference; lastKnownFileType = sourcecode.swift; path = AppDelegate.swift; sourceTree = "<group>"; };
		3DF230A31C8F0617003420C0 /* PlayingMapViewController.swift */ = {isa = PBXFileReference; lastKnownFileType = sourcecode.swift; path = PlayingMapViewController.swift; sourceTree = "<group>"; };
		3DF230A61C8F0617003420C0 /* Base */ = {isa = PBXFileReference; lastKnownFileType = file.storyboard; name = Base; path = Base.lproj/Main.storyboard; sourceTree = "<group>"; };
		3DF230A81C8F0617003420C0 /* Assets.xcassets */ = {isa = PBXFileReference; lastKnownFileType = folder.assetcatalog; path = Assets.xcassets; sourceTree = "<group>"; };
		3DF230AB1C8F0617003420C0 /* Base */ = {isa = PBXFileReference; lastKnownFileType = file.storyboard; name = Base; path = Base.lproj/LaunchScreen.storyboard; sourceTree = "<group>"; };
		3DF230AD1C8F0617003420C0 /* Info.plist */ = {isa = PBXFileReference; lastKnownFileType = text.plist.xml; path = Info.plist; sourceTree = "<group>"; };
		3DF230B21C8F0617003420C0 /* BloatyRex.xctest */ = {isa = PBXFileReference; explicitFileType = wrapper.cfbundle; includeInIndex = 0; path = BloatyRex.xctest; sourceTree = BUILT_PRODUCTS_DIR; };
		3DF230B61C8F0617003420C0 /* FinalProjectTests.swift */ = {isa = PBXFileReference; lastKnownFileType = sourcecode.swift; path = FinalProjectTests.swift; sourceTree = "<group>"; };
		3DF230B81C8F0617003420C0 /* Info.plist */ = {isa = PBXFileReference; lastKnownFileType = text.plist.xml; path = Info.plist; sourceTree = "<group>"; };
		3DF230BD1C8F0617003420C0 /* BloatyRex.xctest */ = {isa = PBXFileReference; explicitFileType = wrapper.cfbundle; includeInIndex = 0; path = BloatyRex.xctest; sourceTree = BUILT_PRODUCTS_DIR; };
		3DF230C11C8F0617003420C0 /* FinalProjectUITests.swift */ = {isa = PBXFileReference; lastKnownFileType = sourcecode.swift; path = FinalProjectUITests.swift; sourceTree = "<group>"; };
		3DF230C31C8F0617003420C0 /* Info.plist */ = {isa = PBXFileReference; lastKnownFileType = text.plist.xml; path = Info.plist; sourceTree = "<group>"; };
		3DF6D0D31CC5D3EA00305CDE /* PackageSelectorOuterViewController.swift */ = {isa = PBXFileReference; fileEncoding = 4; lastKnownFileType = sourcecode.swift; path = PackageSelectorOuterViewController.swift; sourceTree = "<group>"; };
		B01BF8CA1CA12C6800D02FCA /* LevelDesigningMapScene.swift */ = {isa = PBXFileReference; fileEncoding = 4; lastKnownFileType = sourcecode.swift; lineEnding = 0; path = LevelDesigningMapScene.swift; sourceTree = "<group>"; xcLanguageSpecificationIdentifier = xcode.lang.swift; };
		B01BF8CC1CA12C6E00D02FCA /* LevelDesigningViewController.swift */ = {isa = PBXFileReference; fileEncoding = 4; lastKnownFileType = sourcecode.swift; path = LevelDesigningViewController.swift; sourceTree = "<group>"; };
		B01BF8CE1CA12C7400D02FCA /* FilesArchive.swift */ = {isa = PBXFileReference; fileEncoding = 4; lastKnownFileType = sourcecode.swift; path = FilesArchive.swift; sourceTree = "<group>"; };
		B01BF8D31CA1B31100D02FCA /* LevelSelectorViewController.swift */ = {isa = PBXFileReference; fileEncoding = 4; lastKnownFileType = sourcecode.swift; path = LevelSelectorViewController.swift; sourceTree = "<group>"; };
		B01BF8FF1CA2E14900D02FCA /* LevelSelectorPageViewController.swift */ = {isa = PBXFileReference; fileEncoding = 4; lastKnownFileType = sourcecode.swift; path = LevelSelectorPageViewController.swift; sourceTree = "<group>"; };
		B04E40511CC6064400C73E86 /* DesigningMapConstants.swift */ = {isa = PBXFileReference; fileEncoding = 4; lastKnownFileType = sourcecode.swift; path = DesigningMapConstants.swift; sourceTree = "<group>"; };
		BF145B8A1CBAA3EC00BF39D6 /* PresetMap.swift */ = {isa = PBXFileReference; fileEncoding = 4; lastKnownFileType = sourcecode.swift; path = PresetMap.swift; sourceTree = "<group>"; };
		BF156EDA1CC6272500B4EB2A /* edit-code-icon.png */ = {isa = PBXFileReference; lastKnownFileType = image.png; path = "edit-code-icon.png"; sourceTree = "<group>"; };
		BF36F2331C93F24B006D88C3 /* PlayingMapScene.swift */ = {isa = PBXFileReference; fileEncoding = 4; lastKnownFileType = sourcecode.swift; path = PlayingMapScene.swift; sourceTree = "<group>"; };
		BF49FA501CA61ACF00546F43 /* GlobalConstants.swift */ = {isa = PBXFileReference; fileEncoding = 4; lastKnownFileType = sourcecode.swift; path = GlobalConstants.swift; sourceTree = "<group>"; };
		BF4C52F11C910CD100C56DD2 /* Map.swift */ = {isa = PBXFileReference; fileEncoding = 4; lastKnownFileType = sourcecode.swift; path = Map.swift; sourceTree = "<group>"; };
		BF4C52F31C910D5E00C56DD2 /* MapUnitType.swift */ = {isa = PBXFileReference; fileEncoding = 4; lastKnownFileType = sourcecode.swift; path = MapUnitType.swift; sourceTree = "<group>"; };
		BF4C52F51C9110A000C56DD2 /* Action.swift */ = {isa = PBXFileReference; fileEncoding = 4; lastKnownFileType = sourcecode.swift; path = Action.swift; sourceTree = "<group>"; };
		BF5339C41C941134007F56F0 /* LanguageDelegate.swift */ = {isa = PBXFileReference; fileEncoding = 4; lastKnownFileType = sourcecode.swift; name = LanguageDelegate.swift; path = FinalProject/LanguageDelegate.swift; sourceTree = "<group>"; };
		BF5339C61C941155007F56F0 /* AgentNode.swift */ = {isa = PBXFileReference; fileEncoding = 4; lastKnownFileType = sourcecode.swift; path = AgentNode.swift; sourceTree = "<group>"; };
		BF5339C81C941459007F56F0 /* MapBlock.swift */ = {isa = PBXFileReference; fileEncoding = 4; lastKnownFileType = sourcecode.swift; path = MapBlock.swift; sourceTree = "<group>"; };
		BF695B8A1CC37F8B00532797 /* MonsterNode.swift */ = {isa = PBXFileReference; fileEncoding = 4; lastKnownFileType = sourcecode.swift; path = MonsterNode.swift; sourceTree = "<group>"; };
		BF695B8C1CC3809B00532797 /* DoorNode.swift */ = {isa = PBXFileReference; fileEncoding = 4; lastKnownFileType = sourcecode.swift; path = DoorNode.swift; sourceTree = "<group>"; };
		BF695B8E1CC4C46200532797 /* AgentNode+AgentProtocol.swift */ = {isa = PBXFileReference; fileEncoding = 4; lastKnownFileType = sourcecode.swift; path = "AgentNode+AgentProtocol.swift"; sourceTree = "<group>"; };
		BF7F3C9C1CBBA2BF004530F5 /* Yoshi-win.png */ = {isa = PBXFileReference; lastKnownFileType = image.png; path = "Yoshi-win.png"; sourceTree = "<group>"; };
		BF7F3C9E1CBDD702004530F5 /* Scorer.swift */ = {isa = PBXFileReference; fileEncoding = 4; lastKnownFileType = sourcecode.swift; path = Scorer.swift; sourceTree = "<group>"; };
		BF7F3CA01CBDD86F004530F5 /* ScoreCriterion.swift */ = {isa = PBXFileReference; fileEncoding = 4; lastKnownFileType = sourcecode.swift; path = ScoreCriterion.swift; sourceTree = "<group>"; };
		BF7F3CA21CBDDAB6004530F5 /* DefaultGameScorer.swift */ = {isa = PBXFileReference; fileEncoding = 4; lastKnownFileType = sourcecode.swift; path = DefaultGameScorer.swift; sourceTree = "<group>"; };
		BF7F3CA91CBE34A2004530F5 /* GameRatingsTests.swift */ = {isa = PBXFileReference; fileEncoding = 4; lastKnownFileType = sourcecode.swift; path = GameRatingsTests.swift; sourceTree = "<group>"; };
		BF8E12A81C99AA9200B210C3 /* TitleViewController.swift */ = {isa = PBXFileReference; fileEncoding = 4; lastKnownFileType = sourcecode.swift; path = TitleViewController.swift; sourceTree = "<group>"; };
		BF8E12AB1C99ADE900B210C3 /* PlayingViewController.swift */ = {isa = PBXFileReference; fileEncoding = 4; lastKnownFileType = sourcecode.swift; path = PlayingViewController.swift; sourceTree = "<group>"; };
		BF8E76E21CC54BB5000AE8CC /* Spark.sks */ = {isa = PBXFileReference; lastKnownFileType = file.sks; name = Spark.sks; path = ../Spark.sks; sourceTree = "<group>"; };
		BF8E76E31CC54BB5000AE8CC /* spark.png */ = {isa = PBXFileReference; lastKnownFileType = image.png; name = spark.png; path = ../spark.png; sourceTree = "<group>"; };
		BF8FA5AC1C947C5100DAE175 /* Direction.swift */ = {isa = PBXFileReference; fileEncoding = 4; lastKnownFileType = sourcecode.swift; path = Direction.swift; sourceTree = "<group>"; };
		BF8FA5B21C948C9A00DAE175 /* WallNode.swift */ = {isa = PBXFileReference; fileEncoding = 4; lastKnownFileType = sourcecode.swift; path = WallNode.swift; sourceTree = "<group>"; };
		BF8FA5B61C948CB500DAE175 /* GoalNode.swift */ = {isa = PBXFileReference; fileEncoding = 4; lastKnownFileType = sourcecode.swift; path = GoalNode.swift; sourceTree = "<group>"; };
		BF8FA5B81C952E6300DAE175 /* Observation.swift */ = {isa = PBXFileReference; fileEncoding = 4; lastKnownFileType = sourcecode.swift; path = Observation.swift; sourceTree = "<group>"; };
		BF8FA5BA1C9544ED00DAE175 /* TextureManager.swift */ = {isa = PBXFileReference; fileEncoding = 4; lastKnownFileType = sourcecode.swift; name = TextureManager.swift; path = FinalProject/TextureManager.swift; sourceTree = "<group>"; };
		BF8FA5C01C9572BD00DAE175 /* Interpreter+LanguageDelegate.swift */ = {isa = PBXFileReference; fileEncoding = 4; lastKnownFileType = sourcecode.swift; path = "Interpreter+LanguageDelegate.swift"; sourceTree = "<group>"; };
		BFA80FB01C95BFAD00F1BC15 /* SKButton.swift */ = {isa = PBXFileReference; fileEncoding = 4; lastKnownFileType = sourcecode.swift; path = SKButton.swift; sourceTree = "<group>"; };
		BFB045C91CB43485009F21EF /* HoleNode.swift */ = {isa = PBXFileReference; fileEncoding = 4; lastKnownFileType = sourcecode.swift; path = HoleNode.swift; sourceTree = "<group>"; };
		BFB045CB1CB4349D009F21EF /* WoodenBlockNode.swift */ = {isa = PBXFileReference; fileEncoding = 4; lastKnownFileType = sourcecode.swift; path = WoodenBlockNode.swift; sourceTree = "<group>"; };
		BFB045CD1CB4C418009F21EF /* MapUnitNode.swift */ = {isa = PBXFileReference; fileEncoding = 4; lastKnownFileType = sourcecode.swift; path = MapUnitNode.swift; sourceTree = "<group>"; };
		BFD365D61CA25BAD00956CE1 /* ProgramSupplier.swift */ = {isa = PBXFileReference; fileEncoding = 4; lastKnownFileType = sourcecode.swift; path = ProgramSupplier.swift; sourceTree = "<group>"; };
		BFFB1A391CABB3F300C746CD /* ProgrammingViewController.swift */ = {isa = PBXFileReference; fileEncoding = 4; lastKnownFileType = sourcecode.swift; path = ProgrammingViewController.swift; sourceTree = "<group>"; };
		BFFB1A3B1CABB56900C746CD /* ThumbnailPlayingMapViewController.swift */ = {isa = PBXFileReference; fileEncoding = 4; lastKnownFileType = sourcecode.swift; path = ThumbnailPlayingMapViewController.swift; sourceTree = "<group>"; };
		BFFB1A3D1CABB78F00C746CD /* MapNode.swift */ = {isa = PBXFileReference; fileEncoding = 4; lastKnownFileType = sourcecode.swift; path = MapNode.swift; sourceTree = "<group>"; };
		BFFB1A3F1CAC03AE00C746CD /* StaticMapScene.swift */ = {isa = PBXFileReference; fileEncoding = 4; lastKnownFileType = sourcecode.swift; path = StaticMapScene.swift; sourceTree = "<group>"; };
/* End PBXFileReference section */

/* Begin PBXFrameworksBuildPhase section */
		3DF2309B1C8F0617003420C0 /* Frameworks */ = {
			isa = PBXFrameworksBuildPhase;
			buildActionMask = 2147483647;
			files = (
			);
			runOnlyForDeploymentPostprocessing = 0;
		};
		3DF230AF1C8F0617003420C0 /* Frameworks */ = {
			isa = PBXFrameworksBuildPhase;
			buildActionMask = 2147483647;
			files = (
			);
			runOnlyForDeploymentPostprocessing = 0;
		};
		3DF230BA1C8F0617003420C0 /* Frameworks */ = {
			isa = PBXFrameworksBuildPhase;
			buildActionMask = 2147483647;
			files = (
			);
			runOnlyForDeploymentPostprocessing = 0;
		};
/* End PBXFrameworksBuildPhase section */

/* Begin PBXGroup section */
		1DB4B07D1C95142C0010F727 /* Language */ = {
			isa = PBXGroup;
			children = (
				1DB4B0801C9516610010F727 /* Syntax.swift */,
				BF8FA5B81C952E6300DAE175 /* Observation.swift */,
			);
			name = Language;
			sourceTree = "<group>";
		};
		3D1592681CBACD10009E8559 /* Delegates */ = {
			isa = PBXGroup;
			children = (
				3D1592691CBACD2C009E8559 /* FinishedEditingProgramDelegate.swift */,
			);
			name = Delegates;
			sourceTree = "<group>";
		};
		3D15926B1CC32AA4009E8559 /* PackageSelector */ = {
			isa = PBXGroup;
			children = (
				3DF6D0D31CC5D3EA00305CDE /* PackageSelectorOuterViewController.swift */,
				3D15926C1CC32ACB009E8559 /* PackageSelectorViewController.swift */,
				3D15926E1CC32F72009E8559 /* PackageCell.swift */,
			);
			name = PackageSelector;
			sourceTree = "<group>";
		};
		3DF230951C8F0617003420C0 = {
			isa = PBXGroup;
			children = (
				BF156EDA1CC6272500B4EB2A /* edit-code-icon.png */,
				BF8FA5BA1C9544ED00DAE175 /* TextureManager.swift */,
				BF7F3C9C1CBBA2BF004530F5 /* Yoshi-win.png */,
				BF640D781CA815E800FC454F /* ReusableComponents */,
				BF49FA501CA61ACF00546F43 /* GlobalConstants.swift */,
				BFD365D51CA25B5600956CE1 /* Protocols */,
				3D1592681CBACD10009E8559 /* Delegates */,
				3DF230A01C8F0617003420C0 /* FinalProject */,
				3DF230B51C8F0617003420C0 /* FinalProjectTests */,
				3DF230C01C8F0617003420C0 /* FinalProjectUITests */,
				3DF2309F1C8F0617003420C0 /* Products */,
			);
			sourceTree = "<group>";
		};
		3DF2309F1C8F0617003420C0 /* Products */ = {
			isa = PBXGroup;
			children = (
				3DF2309E1C8F0617003420C0 /* BloatyRex.app */,
				3DF230B21C8F0617003420C0 /* BloatyRex.xctest */,
				3DF230BD1C8F0617003420C0 /* BloatyRex.xctest */,
			);
			name = Products;
			sourceTree = "<group>";
		};
		3DF230A01C8F0617003420C0 /* FinalProject */ = {
			isa = PBXGroup;
			children = (
				BFFB1A381CABB3D400C746CD /* ProgrammingScene */,
				BF640D771CA7BFF000FC454F /* CodeBlocks */,
				B01BF8D01CA12D7D00D02FCA /* LevelDesignerScene */,
				BF8E12AA1C99ADD800B210C3 /* PlayingScene */,
				BF8E12A71C99AA8400B210C3 /* TitleScene */,
				BF4C52F71C913E8500C56DD2 /* GameEngine */,
				1DB4B07D1C95142C0010F727 /* Language */,
				3D15926B1CC32AA4009E8559 /* PackageSelector */,
				B079C5B41CA38C0600F8B891 /* LevelSelector */,
				BF4C52F01C910CB500C56DD2 /* Models */,
				3DF230A11C8F0617003420C0 /* AppDelegate.swift */,
				3DF230A51C8F0617003420C0 /* Main.storyboard */,
				3DF230A81C8F0617003420C0 /* Assets.xcassets */,
				3DF230AA1C8F0617003420C0 /* LaunchScreen.storyboard */,
				3DF230AD1C8F0617003420C0 /* Info.plist */,
			);
			path = FinalProject;
			sourceTree = "<group>";
		};
		3DF230B51C8F0617003420C0 /* FinalProjectTests */ = {
			isa = PBXGroup;
			children = (
				3DF230B61C8F0617003420C0 /* FinalProjectTests.swift */,
				BF7F3CA91CBE34A2004530F5 /* GameRatingsTests.swift */,
				1DB4B0861C95527D0010F727 /* InterpreterTests.swift */,
				3DF230B81C8F0617003420C0 /* Info.plist */,
			);
			path = FinalProjectTests;
			sourceTree = "<group>";
		};
		3DF230C01C8F0617003420C0 /* FinalProjectUITests */ = {
			isa = PBXGroup;
			children = (
				3DF230C11C8F0617003420C0 /* FinalProjectUITests.swift */,
				3DF230C31C8F0617003420C0 /* Info.plist */,
			);
			path = FinalProjectUITests;
			sourceTree = "<group>";
		};
		B01BF8D01CA12D7D00D02FCA /* LevelDesignerScene */ = {
			isa = PBXGroup;
			children = (
				B01BF8CA1CA12C6800D02FCA /* LevelDesigningMapScene.swift */,
				B01BF8CC1CA12C6E00D02FCA /* LevelDesigningViewController.swift */,
				B04E40511CC6064400C73E86 /* DesigningMapConstants.swift */,
			);
			name = LevelDesignerScene;
			sourceTree = "<group>";
		};
		B079C5B41CA38C0600F8B891 /* LevelSelector */ = {
			isa = PBXGroup;
			children = (
				B01BF8D31CA1B31100D02FCA /* LevelSelectorViewController.swift */,
				B01BF8FF1CA2E14900D02FCA /* LevelSelectorPageViewController.swift */,
			);
			name = LevelSelector;
			sourceTree = "<group>";
		};
		BF4C52F01C910CB500C56DD2 /* Models */ = {
			isa = PBXGroup;
			children = (
				B01BF8CE1CA12C7400D02FCA /* FilesArchive.swift */,
				BF4C52F11C910CD100C56DD2 /* Map.swift */,
				BF145B8A1CBAA3EC00BF39D6 /* PresetMap.swift */,
				BF4C52F31C910D5E00C56DD2 /* MapUnitType.swift */,
				BF4C52F51C9110A000C56DD2 /* Action.swift */,
				BF5339C81C941459007F56F0 /* MapBlock.swift */,
				1DB4B0821C951D1F0010F727 /* Interpreter.swift */,
				BF8FA5C01C9572BD00DAE175 /* Interpreter+LanguageDelegate.swift */,
			);
			name = Models;
			sourceTree = "<group>";
		};
		BF4C52F71C913E8500C56DD2 /* GameEngine */ = {
			isa = PBXGroup;
			children = (
				BF8E76E21CC54BB5000AE8CC /* Spark.sks */,
				BF8E76E31CC54BB5000AE8CC /* spark.png */,
				3DF230A31C8F0617003420C0 /* PlayingMapViewController.swift */,
				BF36F2331C93F24B006D88C3 /* PlayingMapScene.swift */,
				BFFB1A3F1CAC03AE00C746CD /* StaticMapScene.swift */,
				BFFB1A3D1CABB78F00C746CD /* MapNode.swift */,
				BF8FA5AC1C947C5100DAE175 /* Direction.swift */,
				BF5339C61C941155007F56F0 /* AgentNode.swift */,
				BF695B8E1CC4C46200532797 /* AgentNode+AgentProtocol.swift */,
				BF8FA5B61C948CB500DAE175 /* GoalNode.swift */,
				BF8FA5B21C948C9A00DAE175 /* WallNode.swift */,
				BFB045C91CB43485009F21EF /* HoleNode.swift */,
				BF695B8A1CC37F8B00532797 /* MonsterNode.swift */,
				BFB045CB1CB4349D009F21EF /* WoodenBlockNode.swift */,
				BF695B8C1CC3809B00532797 /* DoorNode.swift */,
				BFB045CD1CB4C418009F21EF /* MapUnitNode.swift */,
				BF7F3CA21CBDDAB6004530F5 /* DefaultGameScorer.swift */,
			);
			name = GameEngine;
			sourceTree = "<group>";
		};
		BF640D771CA7BFF000FC454F /* CodeBlocks */ = {
			isa = PBXGroup;
			children = (
				1D69B6C51CB2998B00C1FA04 /* ContainerBlockProtocol.swift */,
				1D69B6CF1CB3AF0600C1FA04 /* BoolOpBlock.swift */,
				1D69B6E51CBB896200C1FA04 /* NotBlock.swift */,
				1DB4B08C1C99073F0010F727 /* DropZone.swift */,
				1D69B6D11CB3B24000C1FA04 /* SeeBlock.swift */,
				1D69B6E11CB6B37E00C1FA04 /* IfBlock.swift */,
				1D934FE61CAD6AC0009F1FBA /* WhileBlock.swift */,
				1DB4B0881C97FC840010F727 /* CodeBlocksViewController.swift */,
				1DB4B08A1C97FD940010F727 /* CodeBlocksScene.swift */,
				1DB4B0901C991F260010F727 /* ProgramBlocks.swift */,
				1D7E23D61C9984F6003E7B75 /* TrashZone.swift */,
				1DB4B08E1C9913C00010F727 /* BlockButton.swift */,
				1DB4B0921C991FC30010F727 /* CodeBlock.swift */,
				1DB4B0981C9935FE0010F727 /* ForwardBlock.swift */,
				1D409C651CC5EE58002E6B02 /* WaitBlock.swift */,
				1D409C671CC5EE89002E6B02 /* JumpBlock.swift */,
				1D409C6F1CC6042A002E6B02 /* LeftDoorBlock.swift */,
				1D409C711CC60464002E6B02 /* RightDoorBlock.swift */,
				1D409C6B1CC5EEE6002E6B02 /* PressBlueBlock.swift */,
				1D409C6D1CC5F45E002E6B02 /* NotSafeBlock.swift */,
				1D409C691CC5EEA6002E6B02 /* PressRedBlock.swift */,
				1DB4B09A1C9938650010F727 /* TurnLeftBlock.swift */,
				1D7E23D81C9FC01D003E7B75 /* TurnRightBlock.swift */,
				1DB4B0941C9920480010F727 /* MainBlock.swift */,
				1DB4B0961C9927170010F727 /* InsertionPosition.swift */,
				1D69B6C71CB29E4500C1FA04 /* TrashContainer.swift */,
				1D69B6C91CB2AA9200C1FA04 /* NestingZone.swift */,
				1D69B6D71CB5583600C1FA04 /* ObjectBlock.swift */,
				1D69B6E31CB9FF3900C1FA04 /* MovableBlockProtocol.swift */,
				1D69B6DD1CB6A15C00C1FA04 /* HoleBlock.swift */,
				1D69B6DF1CB6A1D900C1FA04 /* WoodBlock.swift */,
				1D69B6DB1CB6A0BE00C1FA04 /* WallBlock.swift */,
				1D69B6D91CB5592600C1FA04 /* ToiletBlock.swift */,
				1D8067371CC32E27003657EE /* HighlightableBlockProtocol.swift */,
			);
			name = CodeBlocks;
			sourceTree = "<group>";
		};
		BF640D781CA815E800FC454F /* ReusableComponents */ = {
			isa = PBXGroup;
			children = (
				BFA80FB01C95BFAD00F1BC15 /* SKButton.swift */,
				3D21216A1C9A55F000E6564B /* PannableScene.swift */,
			);
			name = ReusableComponents;
			sourceTree = "<group>";
		};
		BF8E12A71C99AA8400B210C3 /* TitleScene */ = {
			isa = PBXGroup;
			children = (
				BF8E12A81C99AA9200B210C3 /* TitleViewController.swift */,
			);
			name = TitleScene;
			sourceTree = "<group>";
		};
		BF8E12AA1C99ADD800B210C3 /* PlayingScene */ = {
			isa = PBXGroup;
			children = (
				BF8E12AB1C99ADE900B210C3 /* PlayingViewController.swift */,
			);
			name = PlayingScene;
			sourceTree = "<group>";
		};
		BFD365D51CA25B5600956CE1 /* Protocols */ = {
			isa = PBXGroup;
			children = (
				BF5339C41C941134007F56F0 /* LanguageDelegate.swift */,
				1DB4B0841C951E250010F727 /* AgentProtocol.swift */,
				BFD365D61CA25BAD00956CE1 /* ProgramSupplier.swift */,
				3D1592661CBACA46009E8559 /* ProgramBlocksSupplier.swift */,
				BF7F3C9E1CBDD702004530F5 /* Scorer.swift */,
				BF7F3CA01CBDD86F004530F5 /* ScoreCriterion.swift */,
				3D42AABE1CC63EEB00C7FDF2 /* CodeBlocksScaleSupplier.swift */,
			);
			name = Protocols;
			sourceTree = "<group>";
		};
		BFFB1A381CABB3D400C746CD /* ProgrammingScene */ = {
			isa = PBXGroup;
			children = (
				BFFB1A391CABB3F300C746CD /* ProgrammingViewController.swift */,
				BFFB1A3B1CABB56900C746CD /* ThumbnailPlayingMapViewController.swift */,
			);
			name = ProgrammingScene;
			sourceTree = "<group>";
		};
/* End PBXGroup section */

/* Begin PBXNativeTarget section */
		3DF2309D1C8F0617003420C0 /* BloatyRex */ = {
			isa = PBXNativeTarget;
			buildConfigurationList = 3DF230C61C8F0617003420C0 /* Build configuration list for PBXNativeTarget "BloatyRex" */;
			buildPhases = (
				3DF2309A1C8F0617003420C0 /* Sources */,
				3DF2309B1C8F0617003420C0 /* Frameworks */,
				3DF2309C1C8F0617003420C0 /* Resources */,
				BF4C52EF1C90822200C56DD2 /* ShellScript */,
			);
			buildRules = (
			);
			dependencies = (
			);
			name = BloatyRex;
			productName = FinalProject;
			productReference = 3DF2309E1C8F0617003420C0 /* BloatyRex.app */;
			productType = "com.apple.product-type.application";
		};
		3DF230B11C8F0617003420C0 /* BloatyRexTests */ = {
			isa = PBXNativeTarget;
			buildConfigurationList = 3DF230C91C8F0617003420C0 /* Build configuration list for PBXNativeTarget "BloatyRexTests" */;
			buildPhases = (
				3DF230AE1C8F0617003420C0 /* Sources */,
				3DF230AF1C8F0617003420C0 /* Frameworks */,
				3DF230B01C8F0617003420C0 /* Resources */,
			);
			buildRules = (
			);
			dependencies = (
				3DF230B41C8F0617003420C0 /* PBXTargetDependency */,
			);
			name = BloatyRexTests;
			productName = FinalProjectTests;
			productReference = 3DF230B21C8F0617003420C0 /* BloatyRex.xctest */;
			productType = "com.apple.product-type.bundle.unit-test";
		};
		3DF230BC1C8F0617003420C0 /* BloatyRexUITests */ = {
			isa = PBXNativeTarget;
			buildConfigurationList = 3DF230CC1C8F0617003420C0 /* Build configuration list for PBXNativeTarget "BloatyRexUITests" */;
			buildPhases = (
				3DF230B91C8F0617003420C0 /* Sources */,
				3DF230BA1C8F0617003420C0 /* Frameworks */,
				3DF230BB1C8F0617003420C0 /* Resources */,
			);
			buildRules = (
			);
			dependencies = (
				3DF230BF1C8F0617003420C0 /* PBXTargetDependency */,
			);
			name = BloatyRexUITests;
			productName = FinalProjectUITests;
			productReference = 3DF230BD1C8F0617003420C0 /* BloatyRex.xctest */;
			productType = "com.apple.product-type.bundle.ui-testing";
		};
/* End PBXNativeTarget section */

/* Begin PBXProject section */
		3DF230961C8F0617003420C0 /* Project object */ = {
			isa = PBXProject;
			attributes = {
				LastSwiftUpdateCheck = 0720;
				LastUpgradeCheck = 0720;
				ORGANIZATIONNAME = nus.cs3217.2016Group6;
				TargetAttributes = {
					3DF2309D1C8F0617003420C0 = {
						CreatedOnToolsVersion = 7.2;
						DevelopmentTeam = 62L5G97YTE;
						DevelopmentTeam = XC99LK63YN;
					};
					3DF230B11C8F0617003420C0 = {
						CreatedOnToolsVersion = 7.2;
						DevelopmentTeam = 62L5G97YTE;
						TestTargetID = 3DF2309D1C8F0617003420C0;
					};
					3DF230BC1C8F0617003420C0 = {
						CreatedOnToolsVersion = 7.2;
						DevelopmentTeam = 62L5G97YTE;
						TestTargetID = 3DF2309D1C8F0617003420C0;
					};
				};
			};
			buildConfigurationList = 3DF230991C8F0617003420C0 /* Build configuration list for PBXProject "BloatyRex" */;
			compatibilityVersion = "Xcode 3.2";
			developmentRegion = English;
			hasScannedForEncodings = 0;
			knownRegions = (
				en,
				Base,
			);
			mainGroup = 3DF230951C8F0617003420C0;
			productRefGroup = 3DF2309F1C8F0617003420C0 /* Products */;
			projectDirPath = "";
			projectRoot = "";
			targets = (
				3DF2309D1C8F0617003420C0 /* BloatyRex */,
				3DF230B11C8F0617003420C0 /* BloatyRexTests */,
				3DF230BC1C8F0617003420C0 /* BloatyRexUITests */,
			);
		};
/* End PBXProject section */

/* Begin PBXResourcesBuildPhase section */
		3DF2309C1C8F0617003420C0 /* Resources */ = {
			isa = PBXResourcesBuildPhase;
			buildActionMask = 2147483647;
			files = (
				3DF230AC1C8F0617003420C0 /* LaunchScreen.storyboard in Resources */,
				BF8E76E51CC54BB5000AE8CC /* spark.png in Resources */,
				BF156EDB1CC6272500B4EB2A /* edit-code-icon.png in Resources */,
				BF8E76E41CC54BB5000AE8CC /* Spark.sks in Resources */,
				3DF230A91C8F0617003420C0 /* Assets.xcassets in Resources */,
				3DF230A71C8F0617003420C0 /* Main.storyboard in Resources */,
				BF7F3C9D1CBBA2BF004530F5 /* Yoshi-win.png in Resources */,
			);
			runOnlyForDeploymentPostprocessing = 0;
		};
		3DF230B01C8F0617003420C0 /* Resources */ = {
			isa = PBXResourcesBuildPhase;
			buildActionMask = 2147483647;
			files = (
			);
			runOnlyForDeploymentPostprocessing = 0;
		};
		3DF230BB1C8F0617003420C0 /* Resources */ = {
			isa = PBXResourcesBuildPhase;
			buildActionMask = 2147483647;
			files = (
			);
			runOnlyForDeploymentPostprocessing = 0;
		};
/* End PBXResourcesBuildPhase section */

/* Begin PBXShellScriptBuildPhase section */
		BF4C52EF1C90822200C56DD2 /* ShellScript */ = {
			isa = PBXShellScriptBuildPhase;
			buildActionMask = 2147483647;
			files = (
			);
			inputPaths = (
			);
			outputPaths = (
			);
			runOnlyForDeploymentPostprocessing = 0;
			shellPath = /bin/sh;
			shellScript = "if which swiftlint > /dev/null; then\nswiftlint autocorrect\nswiftlint\nelse\necho 'Download swiftlint'\nfi";
		};
/* End PBXShellScriptBuildPhase section */

/* Begin PBXSourcesBuildPhase section */
		3DF2309A1C8F0617003420C0 /* Sources */ = {
			isa = PBXSourcesBuildPhase;
			buildActionMask = 2147483647;
			files = (
				3D1592671CBACA46009E8559 /* ProgramBlocksSupplier.swift in Sources */,
				BFB045CE1CB4C418009F21EF /* MapUnitNode.swift in Sources */,
				BF5339C91C941459007F56F0 /* MapBlock.swift in Sources */,
				BF695B8D1CC3809B00532797 /* DoorNode.swift in Sources */,
				BFA80FB11C95BFAD00F1BC15 /* SKButton.swift in Sources */,
				BF8FA5BB1C9544ED00DAE175 /* TextureManager.swift in Sources */,
				1D69B6E21CB6B37E00C1FA04 /* IfBlock.swift in Sources */,
				1DB4B08F1C9913C00010F727 /* BlockButton.swift in Sources */,
				1D409C701CC6042A002E6B02 /* LeftDoorBlock.swift in Sources */,
				BF145B8B1CBAA3EC00BF39D6 /* PresetMap.swift in Sources */,
				1D69B6E41CB9FF3900C1FA04 /* MovableBlockProtocol.swift in Sources */,
				BF8FA5B31C948C9A00DAE175 /* WallNode.swift in Sources */,
				3D15926F1CC32F72009E8559 /* PackageCell.swift in Sources */,
				3D42AABF1CC63EEB00C7FDF2 /* CodeBlocksScaleSupplier.swift in Sources */,
				BF8FA5C11C9572BD00DAE175 /* Interpreter+LanguageDelegate.swift in Sources */,
				BFB045CC1CB4349D009F21EF /* WoodenBlockNode.swift in Sources */,
				B01BF9001CA2E14900D02FCA /* LevelSelectorPageViewController.swift in Sources */,
				1D69B6D01CB3AF0600C1FA04 /* BoolOpBlock.swift in Sources */,
				1DB4B0891C97FC840010F727 /* CodeBlocksViewController.swift in Sources */,
				1DB4B0931C991FC30010F727 /* CodeBlock.swift in Sources */,
				1D7E23D91C9FC01D003E7B75 /* TurnRightBlock.swift in Sources */,
				BF5339C51C941134007F56F0 /* LanguageDelegate.swift in Sources */,
				BF49FA511CA61ACF00546F43 /* GlobalConstants.swift in Sources */,
				1D69B6C61CB2998B00C1FA04 /* ContainerBlockProtocol.swift in Sources */,
				BF36F2341C93F24B006D88C3 /* PlayingMapScene.swift in Sources */,
				BFD365D71CA25BAD00956CE1 /* ProgramSupplier.swift in Sources */,
				1D69B6D21CB3B24000C1FA04 /* SeeBlock.swift in Sources */,
				B04E40521CC6064400C73E86 /* DesigningMapConstants.swift in Sources */,
				B01BF8CF1CA12C7400D02FCA /* FilesArchive.swift in Sources */,
				BF7F3C9F1CBDD702004530F5 /* Scorer.swift in Sources */,
				1D8067381CC32E27003657EE /* HighlightableBlockProtocol.swift in Sources */,
				BFFB1A401CAC03AE00C746CD /* StaticMapScene.swift in Sources */,
				1D69B6C81CB29E4500C1FA04 /* TrashContainer.swift in Sources */,
				BF8E12A91C99AA9200B210C3 /* TitleViewController.swift in Sources */,
				3D15926D1CC32ACB009E8559 /* PackageSelectorViewController.swift in Sources */,
				1DB4B0971C9927170010F727 /* InsertionPosition.swift in Sources */,
				1DB4B09B1C9938650010F727 /* TurnLeftBlock.swift in Sources */,
				BF8FA5B71C948CB500DAE175 /* GoalNode.swift in Sources */,
				BFFB1A3C1CABB56900C746CD /* ThumbnailPlayingMapViewController.swift in Sources */,
				1D934FE71CAD6AC0009F1FBA /* WhileBlock.swift in Sources */,
				BF695B8B1CC37F8B00532797 /* MonsterNode.swift in Sources */,
				3D15926A1CBACD2C009E8559 /* FinishedEditingProgramDelegate.swift in Sources */,
				BFB045CA1CB43485009F21EF /* HoleNode.swift in Sources */,
				BF7F3CA31CBDDAB6004530F5 /* DefaultGameScorer.swift in Sources */,
				1DB4B0951C9920480010F727 /* MainBlock.swift in Sources */,
				1DB4B0991C9935FE0010F727 /* ForwardBlock.swift in Sources */,
				BF8FA5AD1C947C5100DAE175 /* Direction.swift in Sources */,
				BFFB1A3A1CABB3F300C746CD /* ProgrammingViewController.swift in Sources */,
				3D21216B1C9A55F000E6564B /* PannableScene.swift in Sources */,
				BFFB1A3E1CABB78F00C746CD /* MapNode.swift in Sources */,
				B01BF8CD1CA12C6E00D02FCA /* LevelDesigningViewController.swift in Sources */,
				1D69B6CA1CB2AA9200C1FA04 /* NestingZone.swift in Sources */,
				3DF230A41C8F0617003420C0 /* PlayingMapViewController.swift in Sources */,
				BF8E12AC1C99ADE900B210C3 /* PlayingViewController.swift in Sources */,
				BF695B8F1CC4C46200532797 /* AgentNode+AgentProtocol.swift in Sources */,
				1D69B6D81CB5583600C1FA04 /* ObjectBlock.swift in Sources */,
				1D409C6C1CC5EEE6002E6B02 /* PressBlueBlock.swift in Sources */,
				1D409C6E1CC5F45E002E6B02 /* NotSafeBlock.swift in Sources */,
				BF5339C71C941155007F56F0 /* AgentNode.swift in Sources */,
				1D69B6DE1CB6A15C00C1FA04 /* HoleBlock.swift in Sources */,
				1D409C681CC5EE89002E6B02 /* JumpBlock.swift in Sources */,
				1D409C661CC5EE58002E6B02 /* WaitBlock.swift in Sources */,
				1DB4B0811C9516610010F727 /* Syntax.swift in Sources */,
				1D7E23D71C9984F6003E7B75 /* TrashZone.swift in Sources */,
				1DB4B08D1C99073F0010F727 /* DropZone.swift in Sources */,
				BF4C52F41C910D5E00C56DD2 /* MapUnitType.swift in Sources */,
				1D409C721CC60464002E6B02 /* RightDoorBlock.swift in Sources */,
				B01BF8CB1CA12C6800D02FCA /* LevelDesigningMapScene.swift in Sources */,
				BF4C52F21C910CD100C56DD2 /* Map.swift in Sources */,
				1D69B6DA1CB5592600C1FA04 /* ToiletBlock.swift in Sources */,
				BF4C52F61C9110A000C56DD2 /* Action.swift in Sources */,
				1DB4B0911C991F260010F727 /* ProgramBlocks.swift in Sources */,
				BF7F3CA11CBDD86F004530F5 /* ScoreCriterion.swift in Sources */,
				BF8FA5B91C952E6300DAE175 /* Observation.swift in Sources */,
				3DF230A21C8F0617003420C0 /* AppDelegate.swift in Sources */,
				1D69B6DC1CB6A0BE00C1FA04 /* WallBlock.swift in Sources */,
				B01BF8D41CA1B31100D02FCA /* LevelSelectorViewController.swift in Sources */,
				1DB4B0831C951D1F0010F727 /* Interpreter.swift in Sources */,
				1DB4B0851C951E250010F727 /* AgentProtocol.swift in Sources */,
				1D69B6E01CB6A1D900C1FA04 /* WoodBlock.swift in Sources */,
				3DF6D0D41CC5D3EA00305CDE /* PackageSelectorOuterViewController.swift in Sources */,
				1D69B6E61CBB896200C1FA04 /* NotBlock.swift in Sources */,
				1D409C6A1CC5EEA6002E6B02 /* PressRedBlock.swift in Sources */,
				1DB4B08B1C97FD940010F727 /* CodeBlocksScene.swift in Sources */,
			);
			runOnlyForDeploymentPostprocessing = 0;
		};
		3DF230AE1C8F0617003420C0 /* Sources */ = {
			isa = PBXSourcesBuildPhase;
			buildActionMask = 2147483647;
			files = (
				1DB4B0871C95527D0010F727 /* InterpreterTests.swift in Sources */,
				3DF230B71C8F0617003420C0 /* FinalProjectTests.swift in Sources */,
				BF7F3CAA1CBE34A2004530F5 /* GameRatingsTests.swift in Sources */,
			);
			runOnlyForDeploymentPostprocessing = 0;
		};
		3DF230B91C8F0617003420C0 /* Sources */ = {
			isa = PBXSourcesBuildPhase;
			buildActionMask = 2147483647;
			files = (
				3DF230C21C8F0617003420C0 /* FinalProjectUITests.swift in Sources */,
			);
			runOnlyForDeploymentPostprocessing = 0;
		};
/* End PBXSourcesBuildPhase section */

/* Begin PBXTargetDependency section */
		3DF230B41C8F0617003420C0 /* PBXTargetDependency */ = {
			isa = PBXTargetDependency;
			target = 3DF2309D1C8F0617003420C0 /* BloatyRex */;
			targetProxy = 3DF230B31C8F0617003420C0 /* PBXContainerItemProxy */;
		};
		3DF230BF1C8F0617003420C0 /* PBXTargetDependency */ = {
			isa = PBXTargetDependency;
			target = 3DF2309D1C8F0617003420C0 /* BloatyRex */;
			targetProxy = 3DF230BE1C8F0617003420C0 /* PBXContainerItemProxy */;
		};
/* End PBXTargetDependency section */

/* Begin PBXVariantGroup section */
		3DF230A51C8F0617003420C0 /* Main.storyboard */ = {
			isa = PBXVariantGroup;
			children = (
				3DF230A61C8F0617003420C0 /* Base */,
			);
			name = Main.storyboard;
			sourceTree = "<group>";
		};
		3DF230AA1C8F0617003420C0 /* LaunchScreen.storyboard */ = {
			isa = PBXVariantGroup;
			children = (
				3DF230AB1C8F0617003420C0 /* Base */,
			);
			name = LaunchScreen.storyboard;
			sourceTree = "<group>";
		};
/* End PBXVariantGroup section */

/* Begin XCBuildConfiguration section */
		3DF230C41C8F0617003420C0 /* Debug */ = {
			isa = XCBuildConfiguration;
			buildSettings = {
				ALWAYS_SEARCH_USER_PATHS = NO;
				CLANG_CXX_LANGUAGE_STANDARD = "gnu++0x";
				CLANG_CXX_LIBRARY = "libc++";
				CLANG_ENABLE_MODULES = YES;
				CLANG_ENABLE_OBJC_ARC = YES;
				CLANG_WARN_BOOL_CONVERSION = YES;
				CLANG_WARN_CONSTANT_CONVERSION = YES;
				CLANG_WARN_DIRECT_OBJC_ISA_USAGE = YES_ERROR;
				CLANG_WARN_EMPTY_BODY = YES;
				CLANG_WARN_ENUM_CONVERSION = YES;
				CLANG_WARN_INT_CONVERSION = YES;
				CLANG_WARN_OBJC_ROOT_CLASS = YES_ERROR;
				CLANG_WARN_UNREACHABLE_CODE = YES;
				CLANG_WARN__DUPLICATE_METHOD_MATCH = YES;
				"CODE_SIGN_IDENTITY[sdk=iphoneos*]" = "iPhone Developer";
				COPY_PHASE_STRIP = NO;
				DEBUG_INFORMATION_FORMAT = dwarf;
				ENABLE_STRICT_OBJC_MSGSEND = YES;
				ENABLE_TESTABILITY = YES;
				GCC_C_LANGUAGE_STANDARD = gnu99;
				GCC_DYNAMIC_NO_PIC = NO;
				GCC_NO_COMMON_BLOCKS = YES;
				GCC_OPTIMIZATION_LEVEL = 0;
				GCC_PREPROCESSOR_DEFINITIONS = (
					"DEBUG=1",
					"$(inherited)",
				);
				GCC_WARN_64_TO_32_BIT_CONVERSION = YES;
				GCC_WARN_ABOUT_RETURN_TYPE = YES_ERROR;
				GCC_WARN_UNDECLARED_SELECTOR = YES;
				GCC_WARN_UNINITIALIZED_AUTOS = YES_AGGRESSIVE;
				GCC_WARN_UNUSED_FUNCTION = YES;
				GCC_WARN_UNUSED_VARIABLE = YES;
				IPHONEOS_DEPLOYMENT_TARGET = 9.2;
				MTL_ENABLE_DEBUG_INFO = YES;
				ONLY_ACTIVE_ARCH = YES;
				SDKROOT = iphoneos;
				SWIFT_OPTIMIZATION_LEVEL = "-Onone";
				TARGETED_DEVICE_FAMILY = 2;
			};
			name = Debug;
		};
		3DF230C51C8F0617003420C0 /* Release */ = {
			isa = XCBuildConfiguration;
			buildSettings = {
				ALWAYS_SEARCH_USER_PATHS = NO;
				CLANG_CXX_LANGUAGE_STANDARD = "gnu++0x";
				CLANG_CXX_LIBRARY = "libc++";
				CLANG_ENABLE_MODULES = YES;
				CLANG_ENABLE_OBJC_ARC = YES;
				CLANG_WARN_BOOL_CONVERSION = YES;
				CLANG_WARN_CONSTANT_CONVERSION = YES;
				CLANG_WARN_DIRECT_OBJC_ISA_USAGE = YES_ERROR;
				CLANG_WARN_EMPTY_BODY = YES;
				CLANG_WARN_ENUM_CONVERSION = YES;
				CLANG_WARN_INT_CONVERSION = YES;
				CLANG_WARN_OBJC_ROOT_CLASS = YES_ERROR;
				CLANG_WARN_UNREACHABLE_CODE = YES;
				CLANG_WARN__DUPLICATE_METHOD_MATCH = YES;
				"CODE_SIGN_IDENTITY[sdk=iphoneos*]" = "iPhone Developer";
				COPY_PHASE_STRIP = NO;
				DEBUG_INFORMATION_FORMAT = "dwarf-with-dsym";
				ENABLE_NS_ASSERTIONS = NO;
				ENABLE_STRICT_OBJC_MSGSEND = YES;
				GCC_C_LANGUAGE_STANDARD = gnu99;
				GCC_NO_COMMON_BLOCKS = YES;
				GCC_WARN_64_TO_32_BIT_CONVERSION = YES;
				GCC_WARN_ABOUT_RETURN_TYPE = YES_ERROR;
				GCC_WARN_UNDECLARED_SELECTOR = YES;
				GCC_WARN_UNINITIALIZED_AUTOS = YES_AGGRESSIVE;
				GCC_WARN_UNUSED_FUNCTION = YES;
				GCC_WARN_UNUSED_VARIABLE = YES;
				IPHONEOS_DEPLOYMENT_TARGET = 9.2;
				MTL_ENABLE_DEBUG_INFO = NO;
				SDKROOT = iphoneos;
				TARGETED_DEVICE_FAMILY = 2;
				VALIDATE_PRODUCT = YES;
			};
			name = Release;
		};
		3DF230C71C8F0617003420C0 /* Debug */ = {
			isa = XCBuildConfiguration;
			buildSettings = {
				ASSETCATALOG_COMPILER_APPICON_NAME = AppIcon;
				CODE_SIGN_IDENTITY = "iPhone Developer";
				"CODE_SIGN_IDENTITY[sdk=iphoneos*]" = "iPhone Developer";
				INFOPLIST_FILE = FinalProject/Info.plist;
				LD_RUNPATH_SEARCH_PATHS = "$(inherited) @executable_path/Frameworks";
				PRODUCT_BUNDLE_IDENTIFIER = nus.cs3217.2016Group6.toiletrex4;
				PRODUCT_NAME = BloatyRex;
				PROVISIONING_PROFILE = "";
			};
			name = Debug;
		};
		3DF230C81C8F0617003420C0 /* Release */ = {
			isa = XCBuildConfiguration;
			buildSettings = {
				ASSETCATALOG_COMPILER_APPICON_NAME = AppIcon;
				CODE_SIGN_IDENTITY = "iPhone Developer";
				"CODE_SIGN_IDENTITY[sdk=iphoneos*]" = "iPhone Developer";
				INFOPLIST_FILE = FinalProject/Info.plist;
				LD_RUNPATH_SEARCH_PATHS = "$(inherited) @executable_path/Frameworks";
				PRODUCT_BUNDLE_IDENTIFIER = nus.cs3217.2016Group6.toiletrex4;
				PRODUCT_NAME = BloatyRex;
				PROVISIONING_PROFILE = "";
			};
			name = Release;
		};
		3DF230CA1C8F0617003420C0 /* Debug */ = {
			isa = XCBuildConfiguration;
			buildSettings = {
				BUNDLE_LOADER = "$(TEST_HOST)";
				INFOPLIST_FILE = FinalProjectTests/Info.plist;
				LD_RUNPATH_SEARCH_PATHS = "$(inherited) @executable_path/Frameworks @loader_path/Frameworks";
				PRODUCT_BUNDLE_IDENTIFIER = nus.cs3217.2016Group6.FinalProjectTests;
				PRODUCT_NAME = BloatyRex;
				TEST_HOST = "$(BUILT_PRODUCTS_DIR)/BloatyRex.app/BloatyRex";
			};
			name = Debug;
		};
		3DF230CB1C8F0617003420C0 /* Release */ = {
			isa = XCBuildConfiguration;
			buildSettings = {
				BUNDLE_LOADER = "$(TEST_HOST)";
				INFOPLIST_FILE = FinalProjectTests/Info.plist;
				LD_RUNPATH_SEARCH_PATHS = "$(inherited) @executable_path/Frameworks @loader_path/Frameworks";
				PRODUCT_BUNDLE_IDENTIFIER = nus.cs3217.2016Group6.FinalProjectTests;
				PRODUCT_NAME = BloatyRex;
				TEST_HOST = "$(BUILT_PRODUCTS_DIR)/BloatyRex.app/BloatyRex";
			};
			name = Release;
		};
		3DF230CD1C8F0617003420C0 /* Debug */ = {
			isa = XCBuildConfiguration;
			buildSettings = {
				INFOPLIST_FILE = FinalProjectUITests/Info.plist;
				LD_RUNPATH_SEARCH_PATHS = "$(inherited) @executable_path/Frameworks @loader_path/Frameworks";
				PRODUCT_BUNDLE_IDENTIFIER = nus.cs3217.2016Group6.FinalProjectUITests;
				PRODUCT_NAME = BloatyRex;
				TEST_TARGET_NAME = FinalProject;
				USES_XCTRUNNER = YES;
			};
			name = Debug;
		};
		3DF230CE1C8F0617003420C0 /* Release */ = {
			isa = XCBuildConfiguration;
			buildSettings = {
				INFOPLIST_FILE = FinalProjectUITests/Info.plist;
				LD_RUNPATH_SEARCH_PATHS = "$(inherited) @executable_path/Frameworks @loader_path/Frameworks";
				PRODUCT_BUNDLE_IDENTIFIER = nus.cs3217.2016Group6.FinalProjectUITests;
				PRODUCT_NAME = BloatyRex;
				TEST_TARGET_NAME = FinalProject;
				USES_XCTRUNNER = YES;
			};
			name = Release;
		};
/* End XCBuildConfiguration section */

/* Begin XCConfigurationList section */
		3DF230991C8F0617003420C0 /* Build configuration list for PBXProject "BloatyRex" */ = {
			isa = XCConfigurationList;
			buildConfigurations = (
				3DF230C41C8F0617003420C0 /* Debug */,
				3DF230C51C8F0617003420C0 /* Release */,
			);
			defaultConfigurationIsVisible = 0;
			defaultConfigurationName = Release;
		};
		3DF230C61C8F0617003420C0 /* Build configuration list for PBXNativeTarget "BloatyRex" */ = {
			isa = XCConfigurationList;
			buildConfigurations = (
				3DF230C71C8F0617003420C0 /* Debug */,
				3DF230C81C8F0617003420C0 /* Release */,
			);
			defaultConfigurationIsVisible = 0;
			defaultConfigurationName = Release;
		};
		3DF230C91C8F0617003420C0 /* Build configuration list for PBXNativeTarget "BloatyRexTests" */ = {
			isa = XCConfigurationList;
			buildConfigurations = (
				3DF230CA1C8F0617003420C0 /* Debug */,
				3DF230CB1C8F0617003420C0 /* Release */,
			);
			defaultConfigurationIsVisible = 0;
			defaultConfigurationName = Release;
		};
		3DF230CC1C8F0617003420C0 /* Build configuration list for PBXNativeTarget "BloatyRexUITests" */ = {
			isa = XCConfigurationList;
			buildConfigurations = (
				3DF230CD1C8F0617003420C0 /* Debug */,
				3DF230CE1C8F0617003420C0 /* Release */,
			);
			defaultConfigurationIsVisible = 0;
			defaultConfigurationName = Release;
		};
/* End XCConfigurationList section */
	};
	rootObject = 3DF230961C8F0617003420C0 /* Project object */;
}
