// !$*UTF8*$!
{
	archiveVersion = 1;
	classes = {
	};
	objectVersion = 46;
	objects = {

/* Begin PBXBuildFile section */
		1D409C6E1CC5F45E002E6B02 /* NotSafeBlock.swift in Sources */ = {isa = PBXBuildFile; fileRef = 1D409C6D1CC5F45E002E6B02 /* NotSafeBlock.swift */; };
		1D69B6C61CB2998B00C1FA04 /* ContainerBlockProtocol.swift in Sources */ = {isa = PBXBuildFile; fileRef = 1D69B6C51CB2998B00C1FA04 /* ContainerBlockProtocol.swift */; };
		1D69B6C81CB29E4500C1FA04 /* TrashContainer.swift in Sources */ = {isa = PBXBuildFile; fileRef = 1D69B6C71CB29E4500C1FA04 /* TrashContainer.swift */; };
		1D69B6CA1CB2AA9200C1FA04 /* NestingZone.swift in Sources */ = {isa = PBXBuildFile; fileRef = 1D69B6C91CB2AA9200C1FA04 /* NestingZone.swift */; };
		1D69B6D01CB3AF0600C1FA04 /* BoolOpBlock.swift in Sources */ = {isa = PBXBuildFile; fileRef = 1D69B6CF1CB3AF0600C1FA04 /* BoolOpBlock.swift */; };
		1D69B6D21CB3B24000C1FA04 /* SeeBlock.swift in Sources */ = {isa = PBXBuildFile; fileRef = 1D69B6D11CB3B24000C1FA04 /* SeeBlock.swift */; };
		1D69B6D81CB5583600C1FA04 /* ObjectBlock.swift in Sources */ = {isa = PBXBuildFile; fileRef = 1D69B6D71CB5583600C1FA04 /* ObjectBlock.swift */; };
		1D69B6E21CB6B37E00C1FA04 /* IfBlock.swift in Sources */ = {isa = PBXBuildFile; fileRef = 1D69B6E11CB6B37E00C1FA04 /* IfBlock.swift */; };
		1D69B6E41CB9FF3900C1FA04 /* MovableBlockProtocol.swift in Sources */ = {isa = PBXBuildFile; fileRef = 1D69B6E31CB9FF3900C1FA04 /* MovableBlockProtocol.swift */; };
		1D69B6E61CBB896200C1FA04 /* NotBlock.swift in Sources */ = {isa = PBXBuildFile; fileRef = 1D69B6E51CBB896200C1FA04 /* NotBlock.swift */; };
		1D7E23D71C9984F6003E7B75 /* TrashZone.swift in Sources */ = {isa = PBXBuildFile; fileRef = 1D7E23D61C9984F6003E7B75 /* TrashZone.swift */; };
		1D8067381CC32E27003657EE /* HighlightableBlockProtocol.swift in Sources */ = {isa = PBXBuildFile; fileRef = 1D8067371CC32E27003657EE /* HighlightableBlockProtocol.swift */; };
		1D934FE71CAD6AC0009F1FBA /* WhileBlock.swift in Sources */ = {isa = PBXBuildFile; fileRef = 1D934FE61CAD6AC0009F1FBA /* WhileBlock.swift */; };
		1DB4B0811C9516610010F727 /* Syntax.swift in Sources */ = {isa = PBXBuildFile; fileRef = 1DB4B0801C9516610010F727 /* Syntax.swift */; };
		1DB4B0831C951D1F0010F727 /* Interpreter.swift in Sources */ = {isa = PBXBuildFile; fileRef = 1DB4B0821C951D1F0010F727 /* Interpreter.swift */; };
		1DB4B0851C951E250010F727 /* AgentProtocol.swift in Sources */ = {isa = PBXBuildFile; fileRef = 1DB4B0841C951E250010F727 /* AgentProtocol.swift */; };
		1DB4B0891C97FC840010F727 /* CodeBlocksViewController.swift in Sources */ = {isa = PBXBuildFile; fileRef = 1DB4B0881C97FC840010F727 /* CodeBlocksViewController.swift */; };
		1DB4B08B1C97FD940010F727 /* CodeBlocksScene.swift in Sources */ = {isa = PBXBuildFile; fileRef = 1DB4B08A1C97FD940010F727 /* CodeBlocksScene.swift */; };
		1DB4B08D1C99073F0010F727 /* DropZone.swift in Sources */ = {isa = PBXBuildFile; fileRef = 1DB4B08C1C99073F0010F727 /* DropZone.swift */; };
		1DB4B08F1C9913C00010F727 /* BlockButton.swift in Sources */ = {isa = PBXBuildFile; fileRef = 1DB4B08E1C9913C00010F727 /* BlockButton.swift */; };
		1DB4B0911C991F260010F727 /* ProgramBlocks.swift in Sources */ = {isa = PBXBuildFile; fileRef = 1DB4B0901C991F260010F727 /* ProgramBlocks.swift */; };
		1DB4B0931C991FC30010F727 /* CodeBlock.swift in Sources */ = {isa = PBXBuildFile; fileRef = 1DB4B0921C991FC30010F727 /* CodeBlock.swift */; };
		1DB4B0951C9920480010F727 /* MainBlock.swift in Sources */ = {isa = PBXBuildFile; fileRef = 1DB4B0941C9920480010F727 /* MainBlock.swift */; };
		1DB4B0971C9927170010F727 /* InsertionPosition.swift in Sources */ = {isa = PBXBuildFile; fileRef = 1DB4B0961C9927170010F727 /* InsertionPosition.swift */; };
		1DEDB23B1CC67C9000F5124A /* BlocksSection.swift in Sources */ = {isa = PBXBuildFile; fileRef = 1DEDB23A1CC67C9000F5124A /* BlocksSection.swift */; };
		1DEDB23D1CC6959D00F5124A /* ActionBlock.swift in Sources */ = {isa = PBXBuildFile; fileRef = 1DEDB23C1CC6959D00F5124A /* ActionBlock.swift */; };
		3D1592671CBACA46009E8559 /* ProgramBlocksSupplier.swift in Sources */ = {isa = PBXBuildFile; fileRef = 3D1592661CBACA46009E8559 /* ProgramBlocksSupplier.swift */; };
		3D15926D1CC32ACB009E8559 /* PackageSelectorViewController.swift in Sources */ = {isa = PBXBuildFile; fileRef = 3D15926C1CC32ACB009E8559 /* PackageSelectorViewController.swift */; };
		3D15926F1CC32F72009E8559 /* PackageCell.swift in Sources */ = {isa = PBXBuildFile; fileRef = 3D15926E1CC32F72009E8559 /* PackageCell.swift */; };
		3D21216B1C9A55F000E6564B /* PannableScene.swift in Sources */ = {isa = PBXBuildFile; fileRef = 3D21216A1C9A55F000E6564B /* PannableScene.swift */; };
		3D42AABF1CC63EEB00C7FDF2 /* CodeBlocksScaleSupplier.swift in Sources */ = {isa = PBXBuildFile; fileRef = 3D42AABE1CC63EEB00C7FDF2 /* CodeBlocksScaleSupplier.swift */; };
		3D42AAC11CC6903100C7FDF2 /* Prepackaged Levels in Resources */ = {isa = PBXBuildFile; fileRef = 3D42AAC01CC6903100C7FDF2 /* Prepackaged Levels */; };
		3DF230A21C8F0617003420C0 /* AppDelegate.swift in Sources */ = {isa = PBXBuildFile; fileRef = 3DF230A11C8F0617003420C0 /* AppDelegate.swift */; };
		3DF230A41C8F0617003420C0 /* PlayingMapViewController.swift in Sources */ = {isa = PBXBuildFile; fileRef = 3DF230A31C8F0617003420C0 /* PlayingMapViewController.swift */; };
		3DF230A71C8F0617003420C0 /* Main.storyboard in Resources */ = {isa = PBXBuildFile; fileRef = 3DF230A51C8F0617003420C0 /* Main.storyboard */; };
		3DF230A91C8F0617003420C0 /* Assets.xcassets in Resources */ = {isa = PBXBuildFile; fileRef = 3DF230A81C8F0617003420C0 /* Assets.xcassets */; };
		3DF230AC1C8F0617003420C0 /* LaunchScreen.storyboard in Resources */ = {isa = PBXBuildFile; fileRef = 3DF230AA1C8F0617003420C0 /* LaunchScreen.storyboard */; };
		3DF3A7761CC892980074C287 /* LevelCell.swift in Sources */ = {isa = PBXBuildFile; fileRef = 3DF3A7751CC892980074C287 /* LevelCell.swift */; };
		3DF6D0D41CC5D3EA00305CDE /* PackageSelectorOuterViewController.swift in Sources */ = {isa = PBXBuildFile; fileRef = 3DF6D0D31CC5D3EA00305CDE /* PackageSelectorOuterViewController.swift */; };
		B01BF8CB1CA12C6800D02FCA /* LevelDesigningMapScene.swift in Sources */ = {isa = PBXBuildFile; fileRef = B01BF8CA1CA12C6800D02FCA /* LevelDesigningMapScene.swift */; };
		B01BF8CD1CA12C6E00D02FCA /* LevelDesigningViewController.swift in Sources */ = {isa = PBXBuildFile; fileRef = B01BF8CC1CA12C6E00D02FCA /* LevelDesigningViewController.swift */; };
		B01BF8CF1CA12C7400D02FCA /* FilesArchive.swift in Sources */ = {isa = PBXBuildFile; fileRef = B01BF8CE1CA12C7400D02FCA /* FilesArchive.swift */; };
		B01BF8D41CA1B31100D02FCA /* LevelSelectorViewController.swift in Sources */ = {isa = PBXBuildFile; fileRef = B01BF8D31CA1B31100D02FCA /* LevelSelectorViewController.swift */; };
		B01BF9001CA2E14900D02FCA /* LevelSelectorPageViewController.swift in Sources */ = {isa = PBXBuildFile; fileRef = B01BF8FF1CA2E14900D02FCA /* LevelSelectorPageViewController.swift */; };
		B04E40521CC6064400C73E86 /* DesigningMapConstants.swift in Sources */ = {isa = PBXBuildFile; fileRef = B04E40511CC6064400C73E86 /* DesigningMapConstants.swift */; };
		BF145B8B1CBAA3EC00BF39D6 /* PresetMap.swift in Sources */ = {isa = PBXBuildFile; fileRef = BF145B8A1CBAA3EC00BF39D6 /* PresetMap.swift */; };
		BF156EDB1CC6272500B4EB2A /* edit-code-icon.png in Resources */ = {isa = PBXBuildFile; fileRef = BF156EDA1CC6272500B4EB2A /* edit-code-icon.png */; };
		BF17DEB11CC897AA00192183 /* BloatyRexTests.swift in Sources */ = {isa = PBXBuildFile; fileRef = BF17DEB01CC897AA00192183 /* BloatyRexTests.swift */; };
		BF17DEB91CC897C200192183 /* GameRatingTests.swift in Sources */ = {isa = PBXBuildFile; fileRef = BF17DEB81CC897C200192183 /* GameRatingTests.swift */; };
		BF17DEBB1CC897D000192183 /* InterpreterTests.swift in Sources */ = {isa = PBXBuildFile; fileRef = BF17DEBA1CC897D000192183 /* InterpreterTests.swift */; };
		BF17DEBC1CC899A500192183 /* Syntax.swift in Sources */ = {isa = PBXBuildFile; fileRef = 1DB4B0801C9516610010F727 /* Syntax.swift */; };
		BF17DEBD1CC899AC00192183 /* FilesArchive.swift in Sources */ = {isa = PBXBuildFile; fileRef = B01BF8CE1CA12C7400D02FCA /* FilesArchive.swift */; };
		BF17DEBE1CC899AC00192183 /* Map.swift in Sources */ = {isa = PBXBuildFile; fileRef = BF4C52F11C910CD100C56DD2 /* Map.swift */; };
		BF17DEBF1CC899AC00192183 /* PresetMap.swift in Sources */ = {isa = PBXBuildFile; fileRef = BF145B8A1CBAA3EC00BF39D6 /* PresetMap.swift */; };
		BF17DEC01CC899AC00192183 /* MapUnitType.swift in Sources */ = {isa = PBXBuildFile; fileRef = BF4C52F31C910D5E00C56DD2 /* MapUnitType.swift */; };
		BF17DEC11CC899AC00192183 /* Action.swift in Sources */ = {isa = PBXBuildFile; fileRef = BF4C52F51C9110A000C56DD2 /* Action.swift */; };
		BF17DEC21CC899AC00192183 /* MapBlock.swift in Sources */ = {isa = PBXBuildFile; fileRef = BF5339C81C941459007F56F0 /* MapBlock.swift */; };
		BF17DEC31CC899AC00192183 /* Interpreter.swift in Sources */ = {isa = PBXBuildFile; fileRef = 1DB4B0821C951D1F0010F727 /* Interpreter.swift */; };
		BF17DEC41CC899AC00192183 /* Interpreter+LanguageDelegate.swift in Sources */ = {isa = PBXBuildFile; fileRef = BF8FA5C01C9572BD00DAE175 /* Interpreter+LanguageDelegate.swift */; };
		BF17DEC51CC899B200192183 /* AppDelegate.swift in Sources */ = {isa = PBXBuildFile; fileRef = 3DF230A11C8F0617003420C0 /* AppDelegate.swift */; };
		BF17DEC61CC899C100192183 /* PlayingMapViewController.swift in Sources */ = {isa = PBXBuildFile; fileRef = 3DF230A31C8F0617003420C0 /* PlayingMapViewController.swift */; };
		BF17DEC71CC899C100192183 /* PlayingMapScene.swift in Sources */ = {isa = PBXBuildFile; fileRef = BF36F2331C93F24B006D88C3 /* PlayingMapScene.swift */; };
		BF17DEC81CC899C100192183 /* StaticMapScene.swift in Sources */ = {isa = PBXBuildFile; fileRef = BFFB1A3F1CAC03AE00C746CD /* StaticMapScene.swift */; };
		BF17DEC91CC899C100192183 /* MapNode.swift in Sources */ = {isa = PBXBuildFile; fileRef = BFFB1A3D1CABB78F00C746CD /* MapNode.swift */; };
		BF17DECA1CC899C100192183 /* Direction.swift in Sources */ = {isa = PBXBuildFile; fileRef = BF8FA5AC1C947C5100DAE175 /* Direction.swift */; };
		BF17DECB1CC899C100192183 /* AgentNode.swift in Sources */ = {isa = PBXBuildFile; fileRef = BF5339C61C941155007F56F0 /* AgentNode.swift */; };
		BF17DECC1CC899C100192183 /* AgentNode+AgentProtocol.swift in Sources */ = {isa = PBXBuildFile; fileRef = BF695B8E1CC4C46200532797 /* AgentNode+AgentProtocol.swift */; };
		BF17DECD1CC899C100192183 /* GoalNode.swift in Sources */ = {isa = PBXBuildFile; fileRef = BF8FA5B61C948CB500DAE175 /* GoalNode.swift */; };
		BF17DECE1CC899C100192183 /* WallNode.swift in Sources */ = {isa = PBXBuildFile; fileRef = BF8FA5B21C948C9A00DAE175 /* WallNode.swift */; };
		BF17DECF1CC899C100192183 /* HoleNode.swift in Sources */ = {isa = PBXBuildFile; fileRef = BFB045C91CB43485009F21EF /* HoleNode.swift */; };
		BF17DED01CC899C100192183 /* MonsterNode.swift in Sources */ = {isa = PBXBuildFile; fileRef = BF695B8A1CC37F8B00532797 /* MonsterNode.swift */; };
		BF17DED11CC899C100192183 /* WoodenBlockNode.swift in Sources */ = {isa = PBXBuildFile; fileRef = BFB045CB1CB4349D009F21EF /* WoodenBlockNode.swift */; };
		BF17DED21CC899C100192183 /* DoorNode.swift in Sources */ = {isa = PBXBuildFile; fileRef = BF695B8C1CC3809B00532797 /* DoorNode.swift */; };
		BF17DED31CC899C100192183 /* MapUnitNode.swift in Sources */ = {isa = PBXBuildFile; fileRef = BFB045CD1CB4C418009F21EF /* MapUnitNode.swift */; };
		BF17DED41CC899C100192183 /* DefaultGameScorer.swift in Sources */ = {isa = PBXBuildFile; fileRef = BF7F3CA21CBDDAB6004530F5 /* DefaultGameScorer.swift */; };
		BF17DED51CC899FA00192183 /* LanguageDelegate.swift in Sources */ = {isa = PBXBuildFile; fileRef = BF5339C41C941134007F56F0 /* LanguageDelegate.swift */; };
		BF17DED61CC899FA00192183 /* AgentProtocol.swift in Sources */ = {isa = PBXBuildFile; fileRef = 1DB4B0841C951E250010F727 /* AgentProtocol.swift */; };
		BF17DED71CC899FA00192183 /* ProgramSupplier.swift in Sources */ = {isa = PBXBuildFile; fileRef = BFD365D61CA25BAD00956CE1 /* ProgramSupplier.swift */; };
		BF17DED81CC899FA00192183 /* ProgramBlocksSupplier.swift in Sources */ = {isa = PBXBuildFile; fileRef = 3D1592661CBACA46009E8559 /* ProgramBlocksSupplier.swift */; };
		BF17DED91CC899FA00192183 /* Scorer.swift in Sources */ = {isa = PBXBuildFile; fileRef = BF7F3C9E1CBDD702004530F5 /* Scorer.swift */; };
		BF17DEDA1CC899FA00192183 /* ScoreCriterion.swift in Sources */ = {isa = PBXBuildFile; fileRef = BF7F3CA01CBDD86F004530F5 /* ScoreCriterion.swift */; };
		BF17DEDB1CC899FA00192183 /* CodeBlocksScaleSupplier.swift in Sources */ = {isa = PBXBuildFile; fileRef = 3D42AABE1CC63EEB00C7FDF2 /* CodeBlocksScaleSupplier.swift */; };
		BF17DEDC1CC89A0A00192183 /* Observation.swift in Sources */ = {isa = PBXBuildFile; fileRef = BF8FA5B81C952E6300DAE175 /* Observation.swift */; };
		BF17DEDD1CC89A4400192183 /* HighlightableBlockProtocol.swift in Sources */ = {isa = PBXBuildFile; fileRef = 1D8067371CC32E27003657EE /* HighlightableBlockProtocol.swift */; };
		BF17DEDE1CC89A5200192183 /* ContainerBlockProtocol.swift in Sources */ = {isa = PBXBuildFile; fileRef = 1D69B6C51CB2998B00C1FA04 /* ContainerBlockProtocol.swift */; };
		BF17DEDF1CC89A5200192183 /* BoolOpBlock.swift in Sources */ = {isa = PBXBuildFile; fileRef = 1D69B6CF1CB3AF0600C1FA04 /* BoolOpBlock.swift */; };
		BF17DEE01CC89A5200192183 /* NotBlock.swift in Sources */ = {isa = PBXBuildFile; fileRef = 1D69B6E51CBB896200C1FA04 /* NotBlock.swift */; };
		BF17DEE11CC89A5200192183 /* SeeBlock.swift in Sources */ = {isa = PBXBuildFile; fileRef = 1D69B6D11CB3B24000C1FA04 /* SeeBlock.swift */; };
		BF17DEE21CC89A5200192183 /* NotSafeBlock.swift in Sources */ = {isa = PBXBuildFile; fileRef = 1D409C6D1CC5F45E002E6B02 /* NotSafeBlock.swift */; };
		BF17DEE31CC89A5200192183 /* IfBlock.swift in Sources */ = {isa = PBXBuildFile; fileRef = 1D69B6E11CB6B37E00C1FA04 /* IfBlock.swift */; };
		BF17DEE41CC89A5200192183 /* WhileBlock.swift in Sources */ = {isa = PBXBuildFile; fileRef = 1D934FE61CAD6AC0009F1FBA /* WhileBlock.swift */; };
		BF17DEE51CC89A5200192183 /* CodeBlocksViewController.swift in Sources */ = {isa = PBXBuildFile; fileRef = 1DB4B0881C97FC840010F727 /* CodeBlocksViewController.swift */; };
		BF17DEE61CC89A5200192183 /* CodeBlocksScene.swift in Sources */ = {isa = PBXBuildFile; fileRef = 1DB4B08A1C97FD940010F727 /* CodeBlocksScene.swift */; };
		BF17DEE71CC89A5200192183 /* BlocksSection.swift in Sources */ = {isa = PBXBuildFile; fileRef = 1DEDB23A1CC67C9000F5124A /* BlocksSection.swift */; };
		BF17DEE81CC89A5200192183 /* BlockButton.swift in Sources */ = {isa = PBXBuildFile; fileRef = 1DB4B08E1C9913C00010F727 /* BlockButton.swift */; };
		BF17DEE91CC89A5200192183 /* ProgramBlocks.swift in Sources */ = {isa = PBXBuildFile; fileRef = 1DB4B0901C991F260010F727 /* ProgramBlocks.swift */; };
		BF17DEEA1CC89A5200192183 /* TrashZone.swift in Sources */ = {isa = PBXBuildFile; fileRef = 1D7E23D61C9984F6003E7B75 /* TrashZone.swift */; };
		BF17DEEB1CC89A5200192183 /* CodeBlock.swift in Sources */ = {isa = PBXBuildFile; fileRef = 1DB4B0921C991FC30010F727 /* CodeBlock.swift */; };
		BF17DEEC1CC89A5200192183 /* ActionBlock.swift in Sources */ = {isa = PBXBuildFile; fileRef = 1DEDB23C1CC6959D00F5124A /* ActionBlock.swift */; };
		BF17DEED1CC89A5200192183 /* MainBlock.swift in Sources */ = {isa = PBXBuildFile; fileRef = 1DB4B0941C9920480010F727 /* MainBlock.swift */; };
		BF17DEEE1CC89A5200192183 /* InsertionPosition.swift in Sources */ = {isa = PBXBuildFile; fileRef = 1DB4B0961C9927170010F727 /* InsertionPosition.swift */; };
		BF17DEEF1CC89A5200192183 /* TrashContainer.swift in Sources */ = {isa = PBXBuildFile; fileRef = 1D69B6C71CB29E4500C1FA04 /* TrashContainer.swift */; };
		BF17DEF01CC89A5200192183 /* DropZone.swift in Sources */ = {isa = PBXBuildFile; fileRef = 1DB4B08C1C99073F0010F727 /* DropZone.swift */; };
		BF17DEF11CC89A5200192183 /* NestingZone.swift in Sources */ = {isa = PBXBuildFile; fileRef = 1D69B6C91CB2AA9200C1FA04 /* NestingZone.swift */; };
		BF17DEF21CC89A5200192183 /* MovableBlockProtocol.swift in Sources */ = {isa = PBXBuildFile; fileRef = 1D69B6E31CB9FF3900C1FA04 /* MovableBlockProtocol.swift */; };
		BF17DEF31CC89A5200192183 /* ObjectBlock.swift in Sources */ = {isa = PBXBuildFile; fileRef = 1D69B6D71CB5583600C1FA04 /* ObjectBlock.swift */; };
		BF17DEF41CC89A5E00192183 /* PlayingViewController.swift in Sources */ = {isa = PBXBuildFile; fileRef = BF8E12AB1C99ADE900B210C3 /* PlayingViewController.swift */; };
		BF17DEF51CC89A6500192183 /* LevelDesigningMapScene.swift in Sources */ = {isa = PBXBuildFile; fileRef = B01BF8CA1CA12C6800D02FCA /* LevelDesigningMapScene.swift */; };
		BF17DEF61CC89A6500192183 /* LevelDesigningViewController.swift in Sources */ = {isa = PBXBuildFile; fileRef = B01BF8CC1CA12C6E00D02FCA /* LevelDesigningViewController.swift */; };
		BF17DEF71CC89A6500192183 /* DesigningMapConstants.swift in Sources */ = {isa = PBXBuildFile; fileRef = B04E40511CC6064400C73E86 /* DesigningMapConstants.swift */; };
		BF17DEF81CC89A6800192183 /* TitleViewController.swift in Sources */ = {isa = PBXBuildFile; fileRef = BF8E12A81C99AA9200B210C3 /* TitleViewController.swift */; };
		BF17DEF91CC89A9800192183 /* ModalPresentationAnimationController.swift in Sources */ = {isa = PBXBuildFile; fileRef = BF6736231CC7782600C8752B /* ModalPresentationAnimationController.swift */; };
		BF17DEFA1CC89A9800192183 /* ModalPresentationController.swift in Sources */ = {isa = PBXBuildFile; fileRef = BF6736241CC7782600C8752B /* ModalPresentationController.swift */; };
		BF17DEFB1CC89A9800192183 /* SKButton.swift in Sources */ = {isa = PBXBuildFile; fileRef = BFA80FB01C95BFAD00F1BC15 /* SKButton.swift */; };
		BF17DEFC1CC89A9800192183 /* PannableScene.swift in Sources */ = {isa = PBXBuildFile; fileRef = 3D21216A1C9A55F000E6564B /* PannableScene.swift */; };
		BF17DEFD1CC89A9800192183 /* GlobalConstants.swift in Sources */ = {isa = PBXBuildFile; fileRef = BF49FA501CA61ACF00546F43 /* GlobalConstants.swift */; };
		BF17DEFE1CC89ACD00192183 /* TextureManager.swift in Sources */ = {isa = PBXBuildFile; fileRef = BF8FA5BA1C9544ED00DAE175 /* TextureManager.swift */; };
		BF17DEFF1CC89B2000192183 /* ProgrammingViewController.swift in Sources */ = {isa = PBXBuildFile; fileRef = BFFB1A391CABB3F300C746CD /* ProgrammingViewController.swift */; };
		BF17DF001CC89B2000192183 /* ThumbnailPlayingMapViewController.swift in Sources */ = {isa = PBXBuildFile; fileRef = BFFB1A3B1CABB56900C746CD /* ThumbnailPlayingMapViewController.swift */; };
		BF17DF011CC89B3400192183 /* PlayingHintController.swift in Sources */ = {isa = PBXBuildFile; fileRef = BF6736271CC7786E00C8752B /* PlayingHintController.swift */; };
		BF17DF021CC89B7E00192183 /* LevelSelectorViewController.swift in Sources */ = {isa = PBXBuildFile; fileRef = B01BF8D31CA1B31100D02FCA /* LevelSelectorViewController.swift */; };
		BF17DF031CC89B7E00192183 /* LevelSelectorPageViewController.swift in Sources */ = {isa = PBXBuildFile; fileRef = B01BF8FF1CA2E14900D02FCA /* LevelSelectorPageViewController.swift */; };
		BF17DF041CC89B8500192183 /* PackageSelectorOuterViewController.swift in Sources */ = {isa = PBXBuildFile; fileRef = 3DF6D0D31CC5D3EA00305CDE /* PackageSelectorOuterViewController.swift */; };
		BF17DF051CC89B8500192183 /* PackageSelectorViewController.swift in Sources */ = {isa = PBXBuildFile; fileRef = 3D15926C1CC32ACB009E8559 /* PackageSelectorViewController.swift */; };
		BF17DF061CC89B8500192183 /* PackageCell.swift in Sources */ = {isa = PBXBuildFile; fileRef = 3D15926E1CC32F72009E8559 /* PackageCell.swift */; };
		BF17DF081CC8A9C100192183 /* UINavigationControllerUtils.swift in Sources */ = {isa = PBXBuildFile; fileRef = BF17DF071CC8A9C100192183 /* UINavigationControllerUtils.swift */; };
		BF17DF091CC8AC2600192183 /* LevelCell.swift in Sources */ = {isa = PBXBuildFile; fileRef = 3DF3A7751CC892980074C287 /* LevelCell.swift */; };
		BF17DF0A1CC8B2DF00192183 /* PlayingMapSceneConstants.swift in Sources */ = {isa = PBXBuildFile; fileRef = BF6AB17C1CC6C925009943BB /* PlayingMapSceneConstants.swift */; };
		BF36F2341C93F24B006D88C3 /* PlayingMapScene.swift in Sources */ = {isa = PBXBuildFile; fileRef = BF36F2331C93F24B006D88C3 /* PlayingMapScene.swift */; };
		BF49FA511CA61ACF00546F43 /* GlobalConstants.swift in Sources */ = {isa = PBXBuildFile; fileRef = BF49FA501CA61ACF00546F43 /* GlobalConstants.swift */; };
		BF4C52F21C910CD100C56DD2 /* Map.swift in Sources */ = {isa = PBXBuildFile; fileRef = BF4C52F11C910CD100C56DD2 /* Map.swift */; };
		BF4C52F41C910D5E00C56DD2 /* MapUnitType.swift in Sources */ = {isa = PBXBuildFile; fileRef = BF4C52F31C910D5E00C56DD2 /* MapUnitType.swift */; };
		BF4C52F61C9110A000C56DD2 /* Action.swift in Sources */ = {isa = PBXBuildFile; fileRef = BF4C52F51C9110A000C56DD2 /* Action.swift */; };
		BF5339C51C941134007F56F0 /* LanguageDelegate.swift in Sources */ = {isa = PBXBuildFile; fileRef = BF5339C41C941134007F56F0 /* LanguageDelegate.swift */; };
		BF5339C71C941155007F56F0 /* AgentNode.swift in Sources */ = {isa = PBXBuildFile; fileRef = BF5339C61C941155007F56F0 /* AgentNode.swift */; };
		BF5339C91C941459007F56F0 /* MapBlock.swift in Sources */ = {isa = PBXBuildFile; fileRef = BF5339C81C941459007F56F0 /* MapBlock.swift */; };
		BF6736251CC7782600C8752B /* ModalPresentationAnimationController.swift in Sources */ = {isa = PBXBuildFile; fileRef = BF6736231CC7782600C8752B /* ModalPresentationAnimationController.swift */; };
		BF6736261CC7782600C8752B /* ModalPresentationController.swift in Sources */ = {isa = PBXBuildFile; fileRef = BF6736241CC7782600C8752B /* ModalPresentationController.swift */; };
		BF6736281CC7786E00C8752B /* PlayingHintController.swift in Sources */ = {isa = PBXBuildFile; fileRef = BF6736271CC7786E00C8752B /* PlayingHintController.swift */; };
		BF695B8B1CC37F8B00532797 /* MonsterNode.swift in Sources */ = {isa = PBXBuildFile; fileRef = BF695B8A1CC37F8B00532797 /* MonsterNode.swift */; };
		BF695B8D1CC3809B00532797 /* DoorNode.swift in Sources */ = {isa = PBXBuildFile; fileRef = BF695B8C1CC3809B00532797 /* DoorNode.swift */; };
		BF695B8F1CC4C46200532797 /* AgentNode+AgentProtocol.swift in Sources */ = {isa = PBXBuildFile; fileRef = BF695B8E1CC4C46200532797 /* AgentNode+AgentProtocol.swift */; };
		BF6AB17D1CC6C925009943BB /* PlayingMapSceneConstants.swift in Sources */ = {isa = PBXBuildFile; fileRef = BF6AB17C1CC6C925009943BB /* PlayingMapSceneConstants.swift */; };
		BF7F3C9D1CBBA2BF004530F5 /* Yoshi-win.png in Resources */ = {isa = PBXBuildFile; fileRef = BF7F3C9C1CBBA2BF004530F5 /* Yoshi-win.png */; };
		BF7F3C9F1CBDD702004530F5 /* Scorer.swift in Sources */ = {isa = PBXBuildFile; fileRef = BF7F3C9E1CBDD702004530F5 /* Scorer.swift */; };
		BF7F3CA11CBDD86F004530F5 /* ScoreCriterion.swift in Sources */ = {isa = PBXBuildFile; fileRef = BF7F3CA01CBDD86F004530F5 /* ScoreCriterion.swift */; };
		BF7F3CA31CBDDAB6004530F5 /* DefaultGameScorer.swift in Sources */ = {isa = PBXBuildFile; fileRef = BF7F3CA21CBDDAB6004530F5 /* DefaultGameScorer.swift */; };
		BF8E12A91C99AA9200B210C3 /* TitleViewController.swift in Sources */ = {isa = PBXBuildFile; fileRef = BF8E12A81C99AA9200B210C3 /* TitleViewController.swift */; };
		BF8E12AC1C99ADE900B210C3 /* PlayingViewController.swift in Sources */ = {isa = PBXBuildFile; fileRef = BF8E12AB1C99ADE900B210C3 /* PlayingViewController.swift */; };
		BF8E76E41CC54BB5000AE8CC /* Spark.sks in Resources */ = {isa = PBXBuildFile; fileRef = BF8E76E21CC54BB5000AE8CC /* Spark.sks */; };
		BF8E76E51CC54BB5000AE8CC /* spark.png in Resources */ = {isa = PBXBuildFile; fileRef = BF8E76E31CC54BB5000AE8CC /* spark.png */; };
		BF8FA5AD1C947C5100DAE175 /* Direction.swift in Sources */ = {isa = PBXBuildFile; fileRef = BF8FA5AC1C947C5100DAE175 /* Direction.swift */; };
		BF8FA5B31C948C9A00DAE175 /* WallNode.swift in Sources */ = {isa = PBXBuildFile; fileRef = BF8FA5B21C948C9A00DAE175 /* WallNode.swift */; };
		BF8FA5B71C948CB500DAE175 /* GoalNode.swift in Sources */ = {isa = PBXBuildFile; fileRef = BF8FA5B61C948CB500DAE175 /* GoalNode.swift */; };
		BF8FA5B91C952E6300DAE175 /* Observation.swift in Sources */ = {isa = PBXBuildFile; fileRef = BF8FA5B81C952E6300DAE175 /* Observation.swift */; };
		BF8FA5BB1C9544ED00DAE175 /* TextureManager.swift in Sources */ = {isa = PBXBuildFile; fileRef = BF8FA5BA1C9544ED00DAE175 /* TextureManager.swift */; };
		BF8FA5C11C9572BD00DAE175 /* Interpreter+LanguageDelegate.swift in Sources */ = {isa = PBXBuildFile; fileRef = BF8FA5C01C9572BD00DAE175 /* Interpreter+LanguageDelegate.swift */; };
		BFA80FB11C95BFAD00F1BC15 /* SKButton.swift in Sources */ = {isa = PBXBuildFile; fileRef = BFA80FB01C95BFAD00F1BC15 /* SKButton.swift */; };
		BFB045CA1CB43485009F21EF /* HoleNode.swift in Sources */ = {isa = PBXBuildFile; fileRef = BFB045C91CB43485009F21EF /* HoleNode.swift */; };
		BFB045CC1CB4349D009F21EF /* WoodenBlockNode.swift in Sources */ = {isa = PBXBuildFile; fileRef = BFB045CB1CB4349D009F21EF /* WoodenBlockNode.swift */; };
		BFB045CE1CB4C418009F21EF /* MapUnitNode.swift in Sources */ = {isa = PBXBuildFile; fileRef = BFB045CD1CB4C418009F21EF /* MapUnitNode.swift */; };
		BFD365D71CA25BAD00956CE1 /* ProgramSupplier.swift in Sources */ = {isa = PBXBuildFile; fileRef = BFD365D61CA25BAD00956CE1 /* ProgramSupplier.swift */; };
		BFFB1A3A1CABB3F300C746CD /* ProgrammingViewController.swift in Sources */ = {isa = PBXBuildFile; fileRef = BFFB1A391CABB3F300C746CD /* ProgrammingViewController.swift */; };
		BFFB1A3C1CABB56900C746CD /* ThumbnailPlayingMapViewController.swift in Sources */ = {isa = PBXBuildFile; fileRef = BFFB1A3B1CABB56900C746CD /* ThumbnailPlayingMapViewController.swift */; };
		BFFB1A3E1CABB78F00C746CD /* MapNode.swift in Sources */ = {isa = PBXBuildFile; fileRef = BFFB1A3D1CABB78F00C746CD /* MapNode.swift */; };
		BFFB1A401CAC03AE00C746CD /* StaticMapScene.swift in Sources */ = {isa = PBXBuildFile; fileRef = BFFB1A3F1CAC03AE00C746CD /* StaticMapScene.swift */; };
/* End PBXBuildFile section */

/* Begin PBXContainerItemProxy section */
		BF17DEB31CC897AA00192183 /* PBXContainerItemProxy */ = {
			isa = PBXContainerItemProxy;
			containerPortal = 3DF230961C8F0617003420C0 /* Project object */;
			proxyType = 1;
			remoteGlobalIDString = 3DF2309D1C8F0617003420C0;
			remoteInfo = BloatyRex;
		};
/* End PBXContainerItemProxy section */

/* Begin PBXFileReference section */
		1D409C6D1CC5F45E002E6B02 /* NotSafeBlock.swift */ = {isa = PBXFileReference; fileEncoding = 4; lastKnownFileType = sourcecode.swift; path = NotSafeBlock.swift; sourceTree = "<group>"; };
		1D69B6C51CB2998B00C1FA04 /* ContainerBlockProtocol.swift */ = {isa = PBXFileReference; fileEncoding = 4; lastKnownFileType = sourcecode.swift; name = ContainerBlockProtocol.swift; path = FinalProject/ContainerBlockProtocol.swift; sourceTree = "<group>"; };
		1D69B6C71CB29E4500C1FA04 /* TrashContainer.swift */ = {isa = PBXFileReference; fileEncoding = 4; lastKnownFileType = sourcecode.swift; path = TrashContainer.swift; sourceTree = "<group>"; };
		1D69B6C91CB2AA9200C1FA04 /* NestingZone.swift */ = {isa = PBXFileReference; fileEncoding = 4; lastKnownFileType = sourcecode.swift; path = NestingZone.swift; sourceTree = "<group>"; };
		1D69B6CF1CB3AF0600C1FA04 /* BoolOpBlock.swift */ = {isa = PBXFileReference; fileEncoding = 4; lastKnownFileType = sourcecode.swift; path = BoolOpBlock.swift; sourceTree = "<group>"; };
		1D69B6D11CB3B24000C1FA04 /* SeeBlock.swift */ = {isa = PBXFileReference; fileEncoding = 4; lastKnownFileType = sourcecode.swift; path = SeeBlock.swift; sourceTree = "<group>"; };
		1D69B6D71CB5583600C1FA04 /* ObjectBlock.swift */ = {isa = PBXFileReference; fileEncoding = 4; lastKnownFileType = sourcecode.swift; path = ObjectBlock.swift; sourceTree = "<group>"; };
		1D69B6E11CB6B37E00C1FA04 /* IfBlock.swift */ = {isa = PBXFileReference; fileEncoding = 4; lastKnownFileType = sourcecode.swift; path = IfBlock.swift; sourceTree = "<group>"; };
		1D69B6E31CB9FF3900C1FA04 /* MovableBlockProtocol.swift */ = {isa = PBXFileReference; fileEncoding = 4; lastKnownFileType = sourcecode.swift; path = MovableBlockProtocol.swift; sourceTree = "<group>"; };
		1D69B6E51CBB896200C1FA04 /* NotBlock.swift */ = {isa = PBXFileReference; fileEncoding = 4; lastKnownFileType = sourcecode.swift; path = NotBlock.swift; sourceTree = "<group>"; };
		1D7E23D61C9984F6003E7B75 /* TrashZone.swift */ = {isa = PBXFileReference; fileEncoding = 4; lastKnownFileType = sourcecode.swift; lineEnding = 0; path = TrashZone.swift; sourceTree = "<group>"; xcLanguageSpecificationIdentifier = xcode.lang.swift; };
		1D8067371CC32E27003657EE /* HighlightableBlockProtocol.swift */ = {isa = PBXFileReference; fileEncoding = 4; lastKnownFileType = sourcecode.swift; path = HighlightableBlockProtocol.swift; sourceTree = "<group>"; };
		1D934FE61CAD6AC0009F1FBA /* WhileBlock.swift */ = {isa = PBXFileReference; fileEncoding = 4; lastKnownFileType = sourcecode.swift; path = WhileBlock.swift; sourceTree = "<group>"; };
		1DB4B0801C9516610010F727 /* Syntax.swift */ = {isa = PBXFileReference; fileEncoding = 4; lastKnownFileType = sourcecode.swift; path = Syntax.swift; sourceTree = "<group>"; };
		1DB4B0821C951D1F0010F727 /* Interpreter.swift */ = {isa = PBXFileReference; fileEncoding = 4; lastKnownFileType = sourcecode.swift; path = Interpreter.swift; sourceTree = "<group>"; };
		1DB4B0841C951E250010F727 /* AgentProtocol.swift */ = {isa = PBXFileReference; fileEncoding = 4; lastKnownFileType = sourcecode.swift; name = AgentProtocol.swift; path = FinalProject/AgentProtocol.swift; sourceTree = "<group>"; };
		1DB4B0881C97FC840010F727 /* CodeBlocksViewController.swift */ = {isa = PBXFileReference; fileEncoding = 4; lastKnownFileType = sourcecode.swift; path = CodeBlocksViewController.swift; sourceTree = "<group>"; };
		1DB4B08A1C97FD940010F727 /* CodeBlocksScene.swift */ = {isa = PBXFileReference; fileEncoding = 4; lastKnownFileType = sourcecode.swift; lineEnding = 0; path = CodeBlocksScene.swift; sourceTree = "<group>"; xcLanguageSpecificationIdentifier = xcode.lang.swift; };
		1DB4B08C1C99073F0010F727 /* DropZone.swift */ = {isa = PBXFileReference; fileEncoding = 4; lastKnownFileType = sourcecode.swift; lineEnding = 0; path = DropZone.swift; sourceTree = "<group>"; xcLanguageSpecificationIdentifier = xcode.lang.swift; };
		1DB4B08E1C9913C00010F727 /* BlockButton.swift */ = {isa = PBXFileReference; fileEncoding = 4; lastKnownFileType = sourcecode.swift; path = BlockButton.swift; sourceTree = "<group>"; };
		1DB4B0901C991F260010F727 /* ProgramBlocks.swift */ = {isa = PBXFileReference; fileEncoding = 4; lastKnownFileType = sourcecode.swift; lineEnding = 0; path = ProgramBlocks.swift; sourceTree = "<group>"; xcLanguageSpecificationIdentifier = xcode.lang.swift; };
		1DB4B0921C991FC30010F727 /* CodeBlock.swift */ = {isa = PBXFileReference; fileEncoding = 4; lastKnownFileType = sourcecode.swift; lineEnding = 0; path = CodeBlock.swift; sourceTree = "<group>"; xcLanguageSpecificationIdentifier = xcode.lang.swift; };
		1DB4B0941C9920480010F727 /* MainBlock.swift */ = {isa = PBXFileReference; fileEncoding = 4; lastKnownFileType = sourcecode.swift; lineEnding = 0; path = MainBlock.swift; sourceTree = "<group>"; xcLanguageSpecificationIdentifier = xcode.lang.swift; };
		1DB4B0961C9927170010F727 /* InsertionPosition.swift */ = {isa = PBXFileReference; fileEncoding = 4; lastKnownFileType = sourcecode.swift; path = InsertionPosition.swift; sourceTree = "<group>"; };
		1DEDB23A1CC67C9000F5124A /* BlocksSection.swift */ = {isa = PBXFileReference; fileEncoding = 4; lastKnownFileType = sourcecode.swift; path = BlocksSection.swift; sourceTree = "<group>"; };
		1DEDB23C1CC6959D00F5124A /* ActionBlock.swift */ = {isa = PBXFileReference; fileEncoding = 4; lastKnownFileType = sourcecode.swift; path = ActionBlock.swift; sourceTree = "<group>"; };
		3D1592661CBACA46009E8559 /* ProgramBlocksSupplier.swift */ = {isa = PBXFileReference; fileEncoding = 4; lastKnownFileType = sourcecode.swift; path = ProgramBlocksSupplier.swift; sourceTree = "<group>"; };
		3D15926C1CC32ACB009E8559 /* PackageSelectorViewController.swift */ = {isa = PBXFileReference; fileEncoding = 4; lastKnownFileType = sourcecode.swift; path = PackageSelectorViewController.swift; sourceTree = "<group>"; };
		3D15926E1CC32F72009E8559 /* PackageCell.swift */ = {isa = PBXFileReference; fileEncoding = 4; lastKnownFileType = sourcecode.swift; path = PackageCell.swift; sourceTree = "<group>"; };
		3D21216A1C9A55F000E6564B /* PannableScene.swift */ = {isa = PBXFileReference; fileEncoding = 4; lastKnownFileType = sourcecode.swift; name = PannableScene.swift; path = FinalProject/PannableScene.swift; sourceTree = "<group>"; };
		3D42AABE1CC63EEB00C7FDF2 /* CodeBlocksScaleSupplier.swift */ = {isa = PBXFileReference; fileEncoding = 4; lastKnownFileType = sourcecode.swift; path = CodeBlocksScaleSupplier.swift; sourceTree = "<group>"; };
		3D42AAC01CC6903100C7FDF2 /* Prepackaged Levels */ = {isa = PBXFileReference; lastKnownFileType = folder; path = "Prepackaged Levels"; sourceTree = "<group>"; };
		3DF2309E1C8F0617003420C0 /* BloatyRex.app */ = {isa = PBXFileReference; explicitFileType = wrapper.application; includeInIndex = 0; path = BloatyRex.app; sourceTree = BUILT_PRODUCTS_DIR; };
		3DF230A11C8F0617003420C0 /* AppDelegate.swift */ = {isa = PBXFileReference; lastKnownFileType = sourcecode.swift; path = AppDelegate.swift; sourceTree = "<group>"; };
		3DF230A31C8F0617003420C0 /* PlayingMapViewController.swift */ = {isa = PBXFileReference; lastKnownFileType = sourcecode.swift; path = PlayingMapViewController.swift; sourceTree = "<group>"; };
		3DF230A61C8F0617003420C0 /* Base */ = {isa = PBXFileReference; lastKnownFileType = file.storyboard; name = Base; path = Base.lproj/Main.storyboard; sourceTree = "<group>"; };
		3DF230A81C8F0617003420C0 /* Assets.xcassets */ = {isa = PBXFileReference; lastKnownFileType = folder.assetcatalog; path = Assets.xcassets; sourceTree = "<group>"; };
		3DF230AB1C8F0617003420C0 /* Base */ = {isa = PBXFileReference; lastKnownFileType = file.storyboard; name = Base; path = Base.lproj/LaunchScreen.storyboard; sourceTree = "<group>"; };
		3DF230AD1C8F0617003420C0 /* Info.plist */ = {isa = PBXFileReference; lastKnownFileType = text.plist.xml; path = Info.plist; sourceTree = "<group>"; };
		3DF3A7751CC892980074C287 /* LevelCell.swift */ = {isa = PBXFileReference; fileEncoding = 4; lastKnownFileType = sourcecode.swift; path = LevelCell.swift; sourceTree = "<group>"; };
		3DF6D0D31CC5D3EA00305CDE /* PackageSelectorOuterViewController.swift */ = {isa = PBXFileReference; fileEncoding = 4; lastKnownFileType = sourcecode.swift; path = PackageSelectorOuterViewController.swift; sourceTree = "<group>"; };
		B01BF8CA1CA12C6800D02FCA /* LevelDesigningMapScene.swift */ = {isa = PBXFileReference; fileEncoding = 4; lastKnownFileType = sourcecode.swift; lineEnding = 0; path = LevelDesigningMapScene.swift; sourceTree = "<group>"; xcLanguageSpecificationIdentifier = xcode.lang.swift; };
		B01BF8CC1CA12C6E00D02FCA /* LevelDesigningViewController.swift */ = {isa = PBXFileReference; fileEncoding = 4; lastKnownFileType = sourcecode.swift; path = LevelDesigningViewController.swift; sourceTree = "<group>"; };
		B01BF8CE1CA12C7400D02FCA /* FilesArchive.swift */ = {isa = PBXFileReference; fileEncoding = 4; lastKnownFileType = sourcecode.swift; path = FilesArchive.swift; sourceTree = "<group>"; };
		B01BF8D31CA1B31100D02FCA /* LevelSelectorViewController.swift */ = {isa = PBXFileReference; fileEncoding = 4; lastKnownFileType = sourcecode.swift; path = LevelSelectorViewController.swift; sourceTree = "<group>"; };
		B01BF8FF1CA2E14900D02FCA /* LevelSelectorPageViewController.swift */ = {isa = PBXFileReference; fileEncoding = 4; lastKnownFileType = sourcecode.swift; path = LevelSelectorPageViewController.swift; sourceTree = "<group>"; };
		B04E40511CC6064400C73E86 /* DesigningMapConstants.swift */ = {isa = PBXFileReference; fileEncoding = 4; lastKnownFileType = sourcecode.swift; path = DesigningMapConstants.swift; sourceTree = "<group>"; };
		BF145B8A1CBAA3EC00BF39D6 /* PresetMap.swift */ = {isa = PBXFileReference; fileEncoding = 4; lastKnownFileType = sourcecode.swift; path = PresetMap.swift; sourceTree = "<group>"; };
		BF156EDA1CC6272500B4EB2A /* edit-code-icon.png */ = {isa = PBXFileReference; lastKnownFileType = image.png; path = "edit-code-icon.png"; sourceTree = "<group>"; };
		BF17DEAE1CC897AA00192183 /* BloatyRexTests.xctest */ = {isa = PBXFileReference; explicitFileType = wrapper.cfbundle; includeInIndex = 0; path = BloatyRexTests.xctest; sourceTree = BUILT_PRODUCTS_DIR; };
		BF17DEB01CC897AA00192183 /* BloatyRexTests.swift */ = {isa = PBXFileReference; lastKnownFileType = sourcecode.swift; path = BloatyRexTests.swift; sourceTree = "<group>"; };
		BF17DEB21CC897AA00192183 /* Info.plist */ = {isa = PBXFileReference; lastKnownFileType = text.plist.xml; path = Info.plist; sourceTree = "<group>"; };
		BF17DEB81CC897C200192183 /* GameRatingTests.swift */ = {isa = PBXFileReference; fileEncoding = 4; lastKnownFileType = sourcecode.swift; path = GameRatingTests.swift; sourceTree = "<group>"; };
		BF17DEBA1CC897D000192183 /* InterpreterTests.swift */ = {isa = PBXFileReference; fileEncoding = 4; lastKnownFileType = sourcecode.swift; path = InterpreterTests.swift; sourceTree = "<group>"; };
		BF17DF071CC8A9C100192183 /* UINavigationControllerUtils.swift */ = {isa = PBXFileReference; fileEncoding = 4; lastKnownFileType = sourcecode.swift; path = UINavigationControllerUtils.swift; sourceTree = "<group>"; };
		BF36F2331C93F24B006D88C3 /* PlayingMapScene.swift */ = {isa = PBXFileReference; fileEncoding = 4; lastKnownFileType = sourcecode.swift; path = PlayingMapScene.swift; sourceTree = "<group>"; };
		BF49FA501CA61ACF00546F43 /* GlobalConstants.swift */ = {isa = PBXFileReference; fileEncoding = 4; lastKnownFileType = sourcecode.swift; path = GlobalConstants.swift; sourceTree = "<group>"; };
		BF4C52F11C910CD100C56DD2 /* Map.swift */ = {isa = PBXFileReference; fileEncoding = 4; lastKnownFileType = sourcecode.swift; path = Map.swift; sourceTree = "<group>"; };
		BF4C52F31C910D5E00C56DD2 /* MapUnitType.swift */ = {isa = PBXFileReference; fileEncoding = 4; lastKnownFileType = sourcecode.swift; path = MapUnitType.swift; sourceTree = "<group>"; };
		BF4C52F51C9110A000C56DD2 /* Action.swift */ = {isa = PBXFileReference; fileEncoding = 4; lastKnownFileType = sourcecode.swift; path = Action.swift; sourceTree = "<group>"; };
		BF5339C41C941134007F56F0 /* LanguageDelegate.swift */ = {isa = PBXFileReference; fileEncoding = 4; lastKnownFileType = sourcecode.swift; name = LanguageDelegate.swift; path = FinalProject/LanguageDelegate.swift; sourceTree = "<group>"; };
		BF5339C61C941155007F56F0 /* AgentNode.swift */ = {isa = PBXFileReference; fileEncoding = 4; lastKnownFileType = sourcecode.swift; path = AgentNode.swift; sourceTree = "<group>"; };
		BF5339C81C941459007F56F0 /* MapBlock.swift */ = {isa = PBXFileReference; fileEncoding = 4; lastKnownFileType = sourcecode.swift; path = MapBlock.swift; sourceTree = "<group>"; };
		BF6736231CC7782600C8752B /* ModalPresentationAnimationController.swift */ = {isa = PBXFileReference; fileEncoding = 4; lastKnownFileType = sourcecode.swift; path = ModalPresentationAnimationController.swift; sourceTree = "<group>"; };
		BF6736241CC7782600C8752B /* ModalPresentationController.swift */ = {isa = PBXFileReference; fileEncoding = 4; lastKnownFileType = sourcecode.swift; path = ModalPresentationController.swift; sourceTree = "<group>"; };
		BF6736271CC7786E00C8752B /* PlayingHintController.swift */ = {isa = PBXFileReference; fileEncoding = 4; lastKnownFileType = sourcecode.swift; path = PlayingHintController.swift; sourceTree = "<group>"; };
		BF695B8A1CC37F8B00532797 /* MonsterNode.swift */ = {isa = PBXFileReference; fileEncoding = 4; lastKnownFileType = sourcecode.swift; path = MonsterNode.swift; sourceTree = "<group>"; };
		BF695B8C1CC3809B00532797 /* DoorNode.swift */ = {isa = PBXFileReference; fileEncoding = 4; lastKnownFileType = sourcecode.swift; path = DoorNode.swift; sourceTree = "<group>"; };
		BF695B8E1CC4C46200532797 /* AgentNode+AgentProtocol.swift */ = {isa = PBXFileReference; fileEncoding = 4; lastKnownFileType = sourcecode.swift; path = "AgentNode+AgentProtocol.swift"; sourceTree = "<group>"; };
		BF6AB17C1CC6C925009943BB /* PlayingMapSceneConstants.swift */ = {isa = PBXFileReference; fileEncoding = 4; lastKnownFileType = sourcecode.swift; path = PlayingMapSceneConstants.swift; sourceTree = "<group>"; };
		BF7F3C9C1CBBA2BF004530F5 /* Yoshi-win.png */ = {isa = PBXFileReference; lastKnownFileType = image.png; path = "Yoshi-win.png"; sourceTree = "<group>"; };
		BF7F3C9E1CBDD702004530F5 /* Scorer.swift */ = {isa = PBXFileReference; fileEncoding = 4; lastKnownFileType = sourcecode.swift; path = Scorer.swift; sourceTree = "<group>"; };
		BF7F3CA01CBDD86F004530F5 /* ScoreCriterion.swift */ = {isa = PBXFileReference; fileEncoding = 4; lastKnownFileType = sourcecode.swift; path = ScoreCriterion.swift; sourceTree = "<group>"; };
		BF7F3CA21CBDDAB6004530F5 /* DefaultGameScorer.swift */ = {isa = PBXFileReference; fileEncoding = 4; lastKnownFileType = sourcecode.swift; path = DefaultGameScorer.swift; sourceTree = "<group>"; };
		BF8E12A81C99AA9200B210C3 /* TitleViewController.swift */ = {isa = PBXFileReference; fileEncoding = 4; lastKnownFileType = sourcecode.swift; path = TitleViewController.swift; sourceTree = "<group>"; };
		BF8E12AB1C99ADE900B210C3 /* PlayingViewController.swift */ = {isa = PBXFileReference; fileEncoding = 4; lastKnownFileType = sourcecode.swift; path = PlayingViewController.swift; sourceTree = "<group>"; };
		BF8E76E21CC54BB5000AE8CC /* Spark.sks */ = {isa = PBXFileReference; lastKnownFileType = file.sks; name = Spark.sks; path = ../Spark.sks; sourceTree = "<group>"; };
		BF8E76E31CC54BB5000AE8CC /* spark.png */ = {isa = PBXFileReference; lastKnownFileType = image.png; name = spark.png; path = ../spark.png; sourceTree = "<group>"; };
		BF8FA5AC1C947C5100DAE175 /* Direction.swift */ = {isa = PBXFileReference; fileEncoding = 4; lastKnownFileType = sourcecode.swift; path = Direction.swift; sourceTree = "<group>"; };
		BF8FA5B21C948C9A00DAE175 /* WallNode.swift */ = {isa = PBXFileReference; fileEncoding = 4; lastKnownFileType = sourcecode.swift; path = WallNode.swift; sourceTree = "<group>"; };
		BF8FA5B61C948CB500DAE175 /* GoalNode.swift */ = {isa = PBXFileReference; fileEncoding = 4; lastKnownFileType = sourcecode.swift; path = GoalNode.swift; sourceTree = "<group>"; };
		BF8FA5B81C952E6300DAE175 /* Observation.swift */ = {isa = PBXFileReference; fileEncoding = 4; lastKnownFileType = sourcecode.swift; path = Observation.swift; sourceTree = "<group>"; };
		BF8FA5BA1C9544ED00DAE175 /* TextureManager.swift */ = {isa = PBXFileReference; fileEncoding = 4; lastKnownFileType = sourcecode.swift; name = TextureManager.swift; path = FinalProject/TextureManager.swift; sourceTree = "<group>"; };
		BF8FA5C01C9572BD00DAE175 /* Interpreter+LanguageDelegate.swift */ = {isa = PBXFileReference; fileEncoding = 4; lastKnownFileType = sourcecode.swift; path = "Interpreter+LanguageDelegate.swift"; sourceTree = "<group>"; };
		BFA80FB01C95BFAD00F1BC15 /* SKButton.swift */ = {isa = PBXFileReference; fileEncoding = 4; lastKnownFileType = sourcecode.swift; path = SKButton.swift; sourceTree = "<group>"; };
		BFB045C91CB43485009F21EF /* HoleNode.swift */ = {isa = PBXFileReference; fileEncoding = 4; lastKnownFileType = sourcecode.swift; path = HoleNode.swift; sourceTree = "<group>"; };
		BFB045CB1CB4349D009F21EF /* WoodenBlockNode.swift */ = {isa = PBXFileReference; fileEncoding = 4; lastKnownFileType = sourcecode.swift; path = WoodenBlockNode.swift; sourceTree = "<group>"; };
		BFB045CD1CB4C418009F21EF /* MapUnitNode.swift */ = {isa = PBXFileReference; fileEncoding = 4; lastKnownFileType = sourcecode.swift; path = MapUnitNode.swift; sourceTree = "<group>"; };
		BFD365D61CA25BAD00956CE1 /* ProgramSupplier.swift */ = {isa = PBXFileReference; fileEncoding = 4; lastKnownFileType = sourcecode.swift; path = ProgramSupplier.swift; sourceTree = "<group>"; };
		BFFB1A391CABB3F300C746CD /* ProgrammingViewController.swift */ = {isa = PBXFileReference; fileEncoding = 4; lastKnownFileType = sourcecode.swift; path = ProgrammingViewController.swift; sourceTree = "<group>"; };
		BFFB1A3B1CABB56900C746CD /* ThumbnailPlayingMapViewController.swift */ = {isa = PBXFileReference; fileEncoding = 4; lastKnownFileType = sourcecode.swift; path = ThumbnailPlayingMapViewController.swift; sourceTree = "<group>"; };
		BFFB1A3D1CABB78F00C746CD /* MapNode.swift */ = {isa = PBXFileReference; fileEncoding = 4; lastKnownFileType = sourcecode.swift; path = MapNode.swift; sourceTree = "<group>"; };
		BFFB1A3F1CAC03AE00C746CD /* StaticMapScene.swift */ = {isa = PBXFileReference; fileEncoding = 4; lastKnownFileType = sourcecode.swift; path = StaticMapScene.swift; sourceTree = "<group>"; };
/* End PBXFileReference section */

/* Begin PBXFrameworksBuildPhase section */
		3DF2309B1C8F0617003420C0 /* Frameworks */ = {
			isa = PBXFrameworksBuildPhase;
			buildActionMask = 2147483647;
			files = (
			);
			runOnlyForDeploymentPostprocessing = 0;
		};
		BF17DEAB1CC897AA00192183 /* Frameworks */ = {
			isa = PBXFrameworksBuildPhase;
			buildActionMask = 2147483647;
			files = (
			);
			runOnlyForDeploymentPostprocessing = 0;
		};
/* End PBXFrameworksBuildPhase section */

/* Begin PBXGroup section */
		1DB4B07D1C95142C0010F727 /* Language */ = {
			isa = PBXGroup;
			children = (
				1DB4B0801C9516610010F727 /* Syntax.swift */,
				BF8FA5B81C952E6300DAE175 /* Observation.swift */,
				1DB4B0821C951D1F0010F727 /* Interpreter.swift */,
				BF8FA5C01C9572BD00DAE175 /* Interpreter+LanguageDelegate.swift */,
				BF4C52F51C9110A000C56DD2 /* Action.swift */,
			);
			name = Language;
			sourceTree = "<group>";
		};
		3D15926B1CC32AA4009E8559 /* PackageSelector */ = {
			isa = PBXGroup;
			children = (
				3DF6D0D31CC5D3EA00305CDE /* PackageSelectorOuterViewController.swift */,
				3D15926C1CC32ACB009E8559 /* PackageSelectorViewController.swift */,
				3D15926E1CC32F72009E8559 /* PackageCell.swift */,
			);
			name = PackageSelector;
			sourceTree = "<group>";
		};
		3DF230951C8F0617003420C0 = {
			isa = PBXGroup;
			children = (
				BF156EDA1CC6272500B4EB2A /* edit-code-icon.png */,
				BF8FA5BA1C9544ED00DAE175 /* TextureManager.swift */,
				BF7F3C9C1CBBA2BF004530F5 /* Yoshi-win.png */,
				BF49FA501CA61ACF00546F43 /* GlobalConstants.swift */,
				BF17DF071CC8A9C100192183 /* UINavigationControllerUtils.swift */,
				BF640D781CA815E800FC454F /* ReusableComponents */,
				BFD365D51CA25B5600956CE1 /* Protocols */,
				3DF230A01C8F0617003420C0 /* FinalProject */,
				BF17DEAF1CC897AA00192183 /* BloatyRexTests */,
				3DF2309F1C8F0617003420C0 /* Products */,
			);
			sourceTree = "<group>";
		};
		3DF2309F1C8F0617003420C0 /* Products */ = {
			isa = PBXGroup;
			children = (
				3DF2309E1C8F0617003420C0 /* BloatyRex.app */,
				BF17DEAE1CC897AA00192183 /* BloatyRexTests.xctest */,
			);
			name = Products;
			sourceTree = "<group>";
		};
		3DF230A01C8F0617003420C0 /* FinalProject */ = {
			isa = PBXGroup;
			children = (
				3D42AAC01CC6903100C7FDF2 /* Prepackaged Levels */,
				BFFB1A381CABB3D400C746CD /* ProgrammingScene */,
				BF640D771CA7BFF000FC454F /* CodeBlocks */,
				B01BF8D01CA12D7D00D02FCA /* LevelDesignerScene */,
				BF8E12AA1C99ADD800B210C3 /* PlayingScene */,
				BF8E12A71C99AA8400B210C3 /* TitleScene */,
				BF4C52F71C913E8500C56DD2 /* GameEngine */,
				1DB4B07D1C95142C0010F727 /* Language */,
				3D15926B1CC32AA4009E8559 /* PackageSelector */,
				B079C5B41CA38C0600F8B891 /* LevelSelector */,
				BF4C52F01C910CB500C56DD2 /* Models */,
				3DF230A11C8F0617003420C0 /* AppDelegate.swift */,
				3DF230A51C8F0617003420C0 /* Main.storyboard */,
				3DF230A81C8F0617003420C0 /* Assets.xcassets */,
				3DF230AA1C8F0617003420C0 /* LaunchScreen.storyboard */,
				3DF230AD1C8F0617003420C0 /* Info.plist */,
				BF6736271CC7786E00C8752B /* PlayingHintController.swift */,
			);
			path = FinalProject;
			sourceTree = "<group>";
		};
		B01BF8D01CA12D7D00D02FCA /* LevelDesignerScene */ = {
			isa = PBXGroup;
			children = (
				B01BF8CA1CA12C6800D02FCA /* LevelDesigningMapScene.swift */,
				B01BF8CC1CA12C6E00D02FCA /* LevelDesigningViewController.swift */,
				B04E40511CC6064400C73E86 /* DesigningMapConstants.swift */,
			);
			name = LevelDesignerScene;
			sourceTree = "<group>";
		};
		B079C5B41CA38C0600F8B891 /* LevelSelector */ = {
			isa = PBXGroup;
			children = (
				B01BF8D31CA1B31100D02FCA /* LevelSelectorViewController.swift */,
				B01BF8FF1CA2E14900D02FCA /* LevelSelectorPageViewController.swift */,
				3DF3A7751CC892980074C287 /* LevelCell.swift */,
			);
			name = LevelSelector;
			sourceTree = "<group>";
		};
		BF17DEAF1CC897AA00192183 /* BloatyRexTests */ = {
			isa = PBXGroup;
			children = (
				BF17DEB01CC897AA00192183 /* BloatyRexTests.swift */,
				BF17DEB81CC897C200192183 /* GameRatingTests.swift */,
				BF17DEBA1CC897D000192183 /* InterpreterTests.swift */,
				BF17DEB21CC897AA00192183 /* Info.plist */,
			);
			path = BloatyRexTests;
			sourceTree = "<group>";
		};
		BF4C52F01C910CB500C56DD2 /* Models */ = {
			isa = PBXGroup;
			children = (
				B01BF8CE1CA12C7400D02FCA /* FilesArchive.swift */,
				BF4C52F11C910CD100C56DD2 /* Map.swift */,
				BF145B8A1CBAA3EC00BF39D6 /* PresetMap.swift */,
				BF4C52F31C910D5E00C56DD2 /* MapUnitType.swift */,
				BF5339C81C941459007F56F0 /* MapBlock.swift */,
			);
			name = Models;
			sourceTree = "<group>";
		};
		BF4C52F71C913E8500C56DD2 /* GameEngine */ = {
			isa = PBXGroup;
			children = (
				BF8E76E21CC54BB5000AE8CC /* Spark.sks */,
				BF8E76E31CC54BB5000AE8CC /* spark.png */,
				BF36F2331C93F24B006D88C3 /* PlayingMapScene.swift */,
				BF6AB17C1CC6C925009943BB /* PlayingMapSceneConstants.swift */,
				BFFB1A3F1CAC03AE00C746CD /* StaticMapScene.swift */,
				BFFB1A3D1CABB78F00C746CD /* MapNode.swift */,
				BF8FA5AC1C947C5100DAE175 /* Direction.swift */,
				BF5339C61C941155007F56F0 /* AgentNode.swift */,
				BF695B8E1CC4C46200532797 /* AgentNode+AgentProtocol.swift */,
				BF8FA5B61C948CB500DAE175 /* GoalNode.swift */,
				BF8FA5B21C948C9A00DAE175 /* WallNode.swift */,
				BFB045C91CB43485009F21EF /* HoleNode.swift */,
				BF695B8A1CC37F8B00532797 /* MonsterNode.swift */,
				BFB045CB1CB4349D009F21EF /* WoodenBlockNode.swift */,
				BF695B8C1CC3809B00532797 /* DoorNode.swift */,
				BFB045CD1CB4C418009F21EF /* MapUnitNode.swift */,
				BF7F3CA21CBDDAB6004530F5 /* DefaultGameScorer.swift */,
			);
			name = GameEngine;
			sourceTree = "<group>";
		};
		BF640D771CA7BFF000FC454F /* CodeBlocks */ = {
			isa = PBXGroup;
			children = (
				1D69B6CF1CB3AF0600C1FA04 /* BoolOpBlock.swift */,
				1D69B6E51CBB896200C1FA04 /* NotBlock.swift */,
				1D69B6D11CB3B24000C1FA04 /* SeeBlock.swift */,
				1D409C6D1CC5F45E002E6B02 /* NotSafeBlock.swift */,
				1D69B6E11CB6B37E00C1FA04 /* IfBlock.swift */,
				1D934FE61CAD6AC0009F1FBA /* WhileBlock.swift */,
				1DB4B0881C97FC840010F727 /* CodeBlocksViewController.swift */,
				1DB4B08A1C97FD940010F727 /* CodeBlocksScene.swift */,
				1DEDB23A1CC67C9000F5124A /* BlocksSection.swift */,
				1DB4B08E1C9913C00010F727 /* BlockButton.swift */,
				1DB4B0901C991F260010F727 /* ProgramBlocks.swift */,
				1D7E23D61C9984F6003E7B75 /* TrashZone.swift */,
				1DB4B0921C991FC30010F727 /* CodeBlock.swift */,
				1DEDB23C1CC6959D00F5124A /* ActionBlock.swift */,
				1DB4B0941C9920480010F727 /* MainBlock.swift */,
				1DB4B0961C9927170010F727 /* InsertionPosition.swift */,
				1D69B6C71CB29E4500C1FA04 /* TrashContainer.swift */,
				1DB4B08C1C99073F0010F727 /* DropZone.swift */,
				1D69B6C91CB2AA9200C1FA04 /* NestingZone.swift */,
				1D69B6E31CB9FF3900C1FA04 /* MovableBlockProtocol.swift */,
				1D69B6D71CB5583600C1FA04 /* ObjectBlock.swift */,
				1D8067371CC32E27003657EE /* HighlightableBlockProtocol.swift */,
			);
			name = CodeBlocks;
			sourceTree = "<group>";
		};
		BF640D781CA815E800FC454F /* ReusableComponents */ = {
			isa = PBXGroup;
			children = (
				BF6736231CC7782600C8752B /* ModalPresentationAnimationController.swift */,
				BF6736241CC7782600C8752B /* ModalPresentationController.swift */,
				BFA80FB01C95BFAD00F1BC15 /* SKButton.swift */,
				3D21216A1C9A55F000E6564B /* PannableScene.swift */,
			);
			name = ReusableComponents;
			sourceTree = "<group>";
		};
		BF8E12A71C99AA8400B210C3 /* TitleScene */ = {
			isa = PBXGroup;
			children = (
				BF8E12A81C99AA9200B210C3 /* TitleViewController.swift */,
			);
			name = TitleScene;
			sourceTree = "<group>";
		};
		BF8E12AA1C99ADD800B210C3 /* PlayingScene */ = {
			isa = PBXGroup;
			children = (
				BF8E12AB1C99ADE900B210C3 /* PlayingViewController.swift */,
				3DF230A31C8F0617003420C0 /* PlayingMapViewController.swift */,
			);
			name = PlayingScene;
			sourceTree = "<group>";
		};
		BFD365D51CA25B5600956CE1 /* Protocols */ = {
			isa = PBXGroup;
			children = (
				BF5339C41C941134007F56F0 /* LanguageDelegate.swift */,
				1DB4B0841C951E250010F727 /* AgentProtocol.swift */,
				BFD365D61CA25BAD00956CE1 /* ProgramSupplier.swift */,
				3D1592661CBACA46009E8559 /* ProgramBlocksSupplier.swift */,
				BF7F3C9E1CBDD702004530F5 /* Scorer.swift */,
				BF7F3CA01CBDD86F004530F5 /* ScoreCriterion.swift */,
				3D42AABE1CC63EEB00C7FDF2 /* CodeBlocksScaleSupplier.swift */,
				1D69B6C51CB2998B00C1FA04 /* ContainerBlockProtocol.swift */,
			);
			name = Protocols;
			sourceTree = "<group>";
		};
		BFFB1A381CABB3D400C746CD /* ProgrammingScene */ = {
			isa = PBXGroup;
			children = (
				BFFB1A391CABB3F300C746CD /* ProgrammingViewController.swift */,
				BFFB1A3B1CABB56900C746CD /* ThumbnailPlayingMapViewController.swift */,
			);
			name = ProgrammingScene;
			sourceTree = "<group>";
		};
/* End PBXGroup section */

/* Begin PBXNativeTarget section */
		3DF2309D1C8F0617003420C0 /* BloatyRex */ = {
			isa = PBXNativeTarget;
			buildConfigurationList = 3DF230C61C8F0617003420C0 /* Build configuration list for PBXNativeTarget "BloatyRex" */;
			buildPhases = (
				3DF2309A1C8F0617003420C0 /* Sources */,
				3DF2309B1C8F0617003420C0 /* Frameworks */,
				3DF2309C1C8F0617003420C0 /* Resources */,
				BF4C52EF1C90822200C56DD2 /* ShellScript */,
			);
			buildRules = (
			);
			dependencies = (
			);
			name = BloatyRex;
			productName = FinalProject;
			productReference = 3DF2309E1C8F0617003420C0 /* BloatyRex.app */;
			productType = "com.apple.product-type.application";
		};
		BF17DEAD1CC897AA00192183 /* BloatyRexTests */ = {
			isa = PBXNativeTarget;
			buildConfigurationList = BF17DEB51CC897AA00192183 /* Build configuration list for PBXNativeTarget "BloatyRexTests" */;
			buildPhases = (
				BF17DEAA1CC897AA00192183 /* Sources */,
				BF17DEAB1CC897AA00192183 /* Frameworks */,
				BF17DEAC1CC897AA00192183 /* Resources */,
			);
			buildRules = (
			);
			dependencies = (
				BF17DEB41CC897AA00192183 /* PBXTargetDependency */,
			);
			name = BloatyRexTests;
			productName = BloatyRexTests;
			productReference = BF17DEAE1CC897AA00192183 /* BloatyRexTests.xctest */;
			productType = "com.apple.product-type.bundle.unit-test";
		};
/* End PBXNativeTarget section */

/* Begin PBXProject section */
		3DF230961C8F0617003420C0 /* Project object */ = {
			isa = PBXProject;
			attributes = {
				LastSwiftUpdateCheck = 0730;
				LastUpgradeCheck = 0720;
				ORGANIZATIONNAME = nus.cs3217.2016Group6;
				TargetAttributes = {
					3DF2309D1C8F0617003420C0 = {
						CreatedOnToolsVersion = 7.2;
						DevelopmentTeam = XC99LK63YN;
					};
					BF17DEAD1CC897AA00192183 = {
						CreatedOnToolsVersion = 7.3;
						DevelopmentTeam = XC99LK63YN;
						TestTargetID = 3DF2309D1C8F0617003420C0;
					};
				};
			};
			buildConfigurationList = 3DF230991C8F0617003420C0 /* Build configuration list for PBXProject "BloatyRex" */;
			compatibilityVersion = "Xcode 3.2";
			developmentRegion = English;
			hasScannedForEncodings = 0;
			knownRegions = (
				en,
				Base,
			);
			mainGroup = 3DF230951C8F0617003420C0;
			productRefGroup = 3DF2309F1C8F0617003420C0 /* Products */;
			projectDirPath = "";
			projectRoot = "";
			targets = (
				3DF2309D1C8F0617003420C0 /* BloatyRex */,
				BF17DEAD1CC897AA00192183 /* BloatyRexTests */,
			);
		};
/* End PBXProject section */

/* Begin PBXResourcesBuildPhase section */
		3DF2309C1C8F0617003420C0 /* Resources */ = {
			isa = PBXResourcesBuildPhase;
			buildActionMask = 2147483647;
			files = (
				3DF230AC1C8F0617003420C0 /* LaunchScreen.storyboard in Resources */,
				BF8E76E51CC54BB5000AE8CC /* spark.png in Resources */,
				BF156EDB1CC6272500B4EB2A /* edit-code-icon.png in Resources */,
				BF8E76E41CC54BB5000AE8CC /* Spark.sks in Resources */,
				3D42AAC11CC6903100C7FDF2 /* Prepackaged Levels in Resources */,
				3DF230A91C8F0617003420C0 /* Assets.xcassets in Resources */,
				3DF230A71C8F0617003420C0 /* Main.storyboard in Resources */,
				BF7F3C9D1CBBA2BF004530F5 /* Yoshi-win.png in Resources */,
			);
			runOnlyForDeploymentPostprocessing = 0;
		};
		BF17DEAC1CC897AA00192183 /* Resources */ = {
			isa = PBXResourcesBuildPhase;
			buildActionMask = 2147483647;
			files = (
			);
			runOnlyForDeploymentPostprocessing = 0;
		};
/* End PBXResourcesBuildPhase section */

/* Begin PBXShellScriptBuildPhase section */
		BF4C52EF1C90822200C56DD2 /* ShellScript */ = {
			isa = PBXShellScriptBuildPhase;
			buildActionMask = 2147483647;
			files = (
			);
			inputPaths = (
			);
			outputPaths = (
			);
			runOnlyForDeploymentPostprocessing = 0;
			shellPath = /bin/sh;
			shellScript = "if which swiftlint > /dev/null; then\nswiftlint autocorrect\nswiftlint\nelse\necho 'Download swiftlint'\nfi";
		};
/* End PBXShellScriptBuildPhase section */

/* Begin PBXSourcesBuildPhase section */
		3DF2309A1C8F0617003420C0 /* Sources */ = {
			isa = PBXSourcesBuildPhase;
			buildActionMask = 2147483647;
			files = (
				3D1592671CBACA46009E8559 /* ProgramBlocksSupplier.swift in Sources */,
				BFB045CE1CB4C418009F21EF /* MapUnitNode.swift in Sources */,
				BF5339C91C941459007F56F0 /* MapBlock.swift in Sources */,
				BF695B8D1CC3809B00532797 /* DoorNode.swift in Sources */,
				BFA80FB11C95BFAD00F1BC15 /* SKButton.swift in Sources */,
				1DEDB23D1CC6959D00F5124A /* ActionBlock.swift in Sources */,
				BF8FA5BB1C9544ED00DAE175 /* TextureManager.swift in Sources */,
				1D69B6E21CB6B37E00C1FA04 /* IfBlock.swift in Sources */,
				1DB4B08F1C9913C00010F727 /* BlockButton.swift in Sources */,
				BF145B8B1CBAA3EC00BF39D6 /* PresetMap.swift in Sources */,
				1D69B6E41CB9FF3900C1FA04 /* MovableBlockProtocol.swift in Sources */,
				BF8FA5B31C948C9A00DAE175 /* WallNode.swift in Sources */,
				3D15926F1CC32F72009E8559 /* PackageCell.swift in Sources */,
				3D42AABF1CC63EEB00C7FDF2 /* CodeBlocksScaleSupplier.swift in Sources */,
				BF8FA5C11C9572BD00DAE175 /* Interpreter+LanguageDelegate.swift in Sources */,
				BFB045CC1CB4349D009F21EF /* WoodenBlockNode.swift in Sources */,
				B01BF9001CA2E14900D02FCA /* LevelSelectorPageViewController.swift in Sources */,
				1D69B6D01CB3AF0600C1FA04 /* BoolOpBlock.swift in Sources */,
				1DB4B0891C97FC840010F727 /* CodeBlocksViewController.swift in Sources */,
				1DB4B0931C991FC30010F727 /* CodeBlock.swift in Sources */,
				BF5339C51C941134007F56F0 /* LanguageDelegate.swift in Sources */,
				BF49FA511CA61ACF00546F43 /* GlobalConstants.swift in Sources */,
				1D69B6C61CB2998B00C1FA04 /* ContainerBlockProtocol.swift in Sources */,
				BF36F2341C93F24B006D88C3 /* PlayingMapScene.swift in Sources */,
				BFD365D71CA25BAD00956CE1 /* ProgramSupplier.swift in Sources */,
				1D69B6D21CB3B24000C1FA04 /* SeeBlock.swift in Sources */,
				BF6736251CC7782600C8752B /* ModalPresentationAnimationController.swift in Sources */,
				B04E40521CC6064400C73E86 /* DesigningMapConstants.swift in Sources */,
				B01BF8CF1CA12C7400D02FCA /* FilesArchive.swift in Sources */,
				BF7F3C9F1CBDD702004530F5 /* Scorer.swift in Sources */,
				1D8067381CC32E27003657EE /* HighlightableBlockProtocol.swift in Sources */,
				BFFB1A401CAC03AE00C746CD /* StaticMapScene.swift in Sources */,
				1D69B6C81CB29E4500C1FA04 /* TrashContainer.swift in Sources */,
				BF8E12A91C99AA9200B210C3 /* TitleViewController.swift in Sources */,
				3D15926D1CC32ACB009E8559 /* PackageSelectorViewController.swift in Sources */,
				1DB4B0971C9927170010F727 /* InsertionPosition.swift in Sources */,
				BF8FA5B71C948CB500DAE175 /* GoalNode.swift in Sources */,
				BFFB1A3C1CABB56900C746CD /* ThumbnailPlayingMapViewController.swift in Sources */,
				1D934FE71CAD6AC0009F1FBA /* WhileBlock.swift in Sources */,
				BF695B8B1CC37F8B00532797 /* MonsterNode.swift in Sources */,
				BFB045CA1CB43485009F21EF /* HoleNode.swift in Sources */,
				BF7F3CA31CBDDAB6004530F5 /* DefaultGameScorer.swift in Sources */,
				1DB4B0951C9920480010F727 /* MainBlock.swift in Sources */,
				BF6736261CC7782600C8752B /* ModalPresentationController.swift in Sources */,
				BF8FA5AD1C947C5100DAE175 /* Direction.swift in Sources */,
				BFFB1A3A1CABB3F300C746CD /* ProgrammingViewController.swift in Sources */,
				3D21216B1C9A55F000E6564B /* PannableScene.swift in Sources */,
				BFFB1A3E1CABB78F00C746CD /* MapNode.swift in Sources */,
				B01BF8CD1CA12C6E00D02FCA /* LevelDesigningViewController.swift in Sources */,
				1D69B6CA1CB2AA9200C1FA04 /* NestingZone.swift in Sources */,
				3DF3A7761CC892980074C287 /* LevelCell.swift in Sources */,
				3DF230A41C8F0617003420C0 /* PlayingMapViewController.swift in Sources */,
				BF8E12AC1C99ADE900B210C3 /* PlayingViewController.swift in Sources */,
				BF695B8F1CC4C46200532797 /* AgentNode+AgentProtocol.swift in Sources */,
				1D69B6D81CB5583600C1FA04 /* ObjectBlock.swift in Sources */,
				1D409C6E1CC5F45E002E6B02 /* NotSafeBlock.swift in Sources */,
				BF6736281CC7786E00C8752B /* PlayingHintController.swift in Sources */,
				BF5339C71C941155007F56F0 /* AgentNode.swift in Sources */,
				1DB4B0811C9516610010F727 /* Syntax.swift in Sources */,
				1D7E23D71C9984F6003E7B75 /* TrashZone.swift in Sources */,
				1DB4B08D1C99073F0010F727 /* DropZone.swift in Sources */,
				BF4C52F41C910D5E00C56DD2 /* MapUnitType.swift in Sources */,
				B01BF8CB1CA12C6800D02FCA /* LevelDesigningMapScene.swift in Sources */,
				BF6AB17D1CC6C925009943BB /* PlayingMapSceneConstants.swift in Sources */,
				BF4C52F21C910CD100C56DD2 /* Map.swift in Sources */,
				BF17DF081CC8A9C100192183 /* UINavigationControllerUtils.swift in Sources */,
				BF4C52F61C9110A000C56DD2 /* Action.swift in Sources */,
				1DB4B0911C991F260010F727 /* ProgramBlocks.swift in Sources */,
				BF7F3CA11CBDD86F004530F5 /* ScoreCriterion.swift in Sources */,
				BF8FA5B91C952E6300DAE175 /* Observation.swift in Sources */,
				3DF230A21C8F0617003420C0 /* AppDelegate.swift in Sources */,
				B01BF8D41CA1B31100D02FCA /* LevelSelectorViewController.swift in Sources */,
				1DB4B0831C951D1F0010F727 /* Interpreter.swift in Sources */,
				1DEDB23B1CC67C9000F5124A /* BlocksSection.swift in Sources */,
				1DB4B0851C951E250010F727 /* AgentProtocol.swift in Sources */,
				3DF6D0D41CC5D3EA00305CDE /* PackageSelectorOuterViewController.swift in Sources */,
				1D69B6E61CBB896200C1FA04 /* NotBlock.swift in Sources */,
				1DB4B08B1C97FD940010F727 /* CodeBlocksScene.swift in Sources */,
			);
			runOnlyForDeploymentPostprocessing = 0;
		};
		BF17DEAA1CC897AA00192183 /* Sources */ = {
			isa = PBXSourcesBuildPhase;
			buildActionMask = 2147483647;
			files = (
				BF17DED81CC899FA00192183 /* ProgramBlocksSupplier.swift in Sources */,
				BF17DECD1CC899C100192183 /* GoalNode.swift in Sources */,
				BF17DECE1CC899C100192183 /* WallNode.swift in Sources */,
				BF17DEC21CC899AC00192183 /* MapBlock.swift in Sources */,
				BF17DEDC1CC89A0A00192183 /* Observation.swift in Sources */,
				BF17DED91CC899FA00192183 /* Scorer.swift in Sources */,
				BF17DED61CC899FA00192183 /* AgentProtocol.swift in Sources */,
				BF17DEED1CC89A5200192183 /* MainBlock.swift in Sources */,
				BF17DEDD1CC89A4400192183 /* HighlightableBlockProtocol.swift in Sources */,
				BF17DED11CC899C100192183 /* WoodenBlockNode.swift in Sources */,
				BF17DEEC1CC89A5200192183 /* ActionBlock.swift in Sources */,
				BF17DEB91CC897C200192183 /* GameRatingTests.swift in Sources */,
				BF17DEC11CC899AC00192183 /* Action.swift in Sources */,
				BF17DEDF1CC89A5200192183 /* BoolOpBlock.swift in Sources */,
				BF17DEC81CC899C100192183 /* StaticMapScene.swift in Sources */,
				BF17DEF51CC89A6500192183 /* LevelDesigningMapScene.swift in Sources */,
				BF17DEE01CC89A5200192183 /* NotBlock.swift in Sources */,
				BF17DECF1CC899C100192183 /* HoleNode.swift in Sources */,
				BF17DEBD1CC899AC00192183 /* FilesArchive.swift in Sources */,
				BF17DEFA1CC89A9800192183 /* ModalPresentationController.swift in Sources */,
				BF17DEEE1CC89A5200192183 /* InsertionPosition.swift in Sources */,
				BF17DEFB1CC89A9800192183 /* SKButton.swift in Sources */,
				BF17DEEA1CC89A5200192183 /* TrashZone.swift in Sources */,
				BF17DED21CC899C100192183 /* DoorNode.swift in Sources */,
				BF17DEBB1CC897D000192183 /* InterpreterTests.swift in Sources */,
				BF17DEF31CC89A5200192183 /* ObjectBlock.swift in Sources */,
				BF17DED41CC899C100192183 /* DefaultGameScorer.swift in Sources */,
				BF17DEEF1CC89A5200192183 /* TrashContainer.swift in Sources */,
				BF17DEE41CC89A5200192183 /* WhileBlock.swift in Sources */,
				BF17DEDE1CC89A5200192183 /* ContainerBlockProtocol.swift in Sources */,
				BF17DEC31CC899AC00192183 /* Interpreter.swift in Sources */,
				BF17DEBF1CC899AC00192183 /* PresetMap.swift in Sources */,
				BF17DEE71CC89A5200192183 /* BlocksSection.swift in Sources */,
				BF17DF031CC89B7E00192183 /* LevelSelectorPageViewController.swift in Sources */,
				BF17DEC71CC899C100192183 /* PlayingMapScene.swift in Sources */,
				BF17DF091CC8AC2600192183 /* LevelCell.swift in Sources */,
				BF17DEF71CC89A6500192183 /* DesigningMapConstants.swift in Sources */,
				BF17DECB1CC899C100192183 /* AgentNode.swift in Sources */,
				BF17DEE91CC89A5200192183 /* ProgramBlocks.swift in Sources */,
				BF17DEFE1CC89ACD00192183 /* TextureManager.swift in Sources */,
				BF17DEF61CC89A6500192183 /* LevelDesigningViewController.swift in Sources */,
				BF17DF001CC89B2000192183 /* ThumbnailPlayingMapViewController.swift in Sources */,
				BF17DEF41CC89A5E00192183 /* PlayingViewController.swift in Sources */,
				BF17DEC01CC899AC00192183 /* MapUnitType.swift in Sources */,
				BF17DEF11CC89A5200192183 /* NestingZone.swift in Sources */,
				BF17DEC51CC899B200192183 /* AppDelegate.swift in Sources */,
				BF17DEE51CC89A5200192183 /* CodeBlocksViewController.swift in Sources */,
				BF17DEBC1CC899A500192183 /* Syntax.swift in Sources */,
				BF17DED31CC899C100192183 /* MapUnitNode.swift in Sources */,
				BF17DEFC1CC89A9800192183 /* PannableScene.swift in Sources */,
				BF17DED71CC899FA00192183 /* ProgramSupplier.swift in Sources */,
				BF17DEDA1CC899FA00192183 /* ScoreCriterion.swift in Sources */,
				BF17DEFF1CC89B2000192183 /* ProgrammingViewController.swift in Sources */,
				BF17DEE21CC89A5200192183 /* NotSafeBlock.swift in Sources */,
				BF17DECC1CC899C100192183 /* AgentNode+AgentProtocol.swift in Sources */,
				BF17DF041CC89B8500192183 /* PackageSelectorOuterViewController.swift in Sources */,
				BF17DEE81CC89A5200192183 /* BlockButton.swift in Sources */,
				BF17DEF01CC89A5200192183 /* DropZone.swift in Sources */,
				BF17DEE31CC89A5200192183 /* IfBlock.swift in Sources */,
				BF17DF051CC89B8500192183 /* PackageSelectorViewController.swift in Sources */,
				BF17DEE61CC89A5200192183 /* CodeBlocksScene.swift in Sources */,
				BF17DEF21CC89A5200192183 /* MovableBlockProtocol.swift in Sources */,
				BF17DEC61CC899C100192183 /* PlayingMapViewController.swift in Sources */,
				BF17DEF81CC89A6800192183 /* TitleViewController.swift in Sources */,
				BF17DF021CC89B7E00192183 /* LevelSelectorViewController.swift in Sources */,
				BF17DF061CC89B8500192183 /* PackageCell.swift in Sources */,
				BF17DEDB1CC899FA00192183 /* CodeBlocksScaleSupplier.swift in Sources */,
				BF17DEFD1CC89A9800192183 /* GlobalConstants.swift in Sources */,
				BF17DEF91CC89A9800192183 /* ModalPresentationAnimationController.swift in Sources */,
				BF17DED01CC899C100192183 /* MonsterNode.swift in Sources */,
				BF17DF0A1CC8B2DF00192183 /* PlayingMapSceneConstants.swift in Sources */,
				BF17DEBE1CC899AC00192183 /* Map.swift in Sources */,
				BF17DEC91CC899C100192183 /* MapNode.swift in Sources */,
				BF17DEE11CC89A5200192183 /* SeeBlock.swift in Sources */,
				BF17DEB11CC897AA00192183 /* BloatyRexTests.swift in Sources */,
				BF17DEC41CC899AC00192183 /* Interpreter+LanguageDelegate.swift in Sources */,
				BF17DEEB1CC89A5200192183 /* CodeBlock.swift in Sources */,
				BF17DF011CC89B3400192183 /* PlayingHintController.swift in Sources */,
				BF17DED51CC899FA00192183 /* LanguageDelegate.swift in Sources */,
				BF17DECA1CC899C100192183 /* Direction.swift in Sources */,
			);
			runOnlyForDeploymentPostprocessing = 0;
		};
/* End PBXSourcesBuildPhase section */

/* Begin PBXTargetDependency section */
		BF17DEB41CC897AA00192183 /* PBXTargetDependency */ = {
			isa = PBXTargetDependency;
			target = 3DF2309D1C8F0617003420C0 /* BloatyRex */;
			targetProxy = BF17DEB31CC897AA00192183 /* PBXContainerItemProxy */;
		};
/* End PBXTargetDependency section */

/* Begin PBXVariantGroup section */
		3DF230A51C8F0617003420C0 /* Main.storyboard */ = {
			isa = PBXVariantGroup;
			children = (
				3DF230A61C8F0617003420C0 /* Base */,
			);
			name = Main.storyboard;
			sourceTree = "<group>";
		};
		3DF230AA1C8F0617003420C0 /* LaunchScreen.storyboard */ = {
			isa = PBXVariantGroup;
			children = (
				3DF230AB1C8F0617003420C0 /* Base */,
			);
			name = LaunchScreen.storyboard;
			sourceTree = "<group>";
		};
/* End PBXVariantGroup section */

/* Begin XCBuildConfiguration section */
		3DF230C41C8F0617003420C0 /* Debug */ = {
			isa = XCBuildConfiguration;
			buildSettings = {
				ALWAYS_SEARCH_USER_PATHS = NO;
				CLANG_CXX_LANGUAGE_STANDARD = "gnu++0x";
				CLANG_CXX_LIBRARY = "libc++";
				CLANG_ENABLE_MODULES = YES;
				CLANG_ENABLE_OBJC_ARC = YES;
				CLANG_WARN_BOOL_CONVERSION = YES;
				CLANG_WARN_CONSTANT_CONVERSION = YES;
				CLANG_WARN_DIRECT_OBJC_ISA_USAGE = YES_ERROR;
				CLANG_WARN_EMPTY_BODY = YES;
				CLANG_WARN_ENUM_CONVERSION = YES;
				CLANG_WARN_INT_CONVERSION = YES;
				CLANG_WARN_OBJC_ROOT_CLASS = YES_ERROR;
				CLANG_WARN_UNREACHABLE_CODE = YES;
				CLANG_WARN__DUPLICATE_METHOD_MATCH = YES;
				"CODE_SIGN_IDENTITY[sdk=iphoneos*]" = "iPhone Developer";
				COPY_PHASE_STRIP = NO;
				DEBUG_INFORMATION_FORMAT = dwarf;
				ENABLE_STRICT_OBJC_MSGSEND = YES;
				ENABLE_TESTABILITY = YES;
				GCC_C_LANGUAGE_STANDARD = gnu99;
				GCC_DYNAMIC_NO_PIC = NO;
				GCC_NO_COMMON_BLOCKS = YES;
				GCC_OPTIMIZATION_LEVEL = 0;
				GCC_PREPROCESSOR_DEFINITIONS = (
					"DEBUG=1",
					"$(inherited)",
				);
				GCC_WARN_64_TO_32_BIT_CONVERSION = YES;
				GCC_WARN_ABOUT_RETURN_TYPE = YES_ERROR;
				GCC_WARN_UNDECLARED_SELECTOR = YES;
				GCC_WARN_UNINITIALIZED_AUTOS = YES_AGGRESSIVE;
				GCC_WARN_UNUSED_FUNCTION = YES;
				GCC_WARN_UNUSED_VARIABLE = YES;
				IPHONEOS_DEPLOYMENT_TARGET = 9.2;
				MTL_ENABLE_DEBUG_INFO = YES;
				ONLY_ACTIVE_ARCH = YES;
				SDKROOT = iphoneos;
				SWIFT_OPTIMIZATION_LEVEL = "-Onone";
				TARGETED_DEVICE_FAMILY = 2;
			};
			name = Debug;
		};
		3DF230C51C8F0617003420C0 /* Release */ = {
			isa = XCBuildConfiguration;
			buildSettings = {
				ALWAYS_SEARCH_USER_PATHS = NO;
				CLANG_CXX_LANGUAGE_STANDARD = "gnu++0x";
				CLANG_CXX_LIBRARY = "libc++";
				CLANG_ENABLE_MODULES = YES;
				CLANG_ENABLE_OBJC_ARC = YES;
				CLANG_WARN_BOOL_CONVERSION = YES;
				CLANG_WARN_CONSTANT_CONVERSION = YES;
				CLANG_WARN_DIRECT_OBJC_ISA_USAGE = YES_ERROR;
				CLANG_WARN_EMPTY_BODY = YES;
				CLANG_WARN_ENUM_CONVERSION = YES;
				CLANG_WARN_INT_CONVERSION = YES;
				CLANG_WARN_OBJC_ROOT_CLASS = YES_ERROR;
				CLANG_WARN_UNREACHABLE_CODE = YES;
				CLANG_WARN__DUPLICATE_METHOD_MATCH = YES;
				"CODE_SIGN_IDENTITY[sdk=iphoneos*]" = "iPhone Developer";
				COPY_PHASE_STRIP = NO;
				DEBUG_INFORMATION_FORMAT = "dwarf-with-dsym";
				ENABLE_NS_ASSERTIONS = NO;
				ENABLE_STRICT_OBJC_MSGSEND = YES;
				GCC_C_LANGUAGE_STANDARD = gnu99;
				GCC_NO_COMMON_BLOCKS = YES;
				GCC_WARN_64_TO_32_BIT_CONVERSION = YES;
				GCC_WARN_ABOUT_RETURN_TYPE = YES_ERROR;
				GCC_WARN_UNDECLARED_SELECTOR = YES;
				GCC_WARN_UNINITIALIZED_AUTOS = YES_AGGRESSIVE;
				GCC_WARN_UNUSED_FUNCTION = YES;
				GCC_WARN_UNUSED_VARIABLE = YES;
				IPHONEOS_DEPLOYMENT_TARGET = 9.2;
				MTL_ENABLE_DEBUG_INFO = NO;
				SDKROOT = iphoneos;
				TARGETED_DEVICE_FAMILY = 2;
				VALIDATE_PRODUCT = YES;
			};
			name = Release;
		};
		3DF230C71C8F0617003420C0 /* Debug */ = {
			isa = XCBuildConfiguration;
			buildSettings = {
				ASSETCATALOG_COMPILER_APPICON_NAME = AppIcon;
				CODE_SIGN_IDENTITY = "iPhone Developer";
				"CODE_SIGN_IDENTITY[sdk=iphoneos*]" = "iPhone Developer";
				INFOPLIST_FILE = FinalProject/Info.plist;
				LD_RUNPATH_SEARCH_PATHS = "$(inherited) @executable_path/Frameworks";
				PRODUCT_BUNDLE_IDENTIFIER = nus.cs3217.2016Group6.toiletrex4;
				PRODUCT_NAME = BloatyRex;
				PROVISIONING_PROFILE = "";
			};
			name = Debug;
		};
		3DF230C81C8F0617003420C0 /* Release */ = {
			isa = XCBuildConfiguration;
			buildSettings = {
				ASSETCATALOG_COMPILER_APPICON_NAME = AppIcon;
				CODE_SIGN_IDENTITY = "iPhone Developer";
				"CODE_SIGN_IDENTITY[sdk=iphoneos*]" = "iPhone Developer";
				ENABLE_TESTABILITY = YES;
				INFOPLIST_FILE = FinalProject/Info.plist;
				LD_RUNPATH_SEARCH_PATHS = "$(inherited) @executable_path/Frameworks";
				PRODUCT_BUNDLE_IDENTIFIER = nus.cs3217.2016Group6.toiletrex4;
				PRODUCT_NAME = BloatyRex;
				PROVISIONING_PROFILE = "";
			};
			name = Release;
		};
		BF17DEB61CC897AA00192183 /* Debug */ = {
			isa = XCBuildConfiguration;
			buildSettings = {
				BUNDLE_LOADER = "$(TEST_HOST)";
				CLANG_ANALYZER_NONNULL = YES;
				INFOPLIST_FILE = BloatyRexTests/Info.plist;
				IPHONEOS_DEPLOYMENT_TARGET = 9.3;
				LD_RUNPATH_SEARCH_PATHS = "$(inherited) @executable_path/Frameworks @loader_path/Frameworks";
				PRODUCT_BUNDLE_IDENTIFIER = nus.cs3217.2016Group6.BloatyRexTests;
				PRODUCT_NAME = "$(TARGET_NAME)";
				TEST_HOST = "$(BUILT_PRODUCTS_DIR)/BloatyRex.app/BloatyRex";
			};
			name = Debug;
		};
		BF17DEB71CC897AA00192183 /* Release */ = {
			isa = XCBuildConfiguration;
			buildSettings = {
				BUNDLE_LOADER = "$(TEST_HOST)";
				CLANG_ANALYZER_NONNULL = YES;
				INFOPLIST_FILE = BloatyRexTests/Info.plist;
				IPHONEOS_DEPLOYMENT_TARGET = 9.3;
				LD_RUNPATH_SEARCH_PATHS = "$(inherited) @executable_path/Frameworks @loader_path/Frameworks";
				PRODUCT_BUNDLE_IDENTIFIER = nus.cs3217.2016Group6.BloatyRexTests;
				PRODUCT_NAME = "$(TARGET_NAME)";
				TEST_HOST = "$(BUILT_PRODUCTS_DIR)/BloatyRex.app/BloatyRex";
			};
			name = Release;
		};
/* End XCBuildConfiguration section */

/* Begin XCConfigurationList section */
		3DF230991C8F0617003420C0 /* Build configuration list for PBXProject "BloatyRex" */ = {
			isa = XCConfigurationList;
			buildConfigurations = (
				3DF230C41C8F0617003420C0 /* Debug */,
				3DF230C51C8F0617003420C0 /* Release */,
			);
			defaultConfigurationIsVisible = 0;
			defaultConfigurationName = Release;
		};
		3DF230C61C8F0617003420C0 /* Build configuration list for PBXNativeTarget "BloatyRex" */ = {
			isa = XCConfigurationList;
			buildConfigurations = (
				3DF230C71C8F0617003420C0 /* Debug */,
				3DF230C81C8F0617003420C0 /* Release */,
			);
			defaultConfigurationIsVisible = 0;
			defaultConfigurationName = Release;
		};
		BF17DEB51CC897AA00192183 /* Build configuration list for PBXNativeTarget "BloatyRexTests" */ = {
			isa = XCConfigurationList;
			buildConfigurations = (
				BF17DEB61CC897AA00192183 /* Debug */,
				BF17DEB71CC897AA00192183 /* Release */,
			);
			defaultConfigurationIsVisible = 0;
			defaultConfigurationName = Release;
		};
/* End XCConfigurationList section */
	};
	rootObject = 3DF230961C8F0617003420C0 /* Project object */;
}
