// !$*UTF8*$!
{
	archiveVersion = 1;
	classes = {
	};
	objectVersion = 46;
	objects = {

/* Begin PBXBuildFile section */
		1D7E23D71C9984F6003E7B75 /* TrashZone.swift in Sources */ = {isa = PBXBuildFile; fileRef = 1D7E23D61C9984F6003E7B75 /* TrashZone.swift */; };
		1DB4B0811C9516610010F727 /* Syntax.swift in Sources */ = {isa = PBXBuildFile; fileRef = 1DB4B0801C9516610010F727 /* Syntax.swift */; };
		1DB4B0831C951D1F0010F727 /* Interpreter.swift in Sources */ = {isa = PBXBuildFile; fileRef = 1DB4B0821C951D1F0010F727 /* Interpreter.swift */; };
		1DB4B0851C951E250010F727 /* AgentProtocol.swift in Sources */ = {isa = PBXBuildFile; fileRef = 1DB4B0841C951E250010F727 /* AgentProtocol.swift */; };
		1DB4B0871C95527D0010F727 /* InterpreterTests.swift in Sources */ = {isa = PBXBuildFile; fileRef = 1DB4B0861C95527D0010F727 /* InterpreterTests.swift */; };
		3D21216B1C9A55F000E6564B /* PannableScene.swift in Sources */ = {isa = PBXBuildFile; fileRef = 3D21216A1C9A55F000E6564B /* PannableScene.swift */; };
		1DB4B0891C97FC840010F727 /* CodeBlocksViewController.swift in Sources */ = {isa = PBXBuildFile; fileRef = 1DB4B0881C97FC840010F727 /* CodeBlocksViewController.swift */; };
		1DB4B08B1C97FD940010F727 /* CodeBlocksScene.swift in Sources */ = {isa = PBXBuildFile; fileRef = 1DB4B08A1C97FD940010F727 /* CodeBlocksScene.swift */; };
		1DB4B08D1C99073F0010F727 /* DropZone.swift in Sources */ = {isa = PBXBuildFile; fileRef = 1DB4B08C1C99073F0010F727 /* DropZone.swift */; };
		1DB4B08F1C9913C00010F727 /* BlockButton.swift in Sources */ = {isa = PBXBuildFile; fileRef = 1DB4B08E1C9913C00010F727 /* BlockButton.swift */; };
		1DB4B0911C991F260010F727 /* ProgramBlocks.swift in Sources */ = {isa = PBXBuildFile; fileRef = 1DB4B0901C991F260010F727 /* ProgramBlocks.swift */; };
		1DB4B0931C991FC30010F727 /* CodeBlock.swift in Sources */ = {isa = PBXBuildFile; fileRef = 1DB4B0921C991FC30010F727 /* CodeBlock.swift */; };
		1DB4B0951C9920480010F727 /* MainBlock.swift in Sources */ = {isa = PBXBuildFile; fileRef = 1DB4B0941C9920480010F727 /* MainBlock.swift */; };
		1DB4B0971C9927170010F727 /* InsertionPosition.swift in Sources */ = {isa = PBXBuildFile; fileRef = 1DB4B0961C9927170010F727 /* InsertionPosition.swift */; };
		1DB4B0991C9935FE0010F727 /* ForwardBlock.swift in Sources */ = {isa = PBXBuildFile; fileRef = 1DB4B0981C9935FE0010F727 /* ForwardBlock.swift */; };
		1DB4B09B1C9938650010F727 /* TurnLeftBlock.swift in Sources */ = {isa = PBXBuildFile; fileRef = 1DB4B09A1C9938650010F727 /* TurnLeftBlock.swift */; };
		3DF230A21C8F0617003420C0 /* AppDelegate.swift in Sources */ = {isa = PBXBuildFile; fileRef = 3DF230A11C8F0617003420C0 /* AppDelegate.swift */; };
		3DF230A41C8F0617003420C0 /* PlayingMapViewController.swift in Sources */ = {isa = PBXBuildFile; fileRef = 3DF230A31C8F0617003420C0 /* PlayingMapViewController.swift */; };
		3DF230A71C8F0617003420C0 /* Main.storyboard in Resources */ = {isa = PBXBuildFile; fileRef = 3DF230A51C8F0617003420C0 /* Main.storyboard */; };
		3DF230A91C8F0617003420C0 /* Assets.xcassets in Resources */ = {isa = PBXBuildFile; fileRef = 3DF230A81C8F0617003420C0 /* Assets.xcassets */; };
		3DF230AC1C8F0617003420C0 /* LaunchScreen.storyboard in Resources */ = {isa = PBXBuildFile; fileRef = 3DF230AA1C8F0617003420C0 /* LaunchScreen.storyboard */; };
		3DF230B71C8F0617003420C0 /* FinalProjectTests.swift in Sources */ = {isa = PBXBuildFile; fileRef = 3DF230B61C8F0617003420C0 /* FinalProjectTests.swift */; };
		3DF230C21C8F0617003420C0 /* FinalProjectUITests.swift in Sources */ = {isa = PBXBuildFile; fileRef = 3DF230C11C8F0617003420C0 /* FinalProjectUITests.swift */; };
		B01BF8CB1CA12C6800D02FCA /* LevelDesigningMapScene.swift in Sources */ = {isa = PBXBuildFile; fileRef = B01BF8CA1CA12C6800D02FCA /* LevelDesigningMapScene.swift */; };
		B01BF8CD1CA12C6E00D02FCA /* LevelDesigningViewController.swift in Sources */ = {isa = PBXBuildFile; fileRef = B01BF8CC1CA12C6E00D02FCA /* LevelDesigningViewController.swift */; };
		B01BF8CF1CA12C7400D02FCA /* FilesArchive.swift in Sources */ = {isa = PBXBuildFile; fileRef = B01BF8CE1CA12C7400D02FCA /* FilesArchive.swift */; };
		B01BF8D41CA1B31100D02FCA /* LevelSelectorViewController.swift in Sources */ = {isa = PBXBuildFile; fileRef = B01BF8D31CA1B31100D02FCA /* LevelSelectorViewController.swift */; };
		B01BF9001CA2E14900D02FCA /* LevelSelectorPageViewController.swift in Sources */ = {isa = PBXBuildFile; fileRef = B01BF8FF1CA2E14900D02FCA /* LevelSelectorPageViewController.swift */; };
		BF36F2341C93F24B006D88C3 /* PlayingMapScene.swift in Sources */ = {isa = PBXBuildFile; fileRef = BF36F2331C93F24B006D88C3 /* PlayingMapScene.swift */; };
		BF49FA511CA61ACF00546F43 /* Constants.swift in Sources */ = {isa = PBXBuildFile; fileRef = BF49FA501CA61ACF00546F43 /* Constants.swift */; };
		BF4C52F21C910CD100C56DD2 /* Map.swift in Sources */ = {isa = PBXBuildFile; fileRef = BF4C52F11C910CD100C56DD2 /* Map.swift */; };
		BF4C52F41C910D5E00C56DD2 /* MapUnit.swift in Sources */ = {isa = PBXBuildFile; fileRef = BF4C52F31C910D5E00C56DD2 /* MapUnit.swift */; };
		BF4C52F61C9110A000C56DD2 /* Action.swift in Sources */ = {isa = PBXBuildFile; fileRef = BF4C52F51C9110A000C56DD2 /* Action.swift */; };
		BF5339C51C941134007F56F0 /* LanguageDelegate.swift in Sources */ = {isa = PBXBuildFile; fileRef = BF5339C41C941134007F56F0 /* LanguageDelegate.swift */; };
		BF5339C71C941155007F56F0 /* AgentNode.swift in Sources */ = {isa = PBXBuildFile; fileRef = BF5339C61C941155007F56F0 /* AgentNode.swift */; };
		BF5339C91C941459007F56F0 /* MapBlock.swift in Sources */ = {isa = PBXBuildFile; fileRef = BF5339C81C941459007F56F0 /* MapBlock.swift */; };
		BF8E12A91C99AA9200B210C3 /* TitleViewController.swift in Sources */ = {isa = PBXBuildFile; fileRef = BF8E12A81C99AA9200B210C3 /* TitleViewController.swift */; };
		BF8E12AC1C99ADE900B210C3 /* PlayingViewController.swift in Sources */ = {isa = PBXBuildFile; fileRef = BF8E12AB1C99ADE900B210C3 /* PlayingViewController.swift */; };
		BF8FA5AD1C947C5100DAE175 /* Direction.swift in Sources */ = {isa = PBXBuildFile; fileRef = BF8FA5AC1C947C5100DAE175 /* Direction.swift */; };
		BF8FA5B11C94863800DAE175 /* SamplePrograms.swift in Sources */ = {isa = PBXBuildFile; fileRef = BF8FA5B01C94863800DAE175 /* SamplePrograms.swift */; };
		BF8FA5B31C948C9A00DAE175 /* WallNode.swift in Sources */ = {isa = PBXBuildFile; fileRef = BF8FA5B21C948C9A00DAE175 /* WallNode.swift */; };
		BF8FA5B51C948CA400DAE175 /* EmptySpaceNode.swift in Sources */ = {isa = PBXBuildFile; fileRef = BF8FA5B41C948CA400DAE175 /* EmptySpaceNode.swift */; };
		BF8FA5B71C948CB500DAE175 /* GoalNode.swift in Sources */ = {isa = PBXBuildFile; fileRef = BF8FA5B61C948CB500DAE175 /* GoalNode.swift */; };
		BF8FA5B91C952E6300DAE175 /* Observation.swift in Sources */ = {isa = PBXBuildFile; fileRef = BF8FA5B81C952E6300DAE175 /* Observation.swift */; };
		BF8FA5BB1C9544ED00DAE175 /* TextureManager.swift in Sources */ = {isa = PBXBuildFile; fileRef = BF8FA5BA1C9544ED00DAE175 /* TextureManager.swift */; };
		BF8FA5C11C9572BD00DAE175 /* Interpreter+LanguageDelegate.swift in Sources */ = {isa = PBXBuildFile; fileRef = BF8FA5C01C9572BD00DAE175 /* Interpreter+LanguageDelegate.swift */; };
		BFA80FB11C95BFAD00F1BC15 /* SKButton.swift in Sources */ = {isa = PBXBuildFile; fileRef = BFA80FB01C95BFAD00F1BC15 /* SKButton.swift */; };
		BFA80FB31C95D10600F1BC15 /* ResetDelegate.swift in Sources */ = {isa = PBXBuildFile; fileRef = BFA80FB21C95D10600F1BC15 /* ResetDelegate.swift */; };
		BFD365D71CA25BAD00956CE1 /* ProgramSupplier.swift in Sources */ = {isa = PBXBuildFile; fileRef = BFD365D61CA25BAD00956CE1 /* ProgramSupplier.swift */; };
/* End PBXBuildFile section */

/* Begin PBXContainerItemProxy section */
		3DF230B31C8F0617003420C0 /* PBXContainerItemProxy */ = {
			isa = PBXContainerItemProxy;
			containerPortal = 3DF230961C8F0617003420C0 /* Project object */;
			proxyType = 1;
			remoteGlobalIDString = 3DF2309D1C8F0617003420C0;
			remoteInfo = FinalProject;
		};
		3DF230BE1C8F0617003420C0 /* PBXContainerItemProxy */ = {
			isa = PBXContainerItemProxy;
			containerPortal = 3DF230961C8F0617003420C0 /* Project object */;
			proxyType = 1;
			remoteGlobalIDString = 3DF2309D1C8F0617003420C0;
			remoteInfo = FinalProject;
		};
/* End PBXContainerItemProxy section */

/* Begin PBXFileReference section */
		1D7E23D61C9984F6003E7B75 /* TrashZone.swift */ = {isa = PBXFileReference; fileEncoding = 4; lastKnownFileType = sourcecode.swift; lineEnding = 0; path = TrashZone.swift; sourceTree = "<group>"; xcLanguageSpecificationIdentifier = xcode.lang.swift; };
		1DB4B0801C9516610010F727 /* Syntax.swift */ = {isa = PBXFileReference; fileEncoding = 4; lastKnownFileType = sourcecode.swift; path = Syntax.swift; sourceTree = "<group>"; };
		1DB4B0821C951D1F0010F727 /* Interpreter.swift */ = {isa = PBXFileReference; fileEncoding = 4; lastKnownFileType = sourcecode.swift; path = Interpreter.swift; sourceTree = "<group>"; };
		1DB4B0841C951E250010F727 /* AgentProtocol.swift */ = {isa = PBXFileReference; fileEncoding = 4; lastKnownFileType = sourcecode.swift; name = AgentProtocol.swift; path = FinalProject/AgentProtocol.swift; sourceTree = "<group>"; };
		1DB4B0861C95527D0010F727 /* InterpreterTests.swift */ = {isa = PBXFileReference; fileEncoding = 4; lastKnownFileType = sourcecode.swift; path = InterpreterTests.swift; sourceTree = "<group>"; };
		3D21216A1C9A55F000E6564B /* PannableScene.swift */ = {isa = PBXFileReference; fileEncoding = 4; lastKnownFileType = sourcecode.swift; path = PannableScene.swift; sourceTree = "<group>"; };
		1DB4B0881C97FC840010F727 /* CodeBlocksViewController.swift */ = {isa = PBXFileReference; fileEncoding = 4; lastKnownFileType = sourcecode.swift; path = CodeBlocksViewController.swift; sourceTree = "<group>"; };
		1DB4B08A1C97FD940010F727 /* CodeBlocksScene.swift */ = {isa = PBXFileReference; fileEncoding = 4; lastKnownFileType = sourcecode.swift; lineEnding = 0; path = CodeBlocksScene.swift; sourceTree = "<group>"; xcLanguageSpecificationIdentifier = xcode.lang.swift; };
		1DB4B08C1C99073F0010F727 /* DropZone.swift */ = {isa = PBXFileReference; fileEncoding = 4; lastKnownFileType = sourcecode.swift; lineEnding = 0; path = DropZone.swift; sourceTree = "<group>"; xcLanguageSpecificationIdentifier = xcode.lang.swift; };
		1DB4B08E1C9913C00010F727 /* BlockButton.swift */ = {isa = PBXFileReference; fileEncoding = 4; lastKnownFileType = sourcecode.swift; path = BlockButton.swift; sourceTree = "<group>"; };
		1DB4B0901C991F260010F727 /* ProgramBlocks.swift */ = {isa = PBXFileReference; fileEncoding = 4; lastKnownFileType = sourcecode.swift; lineEnding = 0; path = ProgramBlocks.swift; sourceTree = "<group>"; xcLanguageSpecificationIdentifier = xcode.lang.swift; };
		1DB4B0921C991FC30010F727 /* CodeBlock.swift */ = {isa = PBXFileReference; fileEncoding = 4; lastKnownFileType = sourcecode.swift; lineEnding = 0; path = CodeBlock.swift; sourceTree = "<group>"; xcLanguageSpecificationIdentifier = xcode.lang.swift; };
		1DB4B0941C9920480010F727 /* MainBlock.swift */ = {isa = PBXFileReference; fileEncoding = 4; lastKnownFileType = sourcecode.swift; lineEnding = 0; path = MainBlock.swift; sourceTree = "<group>"; xcLanguageSpecificationIdentifier = xcode.lang.swift; };
		1DB4B0961C9927170010F727 /* InsertionPosition.swift */ = {isa = PBXFileReference; fileEncoding = 4; lastKnownFileType = sourcecode.swift; path = InsertionPosition.swift; sourceTree = "<group>"; };
		1DB4B0981C9935FE0010F727 /* ForwardBlock.swift */ = {isa = PBXFileReference; fileEncoding = 4; lastKnownFileType = sourcecode.swift; path = ForwardBlock.swift; sourceTree = "<group>"; };
		1DB4B09A1C9938650010F727 /* TurnLeftBlock.swift */ = {isa = PBXFileReference; fileEncoding = 4; lastKnownFileType = sourcecode.swift; path = TurnLeftBlock.swift; sourceTree = "<group>"; };
		1DB4B0981C9935FE0010F727 /* ForwardBlock.swift */ = {isa = PBXFileReference; fileEncoding = 4; lastKnownFileType = sourcecode.swift; lineEnding = 0; path = ForwardBlock.swift; sourceTree = "<group>"; xcLanguageSpecificationIdentifier = xcode.lang.swift; };
		1DB4B09A1C9938650010F727 /* TurnLeftBlock.swift */ = {isa = PBXFileReference; fileEncoding = 4; lastKnownFileType = sourcecode.swift; lineEnding = 0; path = TurnLeftBlock.swift; sourceTree = "<group>"; xcLanguageSpecificationIdentifier = xcode.lang.swift; };
		3D21216A1C9A55F000E6564B /* PannableScene.swift */ = {isa = PBXFileReference; fileEncoding = 4; lastKnownFileType = sourcecode.swift; path = PannableScene.swift; sourceTree = "<group>"; };
		3DF2309E1C8F0617003420C0 /* FinalProject.app */ = {isa = PBXFileReference; explicitFileType = wrapper.application; includeInIndex = 0; path = FinalProject.app; sourceTree = BUILT_PRODUCTS_DIR; };
		3DF230A11C8F0617003420C0 /* AppDelegate.swift */ = {isa = PBXFileReference; lastKnownFileType = sourcecode.swift; path = AppDelegate.swift; sourceTree = "<group>"; };
		3DF230A31C8F0617003420C0 /* PlayingMapViewController.swift */ = {isa = PBXFileReference; lastKnownFileType = sourcecode.swift; path = PlayingMapViewController.swift; sourceTree = "<group>"; };
		3DF230A61C8F0617003420C0 /* Base */ = {isa = PBXFileReference; lastKnownFileType = file.storyboard; name = Base; path = Base.lproj/Main.storyboard; sourceTree = "<group>"; };
		3DF230A81C8F0617003420C0 /* Assets.xcassets */ = {isa = PBXFileReference; lastKnownFileType = folder.assetcatalog; path = Assets.xcassets; sourceTree = "<group>"; };
		3DF230AB1C8F0617003420C0 /* Base */ = {isa = PBXFileReference; lastKnownFileType = file.storyboard; name = Base; path = Base.lproj/LaunchScreen.storyboard; sourceTree = "<group>"; };
		3DF230AD1C8F0617003420C0 /* Info.plist */ = {isa = PBXFileReference; lastKnownFileType = text.plist.xml; path = Info.plist; sourceTree = "<group>"; };
		3DF230B21C8F0617003420C0 /* FinalProjectTests.xctest */ = {isa = PBXFileReference; explicitFileType = wrapper.cfbundle; includeInIndex = 0; path = FinalProjectTests.xctest; sourceTree = BUILT_PRODUCTS_DIR; };
		3DF230B61C8F0617003420C0 /* FinalProjectTests.swift */ = {isa = PBXFileReference; lastKnownFileType = sourcecode.swift; path = FinalProjectTests.swift; sourceTree = "<group>"; };
		3DF230B81C8F0617003420C0 /* Info.plist */ = {isa = PBXFileReference; lastKnownFileType = text.plist.xml; path = Info.plist; sourceTree = "<group>"; };
		3DF230BD1C8F0617003420C0 /* FinalProjectUITests.xctest */ = {isa = PBXFileReference; explicitFileType = wrapper.cfbundle; includeInIndex = 0; path = FinalProjectUITests.xctest; sourceTree = BUILT_PRODUCTS_DIR; };
		3DF230C11C8F0617003420C0 /* FinalProjectUITests.swift */ = {isa = PBXFileReference; lastKnownFileType = sourcecode.swift; path = FinalProjectUITests.swift; sourceTree = "<group>"; };
		3DF230C31C8F0617003420C0 /* Info.plist */ = {isa = PBXFileReference; lastKnownFileType = text.plist.xml; path = Info.plist; sourceTree = "<group>"; };
		B01BF8CA1CA12C6800D02FCA /* LevelDesigningMapScene.swift */ = {isa = PBXFileReference; fileEncoding = 4; lastKnownFileType = sourcecode.swift; lineEnding = 0; path = LevelDesigningMapScene.swift; sourceTree = "<group>"; xcLanguageSpecificationIdentifier = xcode.lang.swift; };
		B01BF8CC1CA12C6E00D02FCA /* LevelDesigningViewController.swift */ = {isa = PBXFileReference; fileEncoding = 4; lastKnownFileType = sourcecode.swift; path = LevelDesigningViewController.swift; sourceTree = "<group>"; };
		B01BF8CE1CA12C7400D02FCA /* FilesArchive.swift */ = {isa = PBXFileReference; fileEncoding = 4; lastKnownFileType = sourcecode.swift; path = FilesArchive.swift; sourceTree = "<group>"; };
		B01BF8D31CA1B31100D02FCA /* LevelSelectorViewController.swift */ = {isa = PBXFileReference; fileEncoding = 4; lastKnownFileType = sourcecode.swift; path = LevelSelectorViewController.swift; sourceTree = "<group>"; };
		B01BF8FF1CA2E14900D02FCA /* LevelSelectorPageViewController.swift */ = {isa = PBXFileReference; fileEncoding = 4; lastKnownFileType = sourcecode.swift; path = LevelSelectorPageViewController.swift; sourceTree = "<group>"; };
		BF36F2331C93F24B006D88C3 /* PlayingMapScene.swift */ = {isa = PBXFileReference; fileEncoding = 4; lastKnownFileType = sourcecode.swift; path = PlayingMapScene.swift; sourceTree = "<group>"; };
		BF49FA501CA61ACF00546F43 /* Constants.swift */ = {isa = PBXFileReference; fileEncoding = 4; lastKnownFileType = sourcecode.swift; path = Constants.swift; sourceTree = "<group>"; };
		BF4C52F11C910CD100C56DD2 /* Map.swift */ = {isa = PBXFileReference; fileEncoding = 4; lastKnownFileType = sourcecode.swift; path = Map.swift; sourceTree = "<group>"; };
		BF4C52F31C910D5E00C56DD2 /* MapUnit.swift */ = {isa = PBXFileReference; fileEncoding = 4; lastKnownFileType = sourcecode.swift; path = MapUnit.swift; sourceTree = "<group>"; };
		BF4C52F51C9110A000C56DD2 /* Action.swift */ = {isa = PBXFileReference; fileEncoding = 4; lastKnownFileType = sourcecode.swift; path = Action.swift; sourceTree = "<group>"; };
		BF5339C41C941134007F56F0 /* LanguageDelegate.swift */ = {isa = PBXFileReference; fileEncoding = 4; lastKnownFileType = sourcecode.swift; name = LanguageDelegate.swift; path = FinalProject/LanguageDelegate.swift; sourceTree = "<group>"; };
		BF5339C61C941155007F56F0 /* AgentNode.swift */ = {isa = PBXFileReference; fileEncoding = 4; lastKnownFileType = sourcecode.swift; path = AgentNode.swift; sourceTree = "<group>"; };
		BF5339C81C941459007F56F0 /* MapBlock.swift */ = {isa = PBXFileReference; fileEncoding = 4; lastKnownFileType = sourcecode.swift; path = MapBlock.swift; sourceTree = "<group>"; };
		BF8E12A81C99AA9200B210C3 /* TitleViewController.swift */ = {isa = PBXFileReference; fileEncoding = 4; lastKnownFileType = sourcecode.swift; path = TitleViewController.swift; sourceTree = "<group>"; };
		BF8E12AB1C99ADE900B210C3 /* PlayingViewController.swift */ = {isa = PBXFileReference; fileEncoding = 4; lastKnownFileType = sourcecode.swift; path = PlayingViewController.swift; sourceTree = "<group>"; };
		BF8FA5AC1C947C5100DAE175 /* Direction.swift */ = {isa = PBXFileReference; fileEncoding = 4; lastKnownFileType = sourcecode.swift; path = Direction.swift; sourceTree = "<group>"; };
		BF8FA5B01C94863800DAE175 /* SamplePrograms.swift */ = {isa = PBXFileReference; fileEncoding = 4; lastKnownFileType = sourcecode.swift; name = SamplePrograms.swift; path = FinalProject/SamplePrograms.swift; sourceTree = "<group>"; };
		BF8FA5B21C948C9A00DAE175 /* WallNode.swift */ = {isa = PBXFileReference; fileEncoding = 4; lastKnownFileType = sourcecode.swift; path = WallNode.swift; sourceTree = "<group>"; };
		BF8FA5B41C948CA400DAE175 /* EmptySpaceNode.swift */ = {isa = PBXFileReference; fileEncoding = 4; lastKnownFileType = sourcecode.swift; path = EmptySpaceNode.swift; sourceTree = "<group>"; };
		BF8FA5B61C948CB500DAE175 /* GoalNode.swift */ = {isa = PBXFileReference; fileEncoding = 4; lastKnownFileType = sourcecode.swift; path = GoalNode.swift; sourceTree = "<group>"; };
		BF8FA5B81C952E6300DAE175 /* Observation.swift */ = {isa = PBXFileReference; fileEncoding = 4; lastKnownFileType = sourcecode.swift; path = Observation.swift; sourceTree = "<group>"; };
		BF8FA5BA1C9544ED00DAE175 /* TextureManager.swift */ = {isa = PBXFileReference; fileEncoding = 4; lastKnownFileType = sourcecode.swift; path = TextureManager.swift; sourceTree = "<group>"; };
		BF8FA5C01C9572BD00DAE175 /* Interpreter+LanguageDelegate.swift */ = {isa = PBXFileReference; fileEncoding = 4; lastKnownFileType = sourcecode.swift; path = "Interpreter+LanguageDelegate.swift"; sourceTree = "<group>"; };
		BFA80FB01C95BFAD00F1BC15 /* SKButton.swift */ = {isa = PBXFileReference; fileEncoding = 4; lastKnownFileType = sourcecode.swift; path = SKButton.swift; sourceTree = "<group>"; };
		BFA80FB21C95D10600F1BC15 /* ResetDelegate.swift */ = {isa = PBXFileReference; fileEncoding = 4; lastKnownFileType = sourcecode.swift; path = ResetDelegate.swift; sourceTree = "<group>"; };
		BFD365D61CA25BAD00956CE1 /* ProgramSupplier.swift */ = {isa = PBXFileReference; fileEncoding = 4; lastKnownFileType = sourcecode.swift; path = ProgramSupplier.swift; sourceTree = "<group>"; };
/* End PBXFileReference section */

/* Begin PBXFrameworksBuildPhase section */
		3DF2309B1C8F0617003420C0 /* Frameworks */ = {
			isa = PBXFrameworksBuildPhase;
			buildActionMask = 2147483647;
			files = (
			);
			runOnlyForDeploymentPostprocessing = 0;
		};
		3DF230AF1C8F0617003420C0 /* Frameworks */ = {
			isa = PBXFrameworksBuildPhase;
			buildActionMask = 2147483647;
			files = (
			);
			runOnlyForDeploymentPostprocessing = 0;
		};
		3DF230BA1C8F0617003420C0 /* Frameworks */ = {
			isa = PBXFrameworksBuildPhase;
			buildActionMask = 2147483647;
			files = (
			);
			runOnlyForDeploymentPostprocessing = 0;
		};
/* End PBXFrameworksBuildPhase section */

/* Begin PBXGroup section */
		1DB4B07D1C95142C0010F727 /* Language */ = {
			isa = PBXGroup;
			children = (
				1DB4B0801C9516610010F727 /* Syntax.swift */,
				BF8FA5B81C952E6300DAE175 /* Observation.swift */,
			);
			name = Language;
			sourceTree = "<group>";
		};
		3DF230951C8F0617003420C0 = {
			isa = PBXGroup;
			children = (
				BF49FA501CA61ACF00546F43 /* Constants.swift */,
				BFD365D51CA25B5600956CE1 /* Protocols */,
				BFA80FB01C95BFAD00F1BC15 /* SKButton.swift */,
				BF8FA5B01C94863800DAE175 /* SamplePrograms.swift */,
				3DF230A01C8F0617003420C0 /* FinalProject */,
				3DF230B51C8F0617003420C0 /* FinalProjectTests */,
				3DF230C01C8F0617003420C0 /* FinalProjectUITests */,
				3DF2309F1C8F0617003420C0 /* Products */,
			);
			sourceTree = "<group>";
		};
		3DF2309F1C8F0617003420C0 /* Products */ = {
			isa = PBXGroup;
			children = (
				3DF2309E1C8F0617003420C0 /* FinalProject.app */,
				3DF230B21C8F0617003420C0 /* FinalProjectTests.xctest */,
				3DF230BD1C8F0617003420C0 /* FinalProjectUITests.xctest */,
			);
			name = Products;
			sourceTree = "<group>";
		};
		3DF230A01C8F0617003420C0 /* FinalProject */ = {
			isa = PBXGroup;
			children = (
				B01BF8D01CA12D7D00D02FCA /* LevelDesignerScene */,
				BF8E12AA1C99ADD800B210C3 /* PlayingScene */,
				BF8E12A71C99AA8400B210C3 /* TitleScene */,
				BF4C52F71C913E8500C56DD2 /* GameEngine */,
				1DB4B07D1C95142C0010F727 /* Language */,
				B079C5B41CA38C0600F8B891 /* LevelSelector */,
				BF4C52F01C910CB500C56DD2 /* Models */,
				3DF230A11C8F0617003420C0 /* AppDelegate.swift */,
				3DF230A51C8F0617003420C0 /* Main.storyboard */,
				3DF230A81C8F0617003420C0 /* Assets.xcassets */,
				3DF230AA1C8F0617003420C0 /* LaunchScreen.storyboard */,
				3DF230AD1C8F0617003420C0 /* Info.plist */,
				3D21216A1C9A55F000E6564B /* PannableScene.swift */,
				1DB4B0881C97FC840010F727 /* CodeBlocksViewController.swift */,
				1DB4B08A1C97FD940010F727 /* CodeBlocksScene.swift */,
				1DB4B08C1C99073F0010F727 /* DropZone.swift */,
				1D7E23D61C9984F6003E7B75 /* TrashZone.swift */,
				1DB4B08E1C9913C00010F727 /* BlockButton.swift */,
				1DB4B0901C991F260010F727 /* ProgramBlocks.swift */,
				1DB4B0921C991FC30010F727 /* CodeBlock.swift */,
				1DB4B0981C9935FE0010F727 /* ForwardBlock.swift */,
				1DB4B09A1C9938650010F727 /* TurnLeftBlock.swift */,
				1DB4B0941C9920480010F727 /* MainBlock.swift */,
				1DB4B0961C9927170010F727 /* InsertionPosition.swift */,
			);
			path = FinalProject;
			sourceTree = "<group>";
		};
		3DF230B51C8F0617003420C0 /* FinalProjectTests */ = {
			isa = PBXGroup;
			children = (
				3DF230B61C8F0617003420C0 /* FinalProjectTests.swift */,
				1DB4B0861C95527D0010F727 /* InterpreterTests.swift */,
				3DF230B81C8F0617003420C0 /* Info.plist */,
			);
			path = FinalProjectTests;
			sourceTree = "<group>";
		};
		3DF230C01C8F0617003420C0 /* FinalProjectUITests */ = {
			isa = PBXGroup;
			children = (
				3DF230C11C8F0617003420C0 /* FinalProjectUITests.swift */,
				3DF230C31C8F0617003420C0 /* Info.plist */,
			);
			path = FinalProjectUITests;
			sourceTree = "<group>";
		};
		B01BF8D01CA12D7D00D02FCA /* LevelDesignerScene */ = {
			isa = PBXGroup;
			children = (
				B01BF8CA1CA12C6800D02FCA /* LevelDesigningMapScene.swift */,
				B01BF8CC1CA12C6E00D02FCA /* LevelDesigningViewController.swift */,
			);
			name = LevelDesignerScene;
			sourceTree = "<group>";
		};
		B079C5B41CA38C0600F8B891 /* LevelSelector */ = {
			isa = PBXGroup;
			children = (
				B01BF8D31CA1B31100D02FCA /* LevelSelectorViewController.swift */,
				B01BF8FF1CA2E14900D02FCA /* LevelSelectorPageViewController.swift */,
			);
			name = LevelSelector;
			sourceTree = "<group>";
		};
		BF4C52F01C910CB500C56DD2 /* Models */ = {
			isa = PBXGroup;
			children = (
				B01BF8CE1CA12C7400D02FCA /* FilesArchive.swift */,
				BF4C52F11C910CD100C56DD2 /* Map.swift */,
				BF4C52F31C910D5E00C56DD2 /* MapUnit.swift */,
				BF4C52F51C9110A000C56DD2 /* Action.swift */,
				BF5339C81C941459007F56F0 /* MapBlock.swift */,
				BF8FA5B61C948CB500DAE175 /* GoalNode.swift */,
				1DB4B0821C951D1F0010F727 /* Interpreter.swift */,
				BF8FA5C01C9572BD00DAE175 /* Interpreter+LanguageDelegate.swift */,
			);
			name = Models;
			sourceTree = "<group>";
		};
		BF4C52F71C913E8500C56DD2 /* GameEngine */ = {
			isa = PBXGroup;
			children = (
				BF36F2331C93F24B006D88C3 /* PlayingMapScene.swift */,
				BF5339C61C941155007F56F0 /* AgentNode.swift */,
				BF8FA5AC1C947C5100DAE175 /* Direction.swift */,
				BF8FA5B21C948C9A00DAE175 /* WallNode.swift */,
				BF8FA5B41C948CA400DAE175 /* EmptySpaceNode.swift */,
				BF8FA5BA1C9544ED00DAE175 /* TextureManager.swift */,
				BFA80FB21C95D10600F1BC15 /* ResetDelegate.swift */,
			);
			name = GameEngine;
			sourceTree = "<group>";
		};
		BF8E12A71C99AA8400B210C3 /* TitleScene */ = {
			isa = PBXGroup;
			children = (
				BF8E12A81C99AA9200B210C3 /* TitleViewController.swift */,
			);
			name = TitleScene;
			sourceTree = "<group>";
		};
		BF8E12AA1C99ADD800B210C3 /* PlayingScene */ = {
			isa = PBXGroup;
			children = (
				3DF230A31C8F0617003420C0 /* PlayingMapViewController.swift */,
				BF8E12AB1C99ADE900B210C3 /* PlayingViewController.swift */,
			);
			name = PlayingScene;
			sourceTree = "<group>";
		};
		BFD365D51CA25B5600956CE1 /* Protocols */ = {
			isa = PBXGroup;
			children = (
				BF5339C41C941134007F56F0 /* LanguageDelegate.swift */,
				1DB4B0841C951E250010F727 /* AgentProtocol.swift */,
				BFD365D61CA25BAD00956CE1 /* ProgramSupplier.swift */,
			);
			name = Protocols;
			sourceTree = "<group>";
		};
/* End PBXGroup section */

/* Begin PBXNativeTarget section */
		3DF2309D1C8F0617003420C0 /* FinalProject */ = {
			isa = PBXNativeTarget;
			buildConfigurationList = 3DF230C61C8F0617003420C0 /* Build configuration list for PBXNativeTarget "FinalProject" */;
			buildPhases = (
				3DF2309A1C8F0617003420C0 /* Sources */,
				3DF2309B1C8F0617003420C0 /* Frameworks */,
				3DF2309C1C8F0617003420C0 /* Resources */,
				BF4C52EF1C90822200C56DD2 /* ShellScript */,
			);
			buildRules = (
			);
			dependencies = (
			);
			name = FinalProject;
			productName = FinalProject;
			productReference = 3DF2309E1C8F0617003420C0 /* FinalProject.app */;
			productType = "com.apple.product-type.application";
		};
		3DF230B11C8F0617003420C0 /* FinalProjectTests */ = {
			isa = PBXNativeTarget;
			buildConfigurationList = 3DF230C91C8F0617003420C0 /* Build configuration list for PBXNativeTarget "FinalProjectTests" */;
			buildPhases = (
				3DF230AE1C8F0617003420C0 /* Sources */,
				3DF230AF1C8F0617003420C0 /* Frameworks */,
				3DF230B01C8F0617003420C0 /* Resources */,
			);
			buildRules = (
			);
			dependencies = (
				3DF230B41C8F0617003420C0 /* PBXTargetDependency */,
			);
			name = FinalProjectTests;
			productName = FinalProjectTests;
			productReference = 3DF230B21C8F0617003420C0 /* FinalProjectTests.xctest */;
			productType = "com.apple.product-type.bundle.unit-test";
		};
		3DF230BC1C8F0617003420C0 /* FinalProjectUITests */ = {
			isa = PBXNativeTarget;
			buildConfigurationList = 3DF230CC1C8F0617003420C0 /* Build configuration list for PBXNativeTarget "FinalProjectUITests" */;
			buildPhases = (
				3DF230B91C8F0617003420C0 /* Sources */,
				3DF230BA1C8F0617003420C0 /* Frameworks */,
				3DF230BB1C8F0617003420C0 /* Resources */,
			);
			buildRules = (
			);
			dependencies = (
				3DF230BF1C8F0617003420C0 /* PBXTargetDependency */,
			);
			name = FinalProjectUITests;
			productName = FinalProjectUITests;
			productReference = 3DF230BD1C8F0617003420C0 /* FinalProjectUITests.xctest */;
			productType = "com.apple.product-type.bundle.ui-testing";
		};
/* End PBXNativeTarget section */

/* Begin PBXProject section */
		3DF230961C8F0617003420C0 /* Project object */ = {
			isa = PBXProject;
			attributes = {
				LastSwiftUpdateCheck = 0720;
				LastUpgradeCheck = 0720;
				ORGANIZATIONNAME = nus.cs3217.2016Group6;
				TargetAttributes = {
					3DF2309D1C8F0617003420C0 = {
						CreatedOnToolsVersion = 7.2;
						DevelopmentTeam = PN9P87ZSY5;
					};
					3DF230B11C8F0617003420C0 = {
						CreatedOnToolsVersion = 7.2;
						DevelopmentTeam = 62L5G97YTE;
						TestTargetID = 3DF2309D1C8F0617003420C0;
					};
					3DF230BC1C8F0617003420C0 = {
						CreatedOnToolsVersion = 7.2;
						DevelopmentTeam = 62L5G97YTE;
						TestTargetID = 3DF2309D1C8F0617003420C0;
					};
				};
			};
			buildConfigurationList = 3DF230991C8F0617003420C0 /* Build configuration list for PBXProject "FinalProject" */;
			compatibilityVersion = "Xcode 3.2";
			developmentRegion = English;
			hasScannedForEncodings = 0;
			knownRegions = (
				en,
				Base,
			);
			mainGroup = 3DF230951C8F0617003420C0;
			productRefGroup = 3DF2309F1C8F0617003420C0 /* Products */;
			projectDirPath = "";
			projectRoot = "";
			targets = (
				3DF2309D1C8F0617003420C0 /* FinalProject */,
				3DF230B11C8F0617003420C0 /* FinalProjectTests */,
				3DF230BC1C8F0617003420C0 /* FinalProjectUITests */,
			);
		};
/* End PBXProject section */

/* Begin PBXResourcesBuildPhase section */
		3DF2309C1C8F0617003420C0 /* Resources */ = {
			isa = PBXResourcesBuildPhase;
			buildActionMask = 2147483647;
			files = (
				3DF230AC1C8F0617003420C0 /* LaunchScreen.storyboard in Resources */,
				3DF230A91C8F0617003420C0 /* Assets.xcassets in Resources */,
				3DF230A71C8F0617003420C0 /* Main.storyboard in Resources */,
			);
			runOnlyForDeploymentPostprocessing = 0;
		};
		3DF230B01C8F0617003420C0 /* Resources */ = {
			isa = PBXResourcesBuildPhase;
			buildActionMask = 2147483647;
			files = (
			);
			runOnlyForDeploymentPostprocessing = 0;
		};
		3DF230BB1C8F0617003420C0 /* Resources */ = {
			isa = PBXResourcesBuildPhase;
			buildActionMask = 2147483647;
			files = (
			);
			runOnlyForDeploymentPostprocessing = 0;
		};
/* End PBXResourcesBuildPhase section */

/* Begin PBXShellScriptBuildPhase section */
		BF4C52EF1C90822200C56DD2 /* ShellScript */ = {
			isa = PBXShellScriptBuildPhase;
			buildActionMask = 2147483647;
			files = (
			);
			inputPaths = (
			);
			outputPaths = (
			);
			runOnlyForDeploymentPostprocessing = 0;
			shellPath = /bin/sh;
			shellScript = "if which swiftlint > /dev/null; then\nswiftlint autocorrect\nswiftlint\nelse\necho 'Download swiftlint'\nfi";
		};
/* End PBXShellScriptBuildPhase section */

/* Begin PBXSourcesBuildPhase section */
		3DF2309A1C8F0617003420C0 /* Sources */ = {
			isa = PBXSourcesBuildPhase;
			buildActionMask = 2147483647;
			files = (
				BF5339C91C941459007F56F0 /* MapBlock.swift in Sources */,
				BFA80FB11C95BFAD00F1BC15 /* SKButton.swift in Sources */,
				BF8FA5BB1C9544ED00DAE175 /* TextureManager.swift in Sources */,
				1DB4B08F1C9913C00010F727 /* BlockButton.swift in Sources */,
				BF8FA5B31C948C9A00DAE175 /* WallNode.swift in Sources */,
				BF8FA5C11C9572BD00DAE175 /* Interpreter+LanguageDelegate.swift in Sources */,
				B01BF9001CA2E14900D02FCA /* LevelSelectorPageViewController.swift in Sources */,
				BF8FA5B51C948CA400DAE175 /* EmptySpaceNode.swift in Sources */,
				1DB4B0891C97FC840010F727 /* CodeBlocksViewController.swift in Sources */,
				1DB4B0931C991FC30010F727 /* CodeBlock.swift in Sources */,
				BF5339C51C941134007F56F0 /* LanguageDelegate.swift in Sources */,
				BF49FA511CA61ACF00546F43 /* Constants.swift in Sources */,
				BF36F2341C93F24B006D88C3 /* PlayingMapScene.swift in Sources */,
				BFD365D71CA25BAD00956CE1 /* ProgramSupplier.swift in Sources */,
				B01BF8CF1CA12C7400D02FCA /* FilesArchive.swift in Sources */,
				BF8E12A91C99AA9200B210C3 /* TitleViewController.swift in Sources */,
				BF8FA5B11C94863800DAE175 /* SamplePrograms.swift in Sources */,
				1DB4B0971C9927170010F727 /* InsertionPosition.swift in Sources */,
				1DB4B09B1C9938650010F727 /* TurnLeftBlock.swift in Sources */,
				BF8FA5B71C948CB500DAE175 /* GoalNode.swift in Sources */,
				1DB4B0951C9920480010F727 /* MainBlock.swift in Sources */,
				1DB4B0991C9935FE0010F727 /* ForwardBlock.swift in Sources */,
				BF8FA5AD1C947C5100DAE175 /* Direction.swift in Sources */,
				3D21216B1C9A55F000E6564B /* PannableScene.swift in Sources */,
				B01BF8CD1CA12C6E00D02FCA /* LevelDesigningViewController.swift in Sources */,
				3DF230A41C8F0617003420C0 /* PlayingMapViewController.swift in Sources */,
				BF8E12AC1C99ADE900B210C3 /* PlayingViewController.swift in Sources */,
				BF5339C71C941155007F56F0 /* AgentNode.swift in Sources */,
				1DB4B0811C9516610010F727 /* Syntax.swift in Sources */,
				1D7E23D71C9984F6003E7B75 /* TrashZone.swift in Sources */,
				1DB4B08D1C99073F0010F727 /* DropZone.swift in Sources */,
				BF4C52F41C910D5E00C56DD2 /* MapUnit.swift in Sources */,
				B01BF8CB1CA12C6800D02FCA /* LevelDesigningMapScene.swift in Sources */,
				BF4C52F21C910CD100C56DD2 /* Map.swift in Sources */,
				BF4C52F61C9110A000C56DD2 /* Action.swift in Sources */,
				1DB4B0911C991F260010F727 /* ProgramBlocks.swift in Sources */,
				BF8FA5B91C952E6300DAE175 /* Observation.swift in Sources */,
				BFA80FB31C95D10600F1BC15 /* ResetDelegate.swift in Sources */,
				3DF230A21C8F0617003420C0 /* AppDelegate.swift in Sources */,
				B01BF8D41CA1B31100D02FCA /* LevelSelectorViewController.swift in Sources */,
				1DB4B0831C951D1F0010F727 /* Interpreter.swift in Sources */,
				1DB4B0851C951E250010F727 /* AgentProtocol.swift in Sources */,
				1DB4B08B1C97FD940010F727 /* CodeBlocksScene.swift in Sources */,
			);
			runOnlyForDeploymentPostprocessing = 0;
		};
		3DF230AE1C8F0617003420C0 /* Sources */ = {
			isa = PBXSourcesBuildPhase;
			buildActionMask = 2147483647;
			files = (
				1DB4B0871C95527D0010F727 /* InterpreterTests.swift in Sources */,
				3DF230B71C8F0617003420C0 /* FinalProjectTests.swift in Sources */,
			);
			runOnlyForDeploymentPostprocessing = 0;
		};
		3DF230B91C8F0617003420C0 /* Sources */ = {
			isa = PBXSourcesBuildPhase;
			buildActionMask = 2147483647;
			files = (
				3DF230C21C8F0617003420C0 /* FinalProjectUITests.swift in Sources */,
			);
			runOnlyForDeploymentPostprocessing = 0;
		};
/* End PBXSourcesBuildPhase section */

/* Begin PBXTargetDependency section */
		3DF230B41C8F0617003420C0 /* PBXTargetDependency */ = {
			isa = PBXTargetDependency;
			target = 3DF2309D1C8F0617003420C0 /* FinalProject */;
			targetProxy = 3DF230B31C8F0617003420C0 /* PBXContainerItemProxy */;
		};
		3DF230BF1C8F0617003420C0 /* PBXTargetDependency */ = {
			isa = PBXTargetDependency;
			target = 3DF2309D1C8F0617003420C0 /* FinalProject */;
			targetProxy = 3DF230BE1C8F0617003420C0 /* PBXContainerItemProxy */;
		};
/* End PBXTargetDependency section */

/* Begin PBXVariantGroup section */
		3DF230A51C8F0617003420C0 /* Main.storyboard */ = {
			isa = PBXVariantGroup;
			children = (
				3DF230A61C8F0617003420C0 /* Base */,
			);
			name = Main.storyboard;
			sourceTree = "<group>";
		};
		3DF230AA1C8F0617003420C0 /* LaunchScreen.storyboard */ = {
			isa = PBXVariantGroup;
			children = (
				3DF230AB1C8F0617003420C0 /* Base */,
			);
			name = LaunchScreen.storyboard;
			sourceTree = "<group>";
		};
/* End PBXVariantGroup section */

/* Begin XCBuildConfiguration section */
		3DF230C41C8F0617003420C0 /* Debug */ = {
			isa = XCBuildConfiguration;
			buildSettings = {
				ALWAYS_SEARCH_USER_PATHS = NO;
				CLANG_CXX_LANGUAGE_STANDARD = "gnu++0x";
				CLANG_CXX_LIBRARY = "libc++";
				CLANG_ENABLE_MODULES = YES;
				CLANG_ENABLE_OBJC_ARC = YES;
				CLANG_WARN_BOOL_CONVERSION = YES;
				CLANG_WARN_CONSTANT_CONVERSION = YES;
				CLANG_WARN_DIRECT_OBJC_ISA_USAGE = YES_ERROR;
				CLANG_WARN_EMPTY_BODY = YES;
				CLANG_WARN_ENUM_CONVERSION = YES;
				CLANG_WARN_INT_CONVERSION = YES;
				CLANG_WARN_OBJC_ROOT_CLASS = YES_ERROR;
				CLANG_WARN_UNREACHABLE_CODE = YES;
				CLANG_WARN__DUPLICATE_METHOD_MATCH = YES;
				"CODE_SIGN_IDENTITY[sdk=iphoneos*]" = "iPhone Developer";
				COPY_PHASE_STRIP = NO;
				DEBUG_INFORMATION_FORMAT = dwarf;
				ENABLE_STRICT_OBJC_MSGSEND = YES;
				ENABLE_TESTABILITY = YES;
				GCC_C_LANGUAGE_STANDARD = gnu99;
				GCC_DYNAMIC_NO_PIC = NO;
				GCC_NO_COMMON_BLOCKS = YES;
				GCC_OPTIMIZATION_LEVEL = 0;
				GCC_PREPROCESSOR_DEFINITIONS = (
					"DEBUG=1",
					"$(inherited)",
				);
				GCC_WARN_64_TO_32_BIT_CONVERSION = YES;
				GCC_WARN_ABOUT_RETURN_TYPE = YES_ERROR;
				GCC_WARN_UNDECLARED_SELECTOR = YES;
				GCC_WARN_UNINITIALIZED_AUTOS = YES_AGGRESSIVE;
				GCC_WARN_UNUSED_FUNCTION = YES;
				GCC_WARN_UNUSED_VARIABLE = YES;
				IPHONEOS_DEPLOYMENT_TARGET = 9.2;
				MTL_ENABLE_DEBUG_INFO = YES;
				ONLY_ACTIVE_ARCH = YES;
				SDKROOT = iphoneos;
				SWIFT_OPTIMIZATION_LEVEL = "-Onone";
				TARGETED_DEVICE_FAMILY = 2;
			};
			name = Debug;
		};
		3DF230C51C8F0617003420C0 /* Release */ = {
			isa = XCBuildConfiguration;
			buildSettings = {
				ALWAYS_SEARCH_USER_PATHS = NO;
				CLANG_CXX_LANGUAGE_STANDARD = "gnu++0x";
				CLANG_CXX_LIBRARY = "libc++";
				CLANG_ENABLE_MODULES = YES;
				CLANG_ENABLE_OBJC_ARC = YES;
				CLANG_WARN_BOOL_CONVERSION = YES;
				CLANG_WARN_CONSTANT_CONVERSION = YES;
				CLANG_WARN_DIRECT_OBJC_ISA_USAGE = YES_ERROR;
				CLANG_WARN_EMPTY_BODY = YES;
				CLANG_WARN_ENUM_CONVERSION = YES;
				CLANG_WARN_INT_CONVERSION = YES;
				CLANG_WARN_OBJC_ROOT_CLASS = YES_ERROR;
				CLANG_WARN_UNREACHABLE_CODE = YES;
				CLANG_WARN__DUPLICATE_METHOD_MATCH = YES;
				"CODE_SIGN_IDENTITY[sdk=iphoneos*]" = "iPhone Developer";
				COPY_PHASE_STRIP = NO;
				DEBUG_INFORMATION_FORMAT = "dwarf-with-dsym";
				ENABLE_NS_ASSERTIONS = NO;
				ENABLE_STRICT_OBJC_MSGSEND = YES;
				GCC_C_LANGUAGE_STANDARD = gnu99;
				GCC_NO_COMMON_BLOCKS = YES;
				GCC_WARN_64_TO_32_BIT_CONVERSION = YES;
				GCC_WARN_ABOUT_RETURN_TYPE = YES_ERROR;
				GCC_WARN_UNDECLARED_SELECTOR = YES;
				GCC_WARN_UNINITIALIZED_AUTOS = YES_AGGRESSIVE;
				GCC_WARN_UNUSED_FUNCTION = YES;
				GCC_WARN_UNUSED_VARIABLE = YES;
				IPHONEOS_DEPLOYMENT_TARGET = 9.2;
				MTL_ENABLE_DEBUG_INFO = NO;
				SDKROOT = iphoneos;
				TARGETED_DEVICE_FAMILY = 2;
				VALIDATE_PRODUCT = YES;
			};
			name = Release;
		};
		3DF230C71C8F0617003420C0 /* Debug */ = {
			isa = XCBuildConfiguration;
			buildSettings = {
				ASSETCATALOG_COMPILER_APPICON_NAME = AppIcon;
				CODE_SIGN_IDENTITY = "iPhone Developer";
				"CODE_SIGN_IDENTITY[sdk=iphoneos*]" = "iPhone Developer";
				INFOPLIST_FILE = FinalProject/Info.plist;
				LD_RUNPATH_SEARCH_PATHS = "$(inherited) @executable_path/Frameworks";
				PRODUCT_BUNDLE_IDENTIFIER = nus.cs3217.2016Group6.trex;
				PRODUCT_NAME = "$(TARGET_NAME)";
				PROVISIONING_PROFILE = "";
			};
			name = Debug;
		};
		3DF230C81C8F0617003420C0 /* Release */ = {
			isa = XCBuildConfiguration;
			buildSettings = {
				ASSETCATALOG_COMPILER_APPICON_NAME = AppIcon;
				CODE_SIGN_IDENTITY = "iPhone Developer";
				"CODE_SIGN_IDENTITY[sdk=iphoneos*]" = "iPhone Developer";
				INFOPLIST_FILE = FinalProject/Info.plist;
				LD_RUNPATH_SEARCH_PATHS = "$(inherited) @executable_path/Frameworks";
				PRODUCT_BUNDLE_IDENTIFIER = nus.cs3217.2016Group6.trex;
				PRODUCT_NAME = "$(TARGET_NAME)";
				PROVISIONING_PROFILE = "";
			};
			name = Release;
		};
		3DF230CA1C8F0617003420C0 /* Debug */ = {
			isa = XCBuildConfiguration;
			buildSettings = {
				BUNDLE_LOADER = "$(TEST_HOST)";
				INFOPLIST_FILE = FinalProjectTests/Info.plist;
				LD_RUNPATH_SEARCH_PATHS = "$(inherited) @executable_path/Frameworks @loader_path/Frameworks";
				PRODUCT_BUNDLE_IDENTIFIER = nus.cs3217.2016Group6.FinalProjectTests;
				PRODUCT_NAME = "$(TARGET_NAME)";
				TEST_HOST = "$(BUILT_PRODUCTS_DIR)/FinalProject.app/FinalProject";
			};
			name = Debug;
		};
		3DF230CB1C8F0617003420C0 /* Release */ = {
			isa = XCBuildConfiguration;
			buildSettings = {
				BUNDLE_LOADER = "$(TEST_HOST)";
				INFOPLIST_FILE = FinalProjectTests/Info.plist;
				LD_RUNPATH_SEARCH_PATHS = "$(inherited) @executable_path/Frameworks @loader_path/Frameworks";
				PRODUCT_BUNDLE_IDENTIFIER = nus.cs3217.2016Group6.FinalProjectTests;
				PRODUCT_NAME = "$(TARGET_NAME)";
				TEST_HOST = "$(BUILT_PRODUCTS_DIR)/FinalProject.app/FinalProject";
			};
			name = Release;
		};
		3DF230CD1C8F0617003420C0 /* Debug */ = {
			isa = XCBuildConfiguration;
			buildSettings = {
				INFOPLIST_FILE = FinalProjectUITests/Info.plist;
				LD_RUNPATH_SEARCH_PATHS = "$(inherited) @executable_path/Frameworks @loader_path/Frameworks";
				PRODUCT_BUNDLE_IDENTIFIER = nus.cs3217.2016Group6.FinalProjectUITests;
				PRODUCT_NAME = "$(TARGET_NAME)";
				TEST_TARGET_NAME = FinalProject;
				USES_XCTRUNNER = YES;
			};
			name = Debug;
		};
		3DF230CE1C8F0617003420C0 /* Release */ = {
			isa = XCBuildConfiguration;
			buildSettings = {
				INFOPLIST_FILE = FinalProjectUITests/Info.plist;
				LD_RUNPATH_SEARCH_PATHS = "$(inherited) @executable_path/Frameworks @loader_path/Frameworks";
				PRODUCT_BUNDLE_IDENTIFIER = nus.cs3217.2016Group6.FinalProjectUITests;
				PRODUCT_NAME = "$(TARGET_NAME)";
				TEST_TARGET_NAME = FinalProject;
				USES_XCTRUNNER = YES;
			};
			name = Release;
		};
/* End XCBuildConfiguration section */

/* Begin XCConfigurationList section */
		3DF230991C8F0617003420C0 /* Build configuration list for PBXProject "FinalProject" */ = {
			isa = XCConfigurationList;
			buildConfigurations = (
				3DF230C41C8F0617003420C0 /* Debug */,
				3DF230C51C8F0617003420C0 /* Release */,
			);
			defaultConfigurationIsVisible = 0;
			defaultConfigurationName = Release;
		};
		3DF230C61C8F0617003420C0 /* Build configuration list for PBXNativeTarget "FinalProject" */ = {
			isa = XCConfigurationList;
			buildConfigurations = (
				3DF230C71C8F0617003420C0 /* Debug */,
				3DF230C81C8F0617003420C0 /* Release */,
			);
			defaultConfigurationIsVisible = 0;
			defaultConfigurationName = Release;
		};
		3DF230C91C8F0617003420C0 /* Build configuration list for PBXNativeTarget "FinalProjectTests" */ = {
			isa = XCConfigurationList;
			buildConfigurations = (
				3DF230CA1C8F0617003420C0 /* Debug */,
				3DF230CB1C8F0617003420C0 /* Release */,
			);
			defaultConfigurationIsVisible = 0;
			defaultConfigurationName = Release;
		};
		3DF230CC1C8F0617003420C0 /* Build configuration list for PBXNativeTarget "FinalProjectUITests" */ = {
			isa = XCConfigurationList;
			buildConfigurations = (
				3DF230CD1C8F0617003420C0 /* Debug */,
				3DF230CE1C8F0617003420C0 /* Release */,
			);
			defaultConfigurationIsVisible = 0;
			defaultConfigurationName = Release;
		};
/* End XCConfigurationList section */
	};
	rootObject = 3DF230961C8F0617003420C0 /* Project object */;
}
